{
  "version": 4,
  "terraform_version": "1.11.0",
  "serial": 4,
  "lineage": "41c3da0f-e865-e991-90c1-08d8d1229b55",
  "outputs": {},
  "resources": [
    {
      "module": "module.ses",
      "mode": "managed",
      "type": "aws_ses_domain_dkim",
      "name": "emails",
      "provider": "provider[\"registry.terraform.io/hashicorp/aws\"]",
      "instances": [
        {
          "schema_version": 0,
          "attributes": {
            "dkim_tokens": [
              "fdpguredkz563a3n4xtp3ucinek7ymma",
              "jbs25oar65j5tycguwk3zmflkrjgsuxi",
              "zdjzkni3wymog2siddsy7wsoiovbvi3o"
            ],
            "domain": "deadlykitten.com",
            "id": "deadlykitten.com",
            "region": "us-east-2"
          },
          "sensitive_attributes": [],
          "private": "bnVsbA==",
          "dependencies": [
            "module.ses.aws_ses_domain_identity.emails"
          ]
        }
      ]
    },
    {
      "module": "module.ses",
      "mode": "managed",
      "type": "aws_ses_domain_identity",
      "name": "emails",
      "provider": "provider[\"registry.terraform.io/hashicorp/aws\"]",
      "instances": [
        {
          "schema_version": 0,
          "attributes": {
            "arn": "arn:aws:ses:us-east-2:173549513063:identity/deadlykitten.com",
            "domain": "deadlykitten.com",
            "id": "deadlykitten.com",
            "region": "us-east-2",
            "verification_token": "cHgiWWzNayQnjFgaPsWNQh/x6nNQLjpsg8+d/7EjSQA="
          },
          "sensitive_attributes": [],
          "private": "bnVsbA=="
        }
      ]
    },
    {
      "module": "module.ses",
      "mode": "managed",
      "type": "aws_ses_domain_mail_from",
      "name": "emails",
      "provider": "provider[\"registry.terraform.io/hashicorp/aws\"]",
      "instances": [
        {
          "schema_version": 0,
          "attributes": {
            "behavior_on_mx_failure": "UseDefaultValue",
            "domain": "deadlykitten.com",
            "id": "deadlykitten.com",
            "mail_from_domain": "bounce.deadlykitten.com",
            "region": "us-east-2"
          },
          "sensitive_attributes": [],
          "private": "bnVsbA==",
          "dependencies": [
            "module.ses.aws_ses_domain_identity.emails"
          ]
        }
      ]
    }
  ],
  "check_results": null
}
