{
  "version": 4,
  "terraform_version": "1.11.0",
  "serial": 205,
  "lineage": "326cf0a6-62a8-1a7a-6c30-246d754394f1",
  "outputs": {},
  "resources": [
    {
      "module": "module.static-website",
      "mode": "data",
      "type": "aws_iam_policy_document",
      "name": "s3_bucket_policy",
      "provider": "provider[\"registry.terraform.io/hashicorp/aws\"]",
      "instances": [
        {
          "schema_version": 0,
          "attributes": {
            "id": "4283166941",
            "json": "{\n  \"Version\": \"2012-10-17\",\n  \"Statement\": [\n    {\n      \"Effect\": \"Allow\",\n      \"Action\": \"s3:GetObject\",\n      \"Resource\": \"arn:aws:s3:::ma-elections-admin/*\",\n      \"Principal\": {\n        \"Service\": \"cloudfront.amazonaws.com\"\n      },\n      \"Condition\": {\n        \"StringEquals\": {\n          \"AWS:SourceArn\": \"arn:aws:cloudfront::173549513063:distribution/E3KZD0PQCN6NGF\"\n        }\n      }\n    }\n  ]\n}",
            "minified_json": "{\"Version\":\"2012-10-17\",\"Statement\":[{\"Effect\":\"Allow\",\"Action\":\"s3:GetObject\",\"Resource\":\"arn:aws:s3:::ma-elections-admin/*\",\"Principal\":{\"Service\":\"cloudfront.amazonaws.com\"},\"Condition\":{\"StringEquals\":{\"AWS:SourceArn\":\"arn:aws:cloudfront::173549513063:distribution/E3KZD0PQCN6NGF\"}}}]}",
            "override_json": null,
            "override_policy_documents": null,
            "policy_id": null,
            "source_json": null,
            "source_policy_documents": null,
            "statement": [
              {
                "actions": [
                  "s3:GetObject"
                ],
                "condition": [
                  {
                    "test": "StringEquals",
                    "values": [
                      "arn:aws:cloudfront::173549513063:distribution/E3KZD0PQCN6NGF"
                    ],
                    "variable": "AWS:SourceArn"
                  }
                ],
                "effect": "Allow",
                "not_actions": [],
                "not_principals": [],
                "not_resources": [],
                "principals": [
                  {
                    "identifiers": [
                      "cloudfront.amazonaws.com"
                    ],
                    "type": "Service"
                  }
                ],
                "resources": [
                  "arn:aws:s3:::ma-elections-admin/*"
                ],
                "sid": ""
              }
            ],
            "version": "2012-10-17"
          },
          "sensitive_attributes": []
        }
      ]
    },
    {
      "module": "module.static-website",
      "mode": "data",
      "type": "aws_s3_bucket",
      "name": "selected_bucket",
      "provider": "provider[\"registry.terraform.io/hashicorp/aws\"]",
      "instances": [
        {
          "schema_version": 0,
          "attributes": {
            "arn": "arn:aws:s3:::ma-elections-admin",
            "bucket": "ma-elections-admin",
            "bucket_domain_name": "ma-elections-admin.s3.amazonaws.com",
            "bucket_regional_domain_name": "ma-elections-admin.s3.us-east-2.amazonaws.com",
            "hosted_zone_id": "Z2O1EMRO9K5GLX",
            "id": "ma-elections-admin",
            "region": "us-east-2",
            "website_domain": "s3-website.us-east-2.amazonaws.com",
            "website_endpoint": "ma-elections-admin.s3-website.us-east-2.amazonaws.com"
          },
          "sensitive_attributes": []
        }
      ]
    },
    {
      "module": "module.static-website",
      "mode": "managed",
      "type": "aws_cloudfront_distribution",
      "name": "cf-dist",
      "provider": "provider[\"registry.terraform.io/hashicorp/aws\"]",
      "instances": [
        {
          "schema_version": 1,
          "attributes": {
            "aliases": [
              "admin.deadlykitten.com"
            ],
            "arn": "arn:aws:cloudfront::173549513063:distribution/E3KZD0PQCN6NGF",
            "caller_reference": "terraform-20250604092037508500000001",
            "comment": null,
            "continuous_deployment_policy_id": "",
            "custom_error_response": [
              {
                "error_caching_min_ttl": 0,
                "error_code": 403,
                "response_code": 200,
                "response_page_path": "/index.html"
              },
              {
                "error_caching_min_ttl": 0,
                "error_code": 404,
                "response_code": 200,
                "response_page_path": "/index.html"
              }
            ],
            "default_cache_behavior": [
              {
                "allowed_methods": [
                  "GET",
                  "HEAD"
                ],
                "cache_policy_id": "",
                "cached_methods": [
                  "GET",
                  "HEAD"
                ],
                "compress": false,
                "default_ttl": 3600,
                "field_level_encryption_id": "",
                "forwarded_values": [
                  {
                    "cookies": [
                      {
                        "forward": "none",
                        "whitelisted_names": []
                      }
                    ],
                    "headers": [],
                    "query_string": false,
                    "query_string_cache_keys": []
                  }
                ],
                "function_association": [],
                "grpc_config": [
                  {
                    "enabled": false
                  }
                ],
                "lambda_function_association": [],
                "max_ttl": 86400,
                "min_ttl": 0,
                "origin_request_policy_id": "",
                "realtime_log_config_arn": "",
                "response_headers_policy_id": "",
                "smooth_streaming": false,
                "target_origin_id": "ma-elections-admin",
                "trusted_key_groups": [],
                "trusted_signers": [],
                "viewer_protocol_policy": "allow-all"
              }
            ],
            "default_root_object": "index.html",
            "domain_name": "djioja8ydbxxc.cloudfront.net",
            "enabled": true,
            "etag": "E38Y87V7SR157E",
            "hosted_zone_id": "Z2FDTNDATAQYW2",
            "http_version": "http2",
            "id": "E3KZD0PQCN6NGF",
            "in_progress_validation_batches": 0,
            "is_ipv6_enabled": false,
            "last_modified_time": "2025-06-23 14:34:03.058 +0000 UTC",
            "logging_config": [],
            "ordered_cache_behavior": [],
            "origin": [
              {
                "connection_attempts": 3,
                "connection_timeout": 10,
                "custom_header": [],
                "custom_origin_config": [],
                "domain_name": "ma-elections-admin.s3.us-east-2.amazonaws.com",
                "origin_access_control_id": "E49ZAM7LU54R8",
                "origin_id": "ma-elections-admin",
                "origin_path": "",
                "origin_shield": [],
                "s3_origin_config": [],
                "vpc_origin_config": []
              }
            ],
            "origin_group": [],
            "price_class": "PriceClass_100",
            "restrictions": [
              {
                "geo_restriction": [
                  {
                    "locations": [],
                    "restriction_type": "none"
                  }
                ]
              }
            ],
            "retain_on_delete": false,
            "staging": false,
            "status": "Deployed",
            "tags": {},
            "tags_all": {},
            "trusted_key_groups": [
              {
                "enabled": false,
                "items": []
              }
            ],
            "trusted_signers": [
              {
                "enabled": false,
                "items": []
              }
            ],
            "viewer_certificate": [
              {
                "acm_certificate_arn": "arn:aws:acm:us-east-1:173549513063:certificate/00b49dab-5581-4afc-a417-13a32b1380b4",
                "cloudfront_default_certificate": false,
                "iam_certificate_id": "",
                "minimum_protocol_version": "TLSv1.2_2021",
                "ssl_support_method": "sni-only"
              }
            ],
            "wait_for_deployment": true,
            "web_acl_id": ""
          },
          "sensitive_attributes": [],
          "private": "eyJzY2hlbWFfdmVyc2lvbiI6IjEifQ==",
          "dependencies": [
            "module.static-website.aws_cloudfront_origin_access_control.cf-s3-oac",
            "module.static-website.aws_s3_bucket.s3-static-website"
          ]
        }
      ]
    },
    {
      "module": "module.static-website",
      "mode": "managed",
      "type": "aws_cloudfront_origin_access_control",
      "name": "cf-s3-oac",
      "provider": "provider[\"registry.terraform.io/hashicorp/aws\"]",
      "instances": [
        {
          "schema_version": 0,
          "attributes": {
            "arn": "arn:aws:cloudfront::173549513063:origin-access-control/E49ZAM7LU54R8",
            "description": "CloudFront S3 OAC",
            "etag": "ETVPDKIKX0DER",
            "id": "E49ZAM7LU54R8",
            "name": "ma-elections-admin CloudFront S3 OAC",
            "origin_access_control_origin_type": "s3",
            "signing_behavior": "always",
            "signing_protocol": "sigv4"
          },
          "sensitive_attributes": [],
          "private": "bnVsbA==",
          "dependencies": [
            "module.static-website.aws_s3_bucket.s3-static-website"
          ]
        }
      ]
    },
    {
      "module": "module.static-website",
      "mode": "managed",
      "type": "aws_s3_bucket",
      "name": "s3-static-website",
      "provider": "provider[\"registry.terraform.io/hashicorp/aws\"]",
      "instances": [
        {
          "schema_version": 0,
          "attributes": {
            "acceleration_status": "",
            "acl": null,
            "arn": "arn:aws:s3:::ma-elections-admin",
            "bucket": "ma-elections-admin",
            "bucket_domain_name": "ma-elections-admin.s3.amazonaws.com",
            "bucket_prefix": "",
            "bucket_regional_domain_name": "ma-elections-admin.s3.us-east-2.amazonaws.com",
            "cors_rule": [],
            "force_destroy": false,
            "grant": [
              {
                "id": "afffe4e3048df09d5db21a5cc48efddcaef09f655ba175a331bc00e49d053006",
                "permissions": [
                  "FULL_CONTROL"
                ],
                "type": "CanonicalUser",
                "uri": ""
              }
            ],
            "hosted_zone_id": "Z2O1EMRO9K5GLX",
            "id": "ma-elections-admin",
            "lifecycle_rule": [],
            "logging": [],
            "object_lock_configuration": [],
            "object_lock_enabled": false,
            "policy": "{\"Statement\":[{\"Action\":\"s3:GetObject\",\"Condition\":{\"StringEquals\":{\"AWS:SourceArn\":\"arn:aws:cloudfront::173549513063:distribution/E3KZD0PQCN6NGF\"}},\"Effect\":\"Allow\",\"Principal\":{\"Service\":\"cloudfront.amazonaws.com\"},\"Resource\":\"arn:aws:s3:::ma-elections-admin/*\"}],\"Version\":\"2012-10-17\"}",
            "region": "us-east-2",
            "replication_configuration": [],
            "request_payer": "BucketOwner",
            "server_side_encryption_configuration": [
              {
                "rule": [
                  {
                    "apply_server_side_encryption_by_default": [
                      {
                        "kms_master_key_id": "",
                        "sse_algorithm": "AES256"
                      }
                    ],
                    "bucket_key_enabled": false
                  }
                ]
              }
            ],
            "tags": {},
            "tags_all": {},
            "timeouts": null,
            "versioning": [
              {
                "enabled": false,
                "mfa_delete": false
              }
            ],
            "website": [
              {
                "error_document": "index.html",
                "index_document": "index.html",
                "redirect_all_requests_to": "",
                "routing_rules": ""
              }
            ],
            "website_domain": "s3-website.us-east-2.amazonaws.com",
            "website_endpoint": "ma-elections-admin.s3-website.us-east-2.amazonaws.com"
          },
          "sensitive_attributes": [],
          "private": "eyJlMmJmYjczMC1lY2FhLTExZTYtOGY4OC0zNDM2M2JjN2M0YzAiOnsiY3JlYXRlIjoxMjAwMDAwMDAwMDAwLCJkZWxldGUiOjM2MDAwMDAwMDAwMDAsInJlYWQiOjEyMDAwMDAwMDAwMDAsInVwZGF0ZSI6MTIwMDAwMDAwMDAwMH19"
        }
      ]
    },
    {
      "module": "module.static-website",
      "mode": "managed",
      "type": "aws_s3_bucket_policy",
      "name": "static_site_bucket_policy",
      "provider": "provider[\"registry.terraform.io/hashicorp/aws\"]",
      "instances": [
        {
          "schema_version": 0,
          "attributes": {
            "bucket": "ma-elections-admin",
            "id": "ma-elections-admin",
            "policy": "{\"Statement\":[{\"Action\":\"s3:GetObject\",\"Condition\":{\"StringEquals\":{\"AWS:SourceArn\":\"arn:aws:cloudfront::173549513063:distribution/E3KZD0PQCN6NGF\"}},\"Effect\":\"Allow\",\"Principal\":{\"Service\":\"cloudfront.amazonaws.com\"},\"Resource\":\"arn:aws:s3:::ma-elections-admin/*\"}],\"Version\":\"2012-10-17\"}"
          },
          "sensitive_attributes": [],
          "private": "bnVsbA==",
          "dependencies": [
            "module.static-website.aws_cloudfront_distribution.cf-dist",
            "module.static-website.aws_cloudfront_origin_access_control.cf-s3-oac",
            "module.static-website.aws_s3_bucket.s3-static-website",
            "module.static-website.data.aws_iam_policy_document.s3_bucket_policy"
          ]
        }
      ]
    },
    {
      "module": "module.static-website",
      "mode": "managed",
      "type": "aws_s3_bucket_public_access_block",
      "name": "static_site_bucket_public_access",
      "provider": "provider[\"registry.terraform.io/hashicorp/aws\"]",
      "instances": [
        {
          "schema_version": 0,
          "attributes": {
            "block_public_acls": true,
            "block_public_policy": true,
            "bucket": "ma-elections-admin",
            "id": "ma-elections-admin",
            "ignore_public_acls": true,
            "restrict_public_buckets": true
          },
          "sensitive_attributes": [],
          "private": "bnVsbA==",
          "dependencies": [
            "module.static-website.aws_s3_bucket.s3-static-website"
          ]
        }
      ]
    },
    {
      "module": "module.static-website",
      "mode": "managed",
      "type": "aws_s3_bucket_website_configuration",
      "name": "static_site_bucket_website_config",
      "provider": "provider[\"registry.terraform.io/hashicorp/aws\"]",
      "instances": [
        {
          "schema_version": 0,
          "attributes": {
            "bucket": "ma-elections-admin",
            "error_document": [
              {
                "key": "index.html"
              }
            ],
            "expected_bucket_owner": "",
            "id": "ma-elections-admin",
            "index_document": [
              {
                "suffix": "index.html"
              }
            ],
            "redirect_all_requests_to": [],
            "routing_rule": [],
            "routing_rules": "",
            "website_domain": "s3-website.us-east-2.amazonaws.com",
            "website_endpoint": "ma-elections-admin.s3-website.us-east-2.amazonaws.com"
          },
          "sensitive_attributes": [],
          "private": "bnVsbA==",
          "dependencies": [
            "module.static-website.aws_s3_bucket.s3-static-website"
          ]
        }
      ]
    },
    {
      "module": "module.static-website",
      "mode": "managed",
      "type": "aws_s3_object",
      "name": "provision_source_files",
      "provider": "provider[\"registry.terraform.io/hashicorp/aws\"]",
      "instances": [
        {
          "index_key": ".DS_Store",
          "schema_version": 0,
          "attributes": {
            "acl": null,
            "arn": "arn:aws:s3:::ma-elections-admin/.DS_Store",
            "bucket": "ma-elections-admin",
            "bucket_key_enabled": false,
            "cache_control": "",
            "checksum_algorithm": null,
            "checksum_crc32": "",
            "checksum_crc32c": "",
            "checksum_crc64nvme": "",
            "checksum_sha1": "",
            "checksum_sha256": "",
            "content": null,
            "content_base64": null,
            "content_disposition": "",
            "content_encoding": "utf-8",
            "content_language": "",
            "content_type": "text/plain",
            "etag": "1917bda90457d3dee017853b2a4576a2",
            "force_destroy": false,
            "id": ".DS_Store",
            "key": ".DS_Store",
            "kms_key_id": null,
            "metadata": {},
            "object_lock_legal_hold_status": "",
            "object_lock_mode": "",
            "object_lock_retain_until_date": "",
            "override_provider": [],
            "server_side_encryption": "AES256",
            "source": "../../../src/admin/build/.DS_Store",
            "source_hash": null,
            "storage_class": "STANDARD",
            "tags": {},
            "tags_all": {},
            "version_id": "",
            "website_redirect": ""
          },
          "sensitive_attributes": [],
          "private": "bnVsbA==",
          "dependencies": [
            "module.static-website.aws_s3_bucket.s3-static-website"
          ]
        },
        {
          "index_key": "asset-manifest.json",
          "schema_version": 0,
          "attributes": {
            "acl": null,
            "arn": "arn:aws:s3:::ma-elections-admin/asset-manifest.json",
            "bucket": "ma-elections-admin",
            "bucket_key_enabled": false,
            "cache_control": "",
            "checksum_algorithm": null,
            "checksum_crc32": "",
            "checksum_crc32c": "",
            "checksum_crc64nvme": "",
            "checksum_sha1": "",
            "checksum_sha256": "",
            "content": null,
            "content_base64": null,
            "content_disposition": "",
            "content_encoding": "utf-8",
            "content_language": "",
            "content_type": "application/json",
            "etag": "a43a524818921a37d6a3c8045ebf4df4",
            "force_destroy": false,
            "id": "asset-manifest.json",
            "key": "asset-manifest.json",
            "kms_key_id": null,
            "metadata": {},
            "object_lock_legal_hold_status": "",
            "object_lock_mode": "",
            "object_lock_retain_until_date": "",
            "override_provider": [],
            "server_side_encryption": "AES256",
            "source": "../../../src/admin/build/asset-manifest.json",
            "source_hash": null,
            "storage_class": "STANDARD",
            "tags": {},
            "tags_all": {},
            "version_id": "",
            "website_redirect": ""
          },
          "sensitive_attributes": [],
          "private": "bnVsbA==",
          "dependencies": [
            "module.static-website.aws_s3_bucket.s3-static-website"
          ]
        },
        {
          "index_key": "css/.DS_Store",
          "schema_version": 0,
          "attributes": {
            "acl": null,
            "arn": "arn:aws:s3:::ma-elections-admin/css/.DS_Store",
            "bucket": "ma-elections-admin",
            "bucket_key_enabled": false,
            "cache_control": "",
            "checksum_algorithm": null,
            "checksum_crc32": "",
            "checksum_crc32c": "",
            "checksum_crc64nvme": "",
            "checksum_sha1": "",
            "checksum_sha256": "",
            "content": null,
            "content_base64": null,
            "content_disposition": "",
            "content_encoding": "utf-8",
            "content_language": "",
            "content_type": "text/plain",
            "etag": "8cbcace64f5c03bcf66c69de423853bf",
            "force_destroy": false,
            "id": "css/.DS_Store",
            "key": "css/.DS_Store",
            "kms_key_id": null,
            "metadata": {},
            "object_lock_legal_hold_status": "",
            "object_lock_mode": "",
            "object_lock_retain_until_date": "",
            "override_provider": [],
            "server_side_encryption": "AES256",
            "source": "../../../src/admin/build/css/.DS_Store",
            "source_hash": null,
            "storage_class": "STANDARD",
            "tags": {},
            "tags_all": {},
            "version_id": "",
            "website_redirect": ""
          },
          "sensitive_attributes": [],
          "private": "bnVsbA==",
          "dependencies": [
            "module.static-website.aws_s3_bucket.s3-static-website"
          ]
        },
        {
          "index_key": "css/vendor/.DS_Store",
          "schema_version": 0,
          "attributes": {
            "acl": null,
            "arn": "arn:aws:s3:::ma-elections-admin/css/vendor/.DS_Store",
            "bucket": "ma-elections-admin",
            "bucket_key_enabled": false,
            "cache_control": "",
            "checksum_algorithm": null,
            "checksum_crc32": "",
            "checksum_crc32c": "",
            "checksum_crc64nvme": "",
            "checksum_sha1": "",
            "checksum_sha256": "",
            "content": null,
            "content_base64": null,
            "content_disposition": "",
            "content_encoding": "utf-8",
            "content_language": "",
            "content_type": "text/plain",
            "etag": "194577a7e20bdcc7afbb718f502c134c",
            "force_destroy": false,
            "id": "css/vendor/.DS_Store",
            "key": "css/vendor/.DS_Store",
            "kms_key_id": null,
            "metadata": {},
            "object_lock_legal_hold_status": "",
            "object_lock_mode": "",
            "object_lock_retain_until_date": "",
            "override_provider": [],
            "server_side_encryption": "AES256",
            "source": "../../../src/admin/build/css/vendor/.DS_Store",
            "source_hash": null,
            "storage_class": "STANDARD",
            "tags": {},
            "tags_all": {},
            "version_id": "",
            "website_redirect": ""
          },
          "sensitive_attributes": [],
          "private": "bnVsbA==",
          "dependencies": [
            "module.static-website.aws_s3_bucket.s3-static-website"
          ]
        },
        {
          "index_key": "css/vendor/ui-kit/uikit-rtl.css",
          "schema_version": 0,
          "attributes": {
            "acl": null,
            "arn": "arn:aws:s3:::ma-elections-admin/css/vendor/ui-kit/uikit-rtl.css",
            "bucket": "ma-elections-admin",
            "bucket_key_enabled": false,
            "cache_control": "",
            "checksum_algorithm": null,
            "checksum_crc32": "",
            "checksum_crc32c": "",
            "checksum_crc64nvme": "",
            "checksum_sha1": "",
            "checksum_sha256": "",
            "content": null,
            "content_base64": null,
            "content_disposition": "",
            "content_encoding": "utf-8",
            "content_language": "",
            "content_type": "text/css",
            "etag": "7b7f1ab34ecb538bfafa17b90ea783c4",
            "force_destroy": false,
            "id": "css/vendor/ui-kit/uikit-rtl.css",
            "key": "css/vendor/ui-kit/uikit-rtl.css",
            "kms_key_id": null,
            "metadata": {},
            "object_lock_legal_hold_status": "",
            "object_lock_mode": "",
            "object_lock_retain_until_date": "",
            "override_provider": [],
            "server_side_encryption": "AES256",
            "source": "../../../src/admin/build/css/vendor/ui-kit/uikit-rtl.css",
            "source_hash": null,
            "storage_class": "STANDARD",
            "tags": {},
            "tags_all": {},
            "version_id": "",
            "website_redirect": ""
          },
          "sensitive_attributes": [],
          "private": "bnVsbA==",
          "dependencies": [
            "module.static-website.aws_s3_bucket.s3-static-website"
          ]
        },
        {
          "index_key": "css/vendor/ui-kit/uikit-rtl.min.css",
          "schema_version": 0,
          "attributes": {
            "acl": null,
            "arn": "arn:aws:s3:::ma-elections-admin/css/vendor/ui-kit/uikit-rtl.min.css",
            "bucket": "ma-elections-admin",
            "bucket_key_enabled": false,
            "cache_control": "",
            "checksum_algorithm": null,
            "checksum_crc32": "",
            "checksum_crc32c": "",
            "checksum_crc64nvme": "",
            "checksum_sha1": "",
            "checksum_sha256": "",
            "content": null,
            "content_base64": null,
            "content_disposition": "",
            "content_encoding": "utf-8",
            "content_language": "",
            "content_type": "text/css",
            "etag": "d41b7dcb673a3549d4604ef5a7b382a2",
            "force_destroy": false,
            "id": "css/vendor/ui-kit/uikit-rtl.min.css",
            "key": "css/vendor/ui-kit/uikit-rtl.min.css",
            "kms_key_id": null,
            "metadata": {},
            "object_lock_legal_hold_status": "",
            "object_lock_mode": "",
            "object_lock_retain_until_date": "",
            "override_provider": [],
            "server_side_encryption": "AES256",
            "source": "../../../src/admin/build/css/vendor/ui-kit/uikit-rtl.min.css",
            "source_hash": null,
            "storage_class": "STANDARD",
            "tags": {},
            "tags_all": {},
            "version_id": "",
            "website_redirect": ""
          },
          "sensitive_attributes": [],
          "private": "bnVsbA==",
          "dependencies": [
            "module.static-website.aws_s3_bucket.s3-static-website"
          ]
        },
        {
          "index_key": "css/vendor/ui-kit/uikit.css",
          "schema_version": 0,
          "attributes": {
            "acl": null,
            "arn": "arn:aws:s3:::ma-elections-admin/css/vendor/ui-kit/uikit.css",
            "bucket": "ma-elections-admin",
            "bucket_key_enabled": false,
            "cache_control": "",
            "checksum_algorithm": null,
            "checksum_crc32": "",
            "checksum_crc32c": "",
            "checksum_crc64nvme": "",
            "checksum_sha1": "",
            "checksum_sha256": "",
            "content": null,
            "content_base64": null,
            "content_disposition": "",
            "content_encoding": "utf-8",
            "content_language": "",
            "content_type": "text/css",
            "etag": "0478050b4fb30eece761c11c37f96722",
            "force_destroy": false,
            "id": "css/vendor/ui-kit/uikit.css",
            "key": "css/vendor/ui-kit/uikit.css",
            "kms_key_id": null,
            "metadata": {},
            "object_lock_legal_hold_status": "",
            "object_lock_mode": "",
            "object_lock_retain_until_date": "",
            "override_provider": [],
            "server_side_encryption": "AES256",
            "source": "../../../src/admin/build/css/vendor/ui-kit/uikit.css",
            "source_hash": null,
            "storage_class": "STANDARD",
            "tags": {},
            "tags_all": {},
            "version_id": "",
            "website_redirect": ""
          },
          "sensitive_attributes": [],
          "private": "bnVsbA==",
          "dependencies": [
            "module.static-website.aws_s3_bucket.s3-static-website"
          ]
        },
        {
          "index_key": "css/vendor/ui-kit/uikit.min.css",
          "schema_version": 0,
          "attributes": {
            "acl": null,
            "arn": "arn:aws:s3:::ma-elections-admin/css/vendor/ui-kit/uikit.min.css",
            "bucket": "ma-elections-admin",
            "bucket_key_enabled": false,
            "cache_control": "",
            "checksum_algorithm": null,
            "checksum_crc32": "",
            "checksum_crc32c": "",
            "checksum_crc64nvme": "",
            "checksum_sha1": "",
            "checksum_sha256": "",
            "content": null,
            "content_base64": null,
            "content_disposition": "",
            "content_encoding": "utf-8",
            "content_language": "",
            "content_type": "text/css",
            "etag": "bf41c3b3ddefc44ee1f59ce52b164ff7",
            "force_destroy": false,
            "id": "css/vendor/ui-kit/uikit.min.css",
            "key": "css/vendor/ui-kit/uikit.min.css",
            "kms_key_id": null,
            "metadata": {},
            "object_lock_legal_hold_status": "",
            "object_lock_mode": "",
            "object_lock_retain_until_date": "",
            "override_provider": [],
            "server_side_encryption": "AES256",
            "source": "../../../src/admin/build/css/vendor/ui-kit/uikit.min.css",
            "source_hash": null,
            "storage_class": "STANDARD",
            "tags": {},
            "tags_all": {},
            "version_id": "",
            "website_redirect": ""
          },
          "sensitive_attributes": [],
          "private": "bnVsbA==",
          "dependencies": [
            "module.static-website.aws_s3_bucket.s3-static-website"
          ]
        },
        {
          "index_key": "favicon.ico",
          "schema_version": 0,
          "attributes": {
            "acl": null,
            "arn": "arn:aws:s3:::ma-elections-admin/favicon.ico",
            "bucket": "ma-elections-admin",
            "bucket_key_enabled": false,
            "cache_control": "",
            "checksum_algorithm": null,
            "checksum_crc32": "",
            "checksum_crc32c": "",
            "checksum_crc64nvme": "",
            "checksum_sha1": "",
            "checksum_sha256": "",
            "content": null,
            "content_base64": null,
            "content_disposition": "",
            "content_encoding": "utf-8",
            "content_language": "",
            "content_type": "text/plain",
            "etag": "c92b85a5b907c70211f4ec25e29a8c4a",
            "force_destroy": false,
            "id": "favicon.ico",
            "key": "favicon.ico",
            "kms_key_id": null,
            "metadata": {},
            "object_lock_legal_hold_status": "",
            "object_lock_mode": "",
            "object_lock_retain_until_date": "",
            "override_provider": [],
            "server_side_encryption": "AES256",
            "source": "../../../src/admin/build/favicon.ico",
            "source_hash": null,
            "storage_class": "STANDARD",
            "tags": {},
            "tags_all": {},
            "version_id": "",
            "website_redirect": ""
          },
          "sensitive_attributes": [],
          "private": "bnVsbA==",
          "dependencies": [
            "module.static-website.aws_s3_bucket.s3-static-website"
          ]
        },
        {
          "index_key": "images/.DS_Store",
          "schema_version": 0,
          "attributes": {
            "acl": null,
            "arn": "arn:aws:s3:::ma-elections-admin/images/.DS_Store",
            "bucket": "ma-elections-admin",
            "bucket_key_enabled": false,
            "cache_control": "",
            "checksum_algorithm": null,
            "checksum_crc32": "",
            "checksum_crc32c": "",
            "checksum_crc64nvme": "",
            "checksum_sha1": "",
            "checksum_sha256": "",
            "content": null,
            "content_base64": null,
            "content_disposition": "",
            "content_encoding": "utf-8",
            "content_language": "",
            "content_type": "text/plain",
            "etag": "452f9afd7ae8d1de58e974102a6211a4",
            "force_destroy": false,
            "id": "images/.DS_Store",
            "key": "images/.DS_Store",
            "kms_key_id": null,
            "metadata": {},
            "object_lock_legal_hold_status": "",
            "object_lock_mode": "",
            "object_lock_retain_until_date": "",
            "override_provider": [],
            "server_side_encryption": "AES256",
            "source": "../../../src/admin/build/images/.DS_Store",
            "source_hash": null,
            "storage_class": "STANDARD",
            "tags": {},
            "tags_all": {},
            "version_id": "",
            "website_redirect": ""
          },
          "sensitive_attributes": [],
          "private": "bnVsbA==",
          "dependencies": [
            "module.static-website.aws_s3_bucket.s3-static-website"
          ]
        },
        {
          "index_key": "images/icons/noun-loud-3028979.svg",
          "schema_version": 0,
          "attributes": {
            "acl": null,
            "arn": "arn:aws:s3:::ma-elections-admin/images/icons/noun-loud-3028979.svg",
            "bucket": "ma-elections-admin",
            "bucket_key_enabled": false,
            "cache_control": "",
            "checksum_algorithm": null,
            "checksum_crc32": "",
            "checksum_crc32c": "",
            "checksum_crc64nvme": "",
            "checksum_sha1": "",
            "checksum_sha256": "",
            "content": null,
            "content_base64": null,
            "content_disposition": "",
            "content_encoding": "utf-8",
            "content_language": "",
            "content_type": "text/plain",
            "etag": "3631a499b402d70fab7a1b70dac5f2e6",
            "force_destroy": false,
            "id": "images/icons/noun-loud-3028979.svg",
            "key": "images/icons/noun-loud-3028979.svg",
            "kms_key_id": null,
            "metadata": {},
            "object_lock_legal_hold_status": "",
            "object_lock_mode": "",
            "object_lock_retain_until_date": "",
            "override_provider": [],
            "server_side_encryption": "AES256",
            "source": "../../../src/admin/build/images/icons/noun-loud-3028979.svg",
            "source_hash": null,
            "storage_class": "STANDARD",
            "tags": {},
            "tags_all": {},
            "version_id": "",
            "website_redirect": ""
          },
          "sensitive_attributes": [],
          "private": "bnVsbA==",
          "dependencies": [
            "module.static-website.aws_s3_bucket.s3-static-website"
          ]
        },
        {
          "index_key": "images/replace-landing-image.webp",
          "schema_version": 0,
          "attributes": {
            "acl": null,
            "arn": "arn:aws:s3:::ma-elections-admin/images/replace-landing-image.webp",
            "bucket": "ma-elections-admin",
            "bucket_key_enabled": false,
            "cache_control": "",
            "checksum_algorithm": null,
            "checksum_crc32": "",
            "checksum_crc32c": "",
            "checksum_crc64nvme": "",
            "checksum_sha1": "",
            "checksum_sha256": "",
            "content": null,
            "content_base64": null,
            "content_disposition": "",
            "content_encoding": "utf-8",
            "content_language": "",
            "content_type": "text/plain",
            "etag": "f81e6a509da81340ded0d25f02713a5f",
            "force_destroy": false,
            "id": "images/replace-landing-image.webp",
            "key": "images/replace-landing-image.webp",
            "kms_key_id": null,
            "metadata": {},
            "object_lock_legal_hold_status": "",
            "object_lock_mode": "",
            "object_lock_retain_until_date": "",
            "override_provider": [],
            "server_side_encryption": "AES256",
            "source": "../../../src/admin/build/images/replace-landing-image.webp",
            "source_hash": null,
            "storage_class": "STANDARD",
            "tags": {},
            "tags_all": {},
            "version_id": "",
            "website_redirect": ""
          },
          "sensitive_attributes": [],
          "private": "bnVsbA==",
          "dependencies": [
            "module.static-website.aws_s3_bucket.s3-static-website"
          ]
        },
        {
          "index_key": "index.html",
          "schema_version": 0,
          "attributes": {
            "acl": null,
            "arn": "arn:aws:s3:::ma-elections-admin/index.html",
            "bucket": "ma-elections-admin",
            "bucket_key_enabled": false,
            "cache_control": "",
            "checksum_algorithm": null,
            "checksum_crc32": "",
            "checksum_crc32c": "",
            "checksum_crc64nvme": "",
            "checksum_sha1": "",
            "checksum_sha256": "",
            "content": null,
            "content_base64": null,
            "content_disposition": "",
            "content_encoding": "utf-8",
            "content_language": "",
            "content_type": "text/html",
            "etag": "b7499cc0ee64d0e3f3e435366c786ffe",
            "force_destroy": false,
            "id": "index.html",
            "key": "index.html",
            "kms_key_id": null,
            "metadata": {},
            "object_lock_legal_hold_status": "",
            "object_lock_mode": "",
            "object_lock_retain_until_date": "",
            "override_provider": [],
            "server_side_encryption": "AES256",
            "source": "../../../src/admin/build/index.html",
            "source_hash": null,
            "storage_class": "STANDARD",
            "tags": {},
            "tags_all": {},
            "version_id": "",
            "website_redirect": ""
          },
          "sensitive_attributes": [],
          "private": "bnVsbA==",
          "dependencies": [
            "module.static-website.aws_s3_bucket.s3-static-website"
          ]
        },
        {
          "index_key": "js/.DS_Store",
          "schema_version": 0,
          "attributes": {
            "acl": null,
            "arn": "arn:aws:s3:::ma-elections-admin/js/.DS_Store",
            "bucket": "ma-elections-admin",
            "bucket_key_enabled": false,
            "cache_control": "",
            "checksum_algorithm": null,
            "checksum_crc32": "",
            "checksum_crc32c": "",
            "checksum_crc64nvme": "",
            "checksum_sha1": "",
            "checksum_sha256": "",
            "content": null,
            "content_base64": null,
            "content_disposition": "",
            "content_encoding": "utf-8",
            "content_language": "",
            "content_type": "text/plain",
            "etag": "38baee65c6b2d6842d08e525d31f6568",
            "force_destroy": false,
            "id": "js/.DS_Store",
            "key": "js/.DS_Store",
            "kms_key_id": null,
            "metadata": {},
            "object_lock_legal_hold_status": "",
            "object_lock_mode": "",
            "object_lock_retain_until_date": "",
            "override_provider": [],
            "server_side_encryption": "AES256",
            "source": "../../../src/admin/build/js/.DS_Store",
            "source_hash": null,
            "storage_class": "STANDARD",
            "tags": {},
            "tags_all": {},
            "version_id": "",
            "website_redirect": ""
          },
          "sensitive_attributes": [],
          "private": "bnVsbA==",
          "dependencies": [
            "module.static-website.aws_s3_bucket.s3-static-website"
          ]
        },
        {
          "index_key": "js/vendor/.DS_Store",
          "schema_version": 0,
          "attributes": {
            "acl": null,
            "arn": "arn:aws:s3:::ma-elections-admin/js/vendor/.DS_Store",
            "bucket": "ma-elections-admin",
            "bucket_key_enabled": false,
            "cache_control": "",
            "checksum_algorithm": null,
            "checksum_crc32": "",
            "checksum_crc32c": "",
            "checksum_crc64nvme": "",
            "checksum_sha1": "",
            "checksum_sha256": "",
            "content": null,
            "content_base64": null,
            "content_disposition": "",
            "content_encoding": "utf-8",
            "content_language": "",
            "content_type": "text/plain",
            "etag": "b7276871187b9de0a81225ffffd7790e",
            "force_destroy": false,
            "id": "js/vendor/.DS_Store",
            "key": "js/vendor/.DS_Store",
            "kms_key_id": null,
            "metadata": {},
            "object_lock_legal_hold_status": "",
            "object_lock_mode": "",
            "object_lock_retain_until_date": "",
            "override_provider": [],
            "server_side_encryption": "AES256",
            "source": "../../../src/admin/build/js/vendor/.DS_Store",
            "source_hash": null,
            "storage_class": "STANDARD",
            "tags": {},
            "tags_all": {},
            "version_id": "",
            "website_redirect": ""
          },
          "sensitive_attributes": [],
          "private": "bnVsbA==",
          "dependencies": [
            "module.static-website.aws_s3_bucket.s3-static-website"
          ]
        },
        {
          "index_key": "js/vendor/ui-kit/uikit-icons.js",
          "schema_version": 0,
          "attributes": {
            "acl": null,
            "arn": "arn:aws:s3:::ma-elections-admin/js/vendor/ui-kit/uikit-icons.js",
            "bucket": "ma-elections-admin",
            "bucket_key_enabled": false,
            "cache_control": "",
            "checksum_algorithm": null,
            "checksum_crc32": "",
            "checksum_crc32c": "",
            "checksum_crc64nvme": "",
            "checksum_sha1": "",
            "checksum_sha256": "",
            "content": null,
            "content_base64": null,
            "content_disposition": "",
            "content_encoding": "utf-8",
            "content_language": "",
            "content_type": "application/javascript",
            "etag": "afd9417e9d6e0f3f74840e71dca851cc",
            "force_destroy": false,
            "id": "js/vendor/ui-kit/uikit-icons.js",
            "key": "js/vendor/ui-kit/uikit-icons.js",
            "kms_key_id": null,
            "metadata": {},
            "object_lock_legal_hold_status": "",
            "object_lock_mode": "",
            "object_lock_retain_until_date": "",
            "override_provider": [],
            "server_side_encryption": "AES256",
            "source": "../../../src/admin/build/js/vendor/ui-kit/uikit-icons.js",
            "source_hash": null,
            "storage_class": "STANDARD",
            "tags": {},
            "tags_all": {},
            "version_id": "",
            "website_redirect": ""
          },
          "sensitive_attributes": [],
          "private": "bnVsbA==",
          "dependencies": [
            "module.static-website.aws_s3_bucket.s3-static-website"
          ]
        },
        {
          "index_key": "js/vendor/ui-kit/uikit-icons.min.js",
          "schema_version": 0,
          "attributes": {
            "acl": null,
            "arn": "arn:aws:s3:::ma-elections-admin/js/vendor/ui-kit/uikit-icons.min.js",
            "bucket": "ma-elections-admin",
            "bucket_key_enabled": false,
            "cache_control": "",
            "checksum_algorithm": null,
            "checksum_crc32": "",
            "checksum_crc32c": "",
            "checksum_crc64nvme": "",
            "checksum_sha1": "",
            "checksum_sha256": "",
            "content": null,
            "content_base64": null,
            "content_disposition": "",
            "content_encoding": "utf-8",
            "content_language": "",
            "content_type": "application/javascript",
            "etag": "a60390b5c4a93c1dc716973d79cbc2dd",
            "force_destroy": false,
            "id": "js/vendor/ui-kit/uikit-icons.min.js",
            "key": "js/vendor/ui-kit/uikit-icons.min.js",
            "kms_key_id": null,
            "metadata": {},
            "object_lock_legal_hold_status": "",
            "object_lock_mode": "",
            "object_lock_retain_until_date": "",
            "override_provider": [],
            "server_side_encryption": "AES256",
            "source": "../../../src/admin/build/js/vendor/ui-kit/uikit-icons.min.js",
            "source_hash": null,
            "storage_class": "STANDARD",
            "tags": {},
            "tags_all": {},
            "version_id": "",
            "website_redirect": ""
          },
          "sensitive_attributes": [],
          "private": "bnVsbA==",
          "dependencies": [
            "module.static-website.aws_s3_bucket.s3-static-website"
          ]
        },
        {
          "index_key": "js/vendor/ui-kit/uikit.js",
          "schema_version": 0,
          "attributes": {
            "acl": null,
            "arn": "arn:aws:s3:::ma-elections-admin/js/vendor/ui-kit/uikit.js",
            "bucket": "ma-elections-admin",
            "bucket_key_enabled": false,
            "cache_control": "",
            "checksum_algorithm": null,
            "checksum_crc32": "",
            "checksum_crc32c": "",
            "checksum_crc64nvme": "",
            "checksum_sha1": "",
            "checksum_sha256": "",
            "content": null,
            "content_base64": null,
            "content_disposition": "",
            "content_encoding": "utf-8",
            "content_language": "",
            "content_type": "application/javascript",
            "etag": "069dd404390020570821fab60c40cb5e",
            "force_destroy": false,
            "id": "js/vendor/ui-kit/uikit.js",
            "key": "js/vendor/ui-kit/uikit.js",
            "kms_key_id": null,
            "metadata": {},
            "object_lock_legal_hold_status": "",
            "object_lock_mode": "",
            "object_lock_retain_until_date": "",
            "override_provider": [],
            "server_side_encryption": "AES256",
            "source": "../../../src/admin/build/js/vendor/ui-kit/uikit.js",
            "source_hash": null,
            "storage_class": "STANDARD",
            "tags": {},
            "tags_all": {},
            "version_id": "",
            "website_redirect": ""
          },
          "sensitive_attributes": [],
          "private": "bnVsbA==",
          "dependencies": [
            "module.static-website.aws_s3_bucket.s3-static-website"
          ]
        },
        {
          "index_key": "js/vendor/ui-kit/uikit.min.js",
          "schema_version": 0,
          "attributes": {
            "acl": null,
            "arn": "arn:aws:s3:::ma-elections-admin/js/vendor/ui-kit/uikit.min.js",
            "bucket": "ma-elections-admin",
            "bucket_key_enabled": false,
            "cache_control": "",
            "checksum_algorithm": null,
            "checksum_crc32": "",
            "checksum_crc32c": "",
            "checksum_crc64nvme": "",
            "checksum_sha1": "",
            "checksum_sha256": "",
            "content": null,
            "content_base64": null,
            "content_disposition": "",
            "content_encoding": "utf-8",
            "content_language": "",
            "content_type": "application/javascript",
            "etag": "63f38251dabc32b8efec91581cf06547",
            "force_destroy": false,
            "id": "js/vendor/ui-kit/uikit.min.js",
            "key": "js/vendor/ui-kit/uikit.min.js",
            "kms_key_id": null,
            "metadata": {},
            "object_lock_legal_hold_status": "",
            "object_lock_mode": "",
            "object_lock_retain_until_date": "",
            "override_provider": [],
            "server_side_encryption": "AES256",
            "source": "../../../src/admin/build/js/vendor/ui-kit/uikit.min.js",
            "source_hash": null,
            "storage_class": "STANDARD",
            "tags": {},
            "tags_all": {},
            "version_id": "",
            "website_redirect": ""
          },
          "sensitive_attributes": [],
          "private": "bnVsbA==",
          "dependencies": [
            "module.static-website.aws_s3_bucket.s3-static-website"
          ]
        },
        {
          "index_key": "logo192.png",
          "schema_version": 0,
          "attributes": {
            "acl": null,
            "arn": "arn:aws:s3:::ma-elections-admin/logo192.png",
            "bucket": "ma-elections-admin",
            "bucket_key_enabled": false,
            "cache_control": "",
            "checksum_algorithm": null,
            "checksum_crc32": "",
            "checksum_crc32c": "",
            "checksum_crc64nvme": "",
            "checksum_sha1": "",
            "checksum_sha256": "",
            "content": null,
            "content_base64": null,
            "content_disposition": "",
            "content_encoding": "utf-8",
            "content_language": "",
            "content_type": "text/plain",
            "etag": "33dbdd0177549353eeeb785d02c294af",
            "force_destroy": false,
            "id": "logo192.png",
            "key": "logo192.png",
            "kms_key_id": null,
            "metadata": {},
            "object_lock_legal_hold_status": "",
            "object_lock_mode": "",
            "object_lock_retain_until_date": "",
            "override_provider": [],
            "server_side_encryption": "AES256",
            "source": "../../../src/admin/build/logo192.png",
            "source_hash": null,
            "storage_class": "STANDARD",
            "tags": {},
            "tags_all": {},
            "version_id": "",
            "website_redirect": ""
          },
          "sensitive_attributes": [],
          "private": "bnVsbA==",
          "dependencies": [
            "module.static-website.aws_s3_bucket.s3-static-website"
          ]
        },
        {
          "index_key": "logo512.png",
          "schema_version": 0,
          "attributes": {
            "acl": null,
            "arn": "arn:aws:s3:::ma-elections-admin/logo512.png",
            "bucket": "ma-elections-admin",
            "bucket_key_enabled": false,
            "cache_control": "",
            "checksum_algorithm": null,
            "checksum_crc32": "",
            "checksum_crc32c": "",
            "checksum_crc64nvme": "",
            "checksum_sha1": "",
            "checksum_sha256": "",
            "content": null,
            "content_base64": null,
            "content_disposition": "",
            "content_encoding": "utf-8",
            "content_language": "",
            "content_type": "text/plain",
            "etag": "917515db74ea8d1aee6a246cfbcc0b45",
            "force_destroy": false,
            "id": "logo512.png",
            "key": "logo512.png",
            "kms_key_id": null,
            "metadata": {},
            "object_lock_legal_hold_status": "",
            "object_lock_mode": "",
            "object_lock_retain_until_date": "",
            "override_provider": [],
            "server_side_encryption": "AES256",
            "source": "../../../src/admin/build/logo512.png",
            "source_hash": null,
            "storage_class": "STANDARD",
            "tags": {},
            "tags_all": {},
            "version_id": "",
            "website_redirect": ""
          },
          "sensitive_attributes": [],
          "private": "bnVsbA==",
          "dependencies": [
            "module.static-website.aws_s3_bucket.s3-static-website"
          ]
        },
        {
          "index_key": "manifest.json",
          "schema_version": 0,
          "attributes": {
            "acl": null,
            "arn": "arn:aws:s3:::ma-elections-admin/manifest.json",
            "bucket": "ma-elections-admin",
            "bucket_key_enabled": false,
            "cache_control": "",
            "checksum_algorithm": null,
            "checksum_crc32": "",
            "checksum_crc32c": "",
            "checksum_crc64nvme": "",
            "checksum_sha1": "",
            "checksum_sha256": "",
            "content": null,
            "content_base64": null,
            "content_disposition": "",
            "content_encoding": "utf-8",
            "content_language": "",
            "content_type": "application/json",
            "etag": "d9d975cebe2ec20b6c652e1e4c12ccf0",
            "force_destroy": false,
            "id": "manifest.json",
            "key": "manifest.json",
            "kms_key_id": null,
            "metadata": {},
            "object_lock_legal_hold_status": "",
            "object_lock_mode": "",
            "object_lock_retain_until_date": "",
            "override_provider": [],
            "server_side_encryption": "AES256",
            "source": "../../../src/admin/build/manifest.json",
            "source_hash": null,
            "storage_class": "STANDARD",
            "tags": {},
            "tags_all": {},
            "version_id": "",
            "website_redirect": ""
          },
          "sensitive_attributes": [],
          "private": "bnVsbA==",
          "dependencies": [
            "module.static-website.aws_s3_bucket.s3-static-website"
          ]
        },
        {
          "index_key": "robots.txt",
          "schema_version": 0,
          "attributes": {
            "acl": null,
            "arn": "arn:aws:s3:::ma-elections-admin/robots.txt",
            "bucket": "ma-elections-admin",
            "bucket_key_enabled": false,
            "cache_control": "",
            "checksum_algorithm": null,
            "checksum_crc32": "",
            "checksum_crc32c": "",
            "checksum_crc64nvme": "",
            "checksum_sha1": "",
            "checksum_sha256": "",
            "content": null,
            "content_base64": null,
            "content_disposition": "",
            "content_encoding": "utf-8",
            "content_language": "",
            "content_type": "text/plain",
            "etag": "fa1ded1ed7c11438a9b0385b1e112850",
            "force_destroy": false,
            "id": "robots.txt",
            "key": "robots.txt",
            "kms_key_id": null,
            "metadata": {},
            "object_lock_legal_hold_status": "",
            "object_lock_mode": "",
            "object_lock_retain_until_date": "",
            "override_provider": [],
            "server_side_encryption": "AES256",
            "source": "../../../src/admin/build/robots.txt",
            "source_hash": null,
            "storage_class": "STANDARD",
            "tags": {},
            "tags_all": {},
            "version_id": "",
            "website_redirect": ""
          },
          "sensitive_attributes": [],
          "private": "bnVsbA==",
          "dependencies": [
            "module.static-website.aws_s3_bucket.s3-static-website"
          ]
        },
        {
          "index_key": "static/css/main.e68cd785.css",
          "schema_version": 0,
          "attributes": {
            "acl": null,
            "arn": "arn:aws:s3:::ma-elections-admin/static/css/main.e68cd785.css",
            "bucket": "ma-elections-admin",
            "bucket_key_enabled": false,
            "cache_control": "",
            "checksum_algorithm": null,
            "checksum_crc32": "",
            "checksum_crc32c": "",
            "checksum_crc64nvme": "",
            "checksum_sha1": "",
            "checksum_sha256": "",
            "content": null,
            "content_base64": null,
            "content_disposition": "",
            "content_encoding": "utf-8",
            "content_language": "",
            "content_type": "text/css",
            "etag": "b8b5de6cf8ee6e5314f845511c9a2fc7",
            "force_destroy": false,
            "id": "static/css/main.e68cd785.css",
            "key": "static/css/main.e68cd785.css",
            "kms_key_id": null,
            "metadata": null,
            "object_lock_legal_hold_status": "",
            "object_lock_mode": "",
            "object_lock_retain_until_date": "",
            "override_provider": [],
            "server_side_encryption": "AES256",
            "source": "../../../src/admin/build/static/css/main.e68cd785.css",
            "source_hash": null,
            "storage_class": "STANDARD",
            "tags": null,
            "tags_all": {},
            "version_id": "",
            "website_redirect": ""
          },
          "sensitive_attributes": [],
          "private": "bnVsbA==",
          "dependencies": [
            "module.static-website.aws_s3_bucket.s3-static-website"
          ]
        },
        {
          "index_key": "static/css/main.e68cd785.css.map",
          "schema_version": 0,
          "attributes": {
            "acl": null,
            "arn": "arn:aws:s3:::ma-elections-admin/static/css/main.e68cd785.css.map",
            "bucket": "ma-elections-admin",
            "bucket_key_enabled": false,
            "cache_control": "",
            "checksum_algorithm": null,
            "checksum_crc32": "",
            "checksum_crc32c": "",
            "checksum_crc64nvme": "",
            "checksum_sha1": "",
            "checksum_sha256": "",
            "content": null,
            "content_base64": null,
            "content_disposition": "",
            "content_encoding": "utf-8",
            "content_language": "",
            "content_type": "text/plain",
            "etag": "16a7b46c6663f9fb8ee98968521a0ba9",
            "force_destroy": false,
            "id": "static/css/main.e68cd785.css.map",
            "key": "static/css/main.e68cd785.css.map",
            "kms_key_id": null,
            "metadata": null,
            "object_lock_legal_hold_status": "",
            "object_lock_mode": "",
            "object_lock_retain_until_date": "",
            "override_provider": [],
            "server_side_encryption": "AES256",
            "source": "../../../src/admin/build/static/css/main.e68cd785.css.map",
            "source_hash": null,
            "storage_class": "STANDARD",
            "tags": null,
            "tags_all": {},
            "version_id": "",
            "website_redirect": ""
          },
          "sensitive_attributes": [],
          "private": "bnVsbA==",
          "dependencies": [
            "module.static-website.aws_s3_bucket.s3-static-website"
          ]
        },
        {
          "index_key": "static/js/main.94db5e0b.js",
          "schema_version": 0,
          "attributes": {
            "acl": null,
            "arn": "arn:aws:s3:::ma-elections-admin/static/js/main.94db5e0b.js",
            "bucket": "ma-elections-admin",
            "bucket_key_enabled": false,
            "cache_control": "",
            "checksum_algorithm": null,
            "checksum_crc32": "",
            "checksum_crc32c": "",
            "checksum_crc64nvme": "",
            "checksum_sha1": "",
            "checksum_sha256": "",
            "content": null,
            "content_base64": null,
            "content_disposition": "",
            "content_encoding": "utf-8",
            "content_language": "",
            "content_type": "application/javascript",
            "etag": "cb6db7afe6b1550d8f80149ef90a43f2",
            "force_destroy": false,
            "id": "static/js/main.94db5e0b.js",
            "key": "static/js/main.94db5e0b.js",
            "kms_key_id": null,
            "metadata": null,
            "object_lock_legal_hold_status": "",
            "object_lock_mode": "",
            "object_lock_retain_until_date": "",
            "override_provider": [],
            "server_side_encryption": "AES256",
            "source": "../../../src/admin/build/static/js/main.94db5e0b.js",
            "source_hash": null,
            "storage_class": "STANDARD",
            "tags": null,
            "tags_all": {},
            "version_id": "",
            "website_redirect": ""
          },
          "sensitive_attributes": [],
          "private": "bnVsbA==",
          "dependencies": [
            "module.static-website.aws_s3_bucket.s3-static-website"
          ]
        },
        {
          "index_key": "static/js/main.94db5e0b.js.LICENSE.txt",
          "schema_version": 0,
          "attributes": {
            "acl": null,
            "arn": "arn:aws:s3:::ma-elections-admin/static/js/main.94db5e0b.js.LICENSE.txt",
            "bucket": "ma-elections-admin",
            "bucket_key_enabled": false,
            "cache_control": "",
            "checksum_algorithm": null,
            "checksum_crc32": "",
            "checksum_crc32c": "",
            "checksum_crc64nvme": "",
            "checksum_sha1": "",
            "checksum_sha256": "",
            "content": null,
            "content_base64": null,
            "content_disposition": "",
            "content_encoding": "utf-8",
            "content_language": "",
            "content_type": "text/plain",
            "etag": "ad96f52a46ee6d9f59350e171b28c670",
            "force_destroy": false,
            "id": "static/js/main.94db5e0b.js.LICENSE.txt",
            "key": "static/js/main.94db5e0b.js.LICENSE.txt",
            "kms_key_id": null,
            "metadata": null,
            "object_lock_legal_hold_status": "",
            "object_lock_mode": "",
            "object_lock_retain_until_date": "",
            "override_provider": [],
            "server_side_encryption": "AES256",
            "source": "../../../src/admin/build/static/js/main.94db5e0b.js.LICENSE.txt",
            "source_hash": null,
            "storage_class": "STANDARD",
            "tags": null,
            "tags_all": {},
            "version_id": "",
            "website_redirect": ""
          },
          "sensitive_attributes": [],
          "private": "bnVsbA==",
          "dependencies": [
            "module.static-website.aws_s3_bucket.s3-static-website"
          ]
        },
        {
          "index_key": "static/js/main.94db5e0b.js.map",
          "schema_version": 0,
          "attributes": {
            "acl": null,
            "arn": "arn:aws:s3:::ma-elections-admin/static/js/main.94db5e0b.js.map",
            "bucket": "ma-elections-admin",
            "bucket_key_enabled": false,
            "cache_control": "",
            "checksum_algorithm": null,
            "checksum_crc32": "",
            "checksum_crc32c": "",
            "checksum_crc64nvme": "",
            "checksum_sha1": "",
            "checksum_sha256": "",
            "content": null,
            "content_base64": null,
            "content_disposition": "",
            "content_encoding": "utf-8",
            "content_language": "",
            "content_type": "text/plain",
            "etag": "3254ee61eb542e283a37a83cd7f35fd6",
            "force_destroy": false,
            "id": "static/js/main.94db5e0b.js.map",
            "key": "static/js/main.94db5e0b.js.map",
            "kms_key_id": null,
            "metadata": null,
            "object_lock_legal_hold_status": "",
            "object_lock_mode": "",
            "object_lock_retain_until_date": "",
            "override_provider": [],
            "server_side_encryption": "AES256",
            "source": "../../../src/admin/build/static/js/main.94db5e0b.js.map",
            "source_hash": null,
            "storage_class": "STANDARD",
            "tags": null,
            "tags_all": {},
            "version_id": "",
            "website_redirect": ""
          },
          "sensitive_attributes": [],
          "private": "bnVsbA==",
          "dependencies": [
            "module.static-website.aws_s3_bucket.s3-static-website"
          ]
        }
      ]
    },
    {
      "module": "module.static-website",
      "mode": "managed",
      "type": "null_resource",
      "name": "invalidate_cf_cache",
      "provider": "provider[\"registry.terraform.io/hashicorp/null\"]",
      "instances": [
        {
          "schema_version": 0,
          "attributes": {
            "id": "4954828876893609806",
            "triggers": {
              "always_run": "2025-07-22T02:03:50Z"
            }
          },
          "sensitive_attributes": [],
          "dependencies": [
            "module.static-website.aws_cloudfront_distribution.cf-dist",
            "module.static-website.aws_cloudfront_origin_access_control.cf-s3-oac",
            "module.static-website.aws_s3_bucket.s3-static-website"
          ]
        }
      ]
    }
  ],
  "check_results": null
}
