{
  "version": 4,
  "terraform_version": "1.11.0",
  "serial": 48,
  "lineage": "e9812010-952d-652a-d363-b4b3fa9e39db",
  "outputs": {},
  "resources": [
    {
      "module": "module.static-website",
      "mode": "data",
      "type": "aws_iam_policy_document",
      "name": "s3_bucket_policy",
      "provider": "provider[\"registry.terraform.io/hashicorp/aws\"]",
      "instances": [
        {
          "schema_version": 0,
          "attributes": {
            "id": "3451050753",
            "json": "{\n  \"Version\": \"2012-10-17\",\n  \"Statement\": [\n    {\n      \"Effect\": \"Allow\",\n      \"Action\": \"s3:GetObject\",\n      \"Resource\": \"arn:aws:s3:::ma-elections-website/*\",\n      \"Principal\": {\n        \"Service\": \"cloudfront.amazonaws.com\"\n      },\n      \"Condition\": {\n        \"StringEquals\": {\n          \"AWS:SourceArn\": \"arn:aws:cloudfront::173549513063:distribution/EVG1F3NWIJ620\"\n        }\n      }\n    }\n  ]\n}",
            "minified_json": "{\"Version\":\"2012-10-17\",\"Statement\":[{\"Effect\":\"Allow\",\"Action\":\"s3:GetObject\",\"Resource\":\"arn:aws:s3:::ma-elections-website/*\",\"Principal\":{\"Service\":\"cloudfront.amazonaws.com\"},\"Condition\":{\"StringEquals\":{\"AWS:SourceArn\":\"arn:aws:cloudfront::173549513063:distribution/EVG1F3NWIJ620\"}}}]}",
            "override_json": null,
            "override_policy_documents": null,
            "policy_id": null,
            "source_json": null,
            "source_policy_documents": null,
            "statement": [
              {
                "actions": [
                  "s3:GetObject"
                ],
                "condition": [
                  {
                    "test": "StringEquals",
                    "values": [
                      "arn:aws:cloudfront::173549513063:distribution/EVG1F3NWIJ620"
                    ],
                    "variable": "AWS:SourceArn"
                  }
                ],
                "effect": "Allow",
                "not_actions": [],
                "not_principals": [],
                "not_resources": [],
                "principals": [
                  {
                    "identifiers": [
                      "cloudfront.amazonaws.com"
                    ],
                    "type": "Service"
                  }
                ],
                "resources": [
                  "arn:aws:s3:::ma-elections-website/*"
                ],
                "sid": ""
              }
            ],
            "version": "2012-10-17"
          },
          "sensitive_attributes": []
        }
      ]
    },
    {
      "module": "module.static-website",
      "mode": "data",
      "type": "aws_s3_bucket",
      "name": "selected_bucket",
      "provider": "provider[\"registry.terraform.io/hashicorp/aws\"]",
      "instances": [
        {
          "schema_version": 0,
          "attributes": {
            "arn": "arn:aws:s3:::ma-elections-website",
            "bucket": "ma-elections-website",
            "bucket_domain_name": "ma-elections-website.s3.amazonaws.com",
            "bucket_region": "us-east-2",
            "bucket_regional_domain_name": "ma-elections-website.s3.us-east-2.amazonaws.com",
            "hosted_zone_id": "Z2O1EMRO9K5GLX",
            "id": "ma-elections-website",
            "region": "us-east-2",
            "website_domain": "s3-website.us-east-2.amazonaws.com",
            "website_endpoint": "ma-elections-website.s3-website.us-east-2.amazonaws.com"
          },
          "sensitive_attributes": []
        }
      ]
    },
    {
      "module": "module.static-website",
      "mode": "managed",
      "type": "aws_cloudfront_distribution",
      "name": "cf-dist",
      "provider": "provider[\"registry.terraform.io/hashicorp/aws\"]",
      "instances": [
        {
          "schema_version": 1,
          "attributes": {
            "aliases": [
              "deadlykitten.com",
              "mademocracy.com",
              "www.deadlykitten.com",
              "www.mademocracy.com"
            ],
            "anycast_ip_list_id": "",
            "arn": "arn:aws:cloudfront::173549513063:distribution/EVG1F3NWIJ620",
            "caller_reference": "terraform-20250604131358007300000001",
            "comment": null,
            "continuous_deployment_policy_id": "",
            "custom_error_response": [
              {
                "error_caching_min_ttl": 0,
                "error_code": 403,
                "response_code": 200,
                "response_page_path": "/index.html"
              },
              {
                "error_caching_min_ttl": 0,
                "error_code": 404,
                "response_code": 200,
                "response_page_path": "/index.html"
              }
            ],
            "default_cache_behavior": [
              {
                "allowed_methods": [
                  "GET",
                  "HEAD"
                ],
                "cache_policy_id": "",
                "cached_methods": [
                  "GET",
                  "HEAD"
                ],
                "compress": false,
                "default_ttl": 3600,
                "field_level_encryption_id": "",
                "forwarded_values": [
                  {
                    "cookies": [
                      {
                        "forward": "none",
                        "whitelisted_names": []
                      }
                    ],
                    "headers": [],
                    "query_string": false,
                    "query_string_cache_keys": []
                  }
                ],
                "function_association": [],
                "grpc_config": [
                  {
                    "enabled": false
                  }
                ],
                "lambda_function_association": [],
                "max_ttl": 86400,
                "min_ttl": 0,
                "origin_request_policy_id": "",
                "realtime_log_config_arn": "",
                "response_headers_policy_id": "",
                "smooth_streaming": false,
                "target_origin_id": "ma-elections-website",
                "trusted_key_groups": [],
                "trusted_signers": [],
                "viewer_protocol_policy": "allow-all"
              }
            ],
            "default_root_object": "index.html",
            "domain_name": "d770ewkmgkjez.cloudfront.net",
            "enabled": true,
            "etag": "E2TY4WYK3FOQOB",
            "hosted_zone_id": "Z2FDTNDATAQYW2",
            "http_version": "http2",
            "id": "EVG1F3NWIJ620",
            "in_progress_validation_batches": 0,
            "is_ipv6_enabled": false,
            "last_modified_time": "2025-10-30 02:20:04.975 +0000 UTC",
            "logging_config": [],
            "ordered_cache_behavior": [],
            "origin": [
              {
                "connection_attempts": 3,
                "connection_timeout": 10,
                "custom_header": [],
                "custom_origin_config": [],
                "domain_name": "ma-elections-website.s3.us-east-2.amazonaws.com",
                "origin_access_control_id": "E25PFXTSJV2CIN",
                "origin_id": "ma-elections-website",
                "origin_path": "",
                "origin_shield": [],
                "response_completion_timeout": 0,
                "s3_origin_config": [],
                "vpc_origin_config": []
              }
            ],
            "origin_group": [],
            "price_class": "PriceClass_100",
            "restrictions": [
              {
                "geo_restriction": [
                  {
                    "locations": [],
                    "restriction_type": "none"
                  }
                ]
              }
            ],
            "retain_on_delete": false,
            "staging": false,
            "status": "Deployed",
            "tags": {},
            "tags_all": {},
            "trusted_key_groups": [
              {
                "enabled": false,
                "items": []
              }
            ],
            "trusted_signers": [
              {
                "enabled": false,
                "items": []
              }
            ],
            "viewer_certificate": [
              {
                "acm_certificate_arn": "arn:aws:acm:us-east-1:173549513063:certificate/8b19d368-ceb4-47b8-b6a7-a9da903dec22",
                "cloudfront_default_certificate": false,
                "iam_certificate_id": "",
                "minimum_protocol_version": "TLSv1.2_2021",
                "ssl_support_method": "sni-only"
              }
            ],
            "wait_for_deployment": true,
            "web_acl_id": ""
          },
          "sensitive_attributes": [],
          "private": "eyJzY2hlbWFfdmVyc2lvbiI6IjEifQ==",
          "dependencies": [
            "module.static-website.aws_cloudfront_origin_access_control.cf-s3-oac",
            "module.static-website.aws_s3_bucket.s3-static-website"
          ]
        }
      ]
    },
    {
      "module": "module.static-website",
      "mode": "managed",
      "type": "aws_cloudfront_origin_access_control",
      "name": "cf-s3-oac",
      "provider": "provider[\"registry.terraform.io/hashicorp/aws\"]",
      "instances": [
        {
          "schema_version": 0,
          "attributes": {
            "arn": "arn:aws:cloudfront::173549513063:origin-access-control/E25PFXTSJV2CIN",
            "description": "CloudFront S3 OAC",
            "etag": "ETVPDKIKX0DER",
            "id": "E25PFXTSJV2CIN",
            "name": "ma-elections-website CloudFront S3 OAC",
            "origin_access_control_origin_type": "s3",
            "signing_behavior": "always",
            "signing_protocol": "sigv4"
          },
          "sensitive_attributes": [],
          "private": "bnVsbA==",
          "dependencies": [
            "module.static-website.aws_s3_bucket.s3-static-website"
          ]
        }
      ]
    },
    {
      "module": "module.static-website",
      "mode": "managed",
      "type": "aws_s3_bucket",
      "name": "s3-static-website",
      "provider": "provider[\"registry.terraform.io/hashicorp/aws\"]",
      "instances": [
        {
          "schema_version": 0,
          "attributes": {
            "acceleration_status": "",
            "acl": null,
            "arn": "arn:aws:s3:::ma-elections-website",
            "bucket": "ma-elections-website",
            "bucket_domain_name": "ma-elections-website.s3.amazonaws.com",
            "bucket_prefix": "",
            "bucket_region": "us-east-2",
            "bucket_regional_domain_name": "ma-elections-website.s3.us-east-2.amazonaws.com",
            "cors_rule": [],
            "force_destroy": false,
            "grant": [
              {
                "id": "afffe4e3048df09d5db21a5cc48efddcaef09f655ba175a331bc00e49d053006",
                "permissions": [
                  "FULL_CONTROL"
                ],
                "type": "CanonicalUser",
                "uri": ""
              }
            ],
            "hosted_zone_id": "Z2O1EMRO9K5GLX",
            "id": "ma-elections-website",
            "lifecycle_rule": [],
            "logging": [],
            "object_lock_configuration": [],
            "object_lock_enabled": false,
            "policy": "{\"Statement\":[{\"Action\":\"s3:GetObject\",\"Condition\":{\"StringEquals\":{\"AWS:SourceArn\":\"arn:aws:cloudfront::173549513063:distribution/EVG1F3NWIJ620\"}},\"Effect\":\"Allow\",\"Principal\":{\"Service\":\"cloudfront.amazonaws.com\"},\"Resource\":\"arn:aws:s3:::ma-elections-website/*\"}],\"Version\":\"2012-10-17\"}",
            "region": "us-east-2",
            "replication_configuration": [],
            "request_payer": "BucketOwner",
            "server_side_encryption_configuration": [
              {
                "rule": [
                  {
                    "apply_server_side_encryption_by_default": [
                      {
                        "kms_master_key_id": "",
                        "sse_algorithm": "AES256"
                      }
                    ],
                    "bucket_key_enabled": false
                  }
                ]
              }
            ],
            "tags": {},
            "tags_all": {},
            "timeouts": null,
            "versioning": [
              {
                "enabled": false,
                "mfa_delete": false
              }
            ],
            "website": [
              {
                "error_document": "index.html",
                "index_document": "index.html",
                "redirect_all_requests_to": "",
                "routing_rules": ""
              }
            ],
            "website_domain": "s3-website.us-east-2.amazonaws.com",
            "website_endpoint": "ma-elections-website.s3-website.us-east-2.amazonaws.com"
          },
          "sensitive_attributes": [],
          "private": "eyJlMmJmYjczMC1lY2FhLTExZTYtOGY4OC0zNDM2M2JjN2M0YzAiOnsiY3JlYXRlIjoxMjAwMDAwMDAwMDAwLCJkZWxldGUiOjM2MDAwMDAwMDAwMDAsInJlYWQiOjEyMDAwMDAwMDAwMDAsInVwZGF0ZSI6MTIwMDAwMDAwMDAwMH19"
        }
      ]
    },
    {
      "module": "module.static-website",
      "mode": "managed",
      "type": "aws_s3_bucket_policy",
      "name": "static_site_bucket_policy",
      "provider": "provider[\"registry.terraform.io/hashicorp/aws\"]",
      "instances": [
        {
          "schema_version": 0,
          "attributes": {
            "bucket": "ma-elections-website",
            "id": "ma-elections-website",
            "policy": "{\"Statement\":[{\"Action\":\"s3:GetObject\",\"Condition\":{\"StringEquals\":{\"AWS:SourceArn\":\"arn:aws:cloudfront::173549513063:distribution/EVG1F3NWIJ620\"}},\"Effect\":\"Allow\",\"Principal\":{\"Service\":\"cloudfront.amazonaws.com\"},\"Resource\":\"arn:aws:s3:::ma-elections-website/*\"}],\"Version\":\"2012-10-17\"}",
            "region": "us-east-2"
          },
          "sensitive_attributes": [],
          "private": "bnVsbA==",
          "dependencies": [
            "module.static-website.aws_cloudfront_distribution.cf-dist",
            "module.static-website.aws_cloudfront_origin_access_control.cf-s3-oac",
            "module.static-website.aws_s3_bucket.s3-static-website",
            "module.static-website.data.aws_iam_policy_document.s3_bucket_policy"
          ]
        }
      ]
    },
    {
      "module": "module.static-website",
      "mode": "managed",
      "type": "aws_s3_bucket_public_access_block",
      "name": "static_site_bucket_public_access",
      "provider": "provider[\"registry.terraform.io/hashicorp/aws\"]",
      "instances": [
        {
          "schema_version": 0,
          "attributes": {
            "block_public_acls": true,
            "block_public_policy": true,
            "bucket": "ma-elections-website",
            "id": "ma-elections-website",
            "ignore_public_acls": true,
            "region": "us-east-2",
            "restrict_public_buckets": true,
            "skip_destroy": null
          },
          "sensitive_attributes": [],
          "private": "bnVsbA==",
          "dependencies": [
            "module.static-website.aws_s3_bucket.s3-static-website"
          ]
        }
      ]
    },
    {
      "module": "module.static-website",
      "mode": "managed",
      "type": "aws_s3_bucket_website_configuration",
      "name": "static_site_bucket_website_config",
      "provider": "provider[\"registry.terraform.io/hashicorp/aws\"]",
      "instances": [
        {
          "schema_version": 0,
          "attributes": {
            "bucket": "ma-elections-website",
            "error_document": [
              {
                "key": "index.html"
              }
            ],
            "expected_bucket_owner": "",
            "id": "ma-elections-website",
            "index_document": [
              {
                "suffix": "index.html"
              }
            ],
            "redirect_all_requests_to": [],
            "region": "us-east-2",
            "routing_rule": [],
            "routing_rules": "",
            "website_domain": "s3-website.us-east-2.amazonaws.com",
            "website_endpoint": "ma-elections-website.s3-website.us-east-2.amazonaws.com"
          },
          "sensitive_attributes": [],
          "private": "bnVsbA==",
          "dependencies": [
            "module.static-website.aws_s3_bucket.s3-static-website"
          ]
        }
      ]
    },
    {
      "module": "module.static-website",
      "mode": "managed",
      "type": "aws_s3_object",
      "name": "provision_source_files",
      "provider": "provider[\"registry.terraform.io/hashicorp/aws\"]",
      "instances": [
        {
          "index_key": "assets/index-DTO_rY99.js",
          "schema_version": 0,
          "attributes": {
            "acl": null,
            "arn": "arn:aws:s3:::ma-elections-website/assets/index-DTO_rY99.js",
            "bucket": "ma-elections-website",
            "bucket_key_enabled": false,
            "cache_control": "",
            "checksum_algorithm": null,
            "checksum_crc32": "",
            "checksum_crc32c": "",
            "checksum_crc64nvme": "",
            "checksum_sha1": "",
            "checksum_sha256": "",
            "content": null,
            "content_base64": null,
            "content_disposition": "",
            "content_encoding": "utf-8",
            "content_language": "",
            "content_type": "application/javascript",
            "etag": "94a6dbc1974969726e09e88ce1ccc477",
            "force_destroy": false,
            "id": "ma-elections-website/assets/index-DTO_rY99.js",
            "key": "assets/index-DTO_rY99.js",
            "kms_key_id": null,
            "metadata": null,
            "object_lock_legal_hold_status": "",
            "object_lock_mode": "",
            "object_lock_retain_until_date": "",
            "override_provider": [],
            "region": "us-east-2",
            "server_side_encryption": "AES256",
            "source": "../../../src/website/dist/assets/index-DTO_rY99.js",
            "source_hash": null,
            "storage_class": "STANDARD",
            "tags": null,
            "tags_all": {},
            "version_id": "",
            "website_redirect": ""
          },
          "sensitive_attributes": [],
          "private": "bnVsbA==",
          "dependencies": [
            "module.static-website.aws_s3_bucket.s3-static-website"
          ]
        },
        {
          "index_key": "assets/index-DiN9eXb5.css",
          "schema_version": 0,
          "attributes": {
            "acl": null,
            "arn": "arn:aws:s3:::ma-elections-website/assets/index-DiN9eXb5.css",
            "bucket": "ma-elections-website",
            "bucket_key_enabled": false,
            "cache_control": "",
            "checksum_algorithm": null,
            "checksum_crc32": "",
            "checksum_crc32c": "",
            "checksum_crc64nvme": "",
            "checksum_sha1": "",
            "checksum_sha256": "",
            "content": null,
            "content_base64": null,
            "content_disposition": "",
            "content_encoding": "utf-8",
            "content_language": "",
            "content_type": "text/css",
            "etag": "e8ddc21519ff40ed96c17cfad4260e16",
            "force_destroy": false,
            "id": "ma-elections-website/assets/index-DiN9eXb5.css",
            "key": "assets/index-DiN9eXb5.css",
            "kms_key_id": null,
            "metadata": {},
            "object_lock_legal_hold_status": "",
            "object_lock_mode": "",
            "object_lock_retain_until_date": "",
            "override_provider": [],
            "region": "us-east-2",
            "server_side_encryption": "AES256",
            "source": "../../../src/website/dist/assets/index-DiN9eXb5.css",
            "source_hash": null,
            "storage_class": "STANDARD",
            "tags": {},
            "tags_all": {},
            "version_id": "",
            "website_redirect": ""
          },
          "sensitive_attributes": [],
          "private": "bnVsbA==",
          "dependencies": [
            "module.static-website.aws_s3_bucket.s3-static-website"
          ]
        },
        {
          "index_key": "images/image 1.png",
          "schema_version": 0,
          "attributes": {
            "acl": null,
            "arn": "arn:aws:s3:::ma-elections-website/images/image 1.png",
            "bucket": "ma-elections-website",
            "bucket_key_enabled": false,
            "cache_control": "",
            "checksum_algorithm": null,
            "checksum_crc32": "",
            "checksum_crc32c": "",
            "checksum_crc64nvme": "",
            "checksum_sha1": "",
            "checksum_sha256": "",
            "content": null,
            "content_base64": null,
            "content_disposition": "",
            "content_encoding": "utf-8",
            "content_language": "",
            "content_type": "text/plain",
            "etag": "20b358ea697a2a95ccec8d0357485857",
            "force_destroy": false,
            "id": "images/image 1.png",
            "key": "images/image 1.png",
            "kms_key_id": null,
            "metadata": {},
            "object_lock_legal_hold_status": "",
            "object_lock_mode": "",
            "object_lock_retain_until_date": "",
            "override_provider": [],
            "region": "us-east-2",
            "server_side_encryption": "AES256",
            "source": "../../../src/website/dist/images/image 1.png",
            "source_hash": null,
            "storage_class": "STANDARD",
            "tags": {},
            "tags_all": {},
            "version_id": "",
            "website_redirect": ""
          },
          "sensitive_attributes": [],
          "private": "bnVsbA==",
          "dependencies": [
            "module.static-website.aws_s3_bucket.s3-static-website"
          ]
        },
        {
          "index_key": "images/image 3.png",
          "schema_version": 0,
          "attributes": {
            "acl": null,
            "arn": "arn:aws:s3:::ma-elections-website/images/image 3.png",
            "bucket": "ma-elections-website",
            "bucket_key_enabled": false,
            "cache_control": "",
            "checksum_algorithm": null,
            "checksum_crc32": "",
            "checksum_crc32c": "",
            "checksum_crc64nvme": "",
            "checksum_sha1": "",
            "checksum_sha256": "",
            "content": null,
            "content_base64": null,
            "content_disposition": "",
            "content_encoding": "utf-8",
            "content_language": "",
            "content_type": "text/plain",
            "etag": "43f31195b6a1d49d5d2d1b8c6670481a",
            "force_destroy": false,
            "id": "images/image 3.png",
            "key": "images/image 3.png",
            "kms_key_id": null,
            "metadata": {},
            "object_lock_legal_hold_status": "",
            "object_lock_mode": "",
            "object_lock_retain_until_date": "",
            "override_provider": [],
            "region": "us-east-2",
            "server_side_encryption": "AES256",
            "source": "../../../src/website/dist/images/image 3.png",
            "source_hash": null,
            "storage_class": "STANDARD",
            "tags": {},
            "tags_all": {},
            "version_id": "",
            "website_redirect": ""
          },
          "sensitive_attributes": [],
          "private": "bnVsbA==",
          "dependencies": [
            "module.static-website.aws_s3_bucket.s3-static-website"
          ]
        },
        {
          "index_key": "index.html",
          "schema_version": 0,
          "attributes": {
            "acl": null,
            "arn": "arn:aws:s3:::ma-elections-website/index.html",
            "bucket": "ma-elections-website",
            "bucket_key_enabled": false,
            "cache_control": "",
            "checksum_algorithm": null,
            "checksum_crc32": "",
            "checksum_crc32c": "",
            "checksum_crc64nvme": "",
            "checksum_sha1": "",
            "checksum_sha256": "",
            "content": null,
            "content_base64": null,
            "content_disposition": "",
            "content_encoding": "utf-8",
            "content_language": "",
            "content_type": "text/html",
            "etag": "f073319048556066cd960a4e495f342a",
            "force_destroy": false,
            "id": "index.html",
            "key": "index.html",
            "kms_key_id": null,
            "metadata": {},
            "object_lock_legal_hold_status": "",
            "object_lock_mode": "",
            "object_lock_retain_until_date": "",
            "override_provider": [],
            "region": "us-east-2",
            "server_side_encryption": "AES256",
            "source": "../../../src/website/dist/index.html",
            "source_hash": null,
            "storage_class": "STANDARD",
            "tags": {},
            "tags_all": {},
            "version_id": "",
            "website_redirect": ""
          },
          "sensitive_attributes": [],
          "private": "bnVsbA==",
          "dependencies": [
            "module.static-website.aws_s3_bucket.s3-static-website"
          ]
        },
        {
          "index_key": "vite.svg",
          "schema_version": 0,
          "attributes": {
            "acl": null,
            "arn": "arn:aws:s3:::ma-elections-website/vite.svg",
            "bucket": "ma-elections-website",
            "bucket_key_enabled": false,
            "cache_control": "",
            "checksum_algorithm": null,
            "checksum_crc32": "",
            "checksum_crc32c": "",
            "checksum_crc64nvme": "",
            "checksum_sha1": "",
            "checksum_sha256": "",
            "content": null,
            "content_base64": null,
            "content_disposition": "",
            "content_encoding": "utf-8",
            "content_language": "",
            "content_type": "text/plain",
            "etag": "8e3a10e157f75ada21ab742c022d5430",
            "force_destroy": false,
            "id": "vite.svg",
            "key": "vite.svg",
            "kms_key_id": null,
            "metadata": {},
            "object_lock_legal_hold_status": "",
            "object_lock_mode": "",
            "object_lock_retain_until_date": "",
            "override_provider": [],
            "region": "us-east-2",
            "server_side_encryption": "AES256",
            "source": "../../../src/website/dist/vite.svg",
            "source_hash": null,
            "storage_class": "STANDARD",
            "tags": {},
            "tags_all": {},
            "version_id": "",
            "website_redirect": ""
          },
          "sensitive_attributes": [],
          "private": "bnVsbA==",
          "dependencies": [
            "module.static-website.aws_s3_bucket.s3-static-website"
          ]
        },
        {
          "index_key": "vote.png",
          "schema_version": 0,
          "attributes": {
            "acl": null,
            "arn": "arn:aws:s3:::ma-elections-website/vote.png",
            "bucket": "ma-elections-website",
            "bucket_key_enabled": false,
            "cache_control": "",
            "checksum_algorithm": null,
            "checksum_crc32": "",
            "checksum_crc32c": "",
            "checksum_crc64nvme": "",
            "checksum_sha1": "",
            "checksum_sha256": "",
            "content": null,
            "content_base64": null,
            "content_disposition": "",
            "content_encoding": "utf-8",
            "content_language": "",
            "content_type": "text/plain",
            "etag": "1a556ae2c1da953d553e89b7f7007928",
            "force_destroy": false,
            "id": "ma-elections-website/vote.png",
            "key": "vote.png",
            "kms_key_id": null,
            "metadata": {},
            "object_lock_legal_hold_status": "",
            "object_lock_mode": "",
            "object_lock_retain_until_date": "",
            "override_provider": [],
            "region": "us-east-2",
            "server_side_encryption": "AES256",
            "source": "../../../src/website/dist/vote.png",
            "source_hash": null,
            "storage_class": "STANDARD",
            "tags": {},
            "tags_all": {},
            "version_id": "",
            "website_redirect": ""
          },
          "sensitive_attributes": [],
          "private": "bnVsbA==",
          "dependencies": [
            "module.static-website.aws_s3_bucket.s3-static-website"
          ]
        }
      ]
    },
    {
      "module": "module.static-website",
      "mode": "managed",
      "type": "null_resource",
      "name": "invalidate_cf_cache",
      "provider": "provider[\"registry.terraform.io/hashicorp/null\"]",
      "instances": [
        {
          "schema_version": 0,
          "attributes": {
            "id": "3390343309295244797",
            "triggers": {
              "always_run": "2026-05-22T12:34:51Z"
            }
          },
          "sensitive_attributes": [],
          "dependencies": [
            "module.static-website.aws_cloudfront_distribution.cf-dist",
            "module.static-website.aws_cloudfront_origin_access_control.cf-s3-oac",
            "module.static-website.aws_s3_bucket.s3-static-website"
          ]
        }
      ]
    }
  ],
  "check_results": null
}
