{
  "version": 4,
  "terraform_version": "1.11.0",
  "serial": 309,
  "lineage": "e32490da-50ab-0499-2e33-20a2a1841a71",
  "outputs": {},
  "resources": [
    {
      "mode": "data",
      "type": "terraform_remote_state",
      "name": "deployment",
      "provider": "provider[\"terraform.io/builtin/terraform\"]",
      "instances": [
        {
          "schema_version": 0,
          "attributes": {
            "backend": "local",
            "config": {
              "value": {
                "path": "../deployments/terraform.tfstate"
              },
              "type": [
                "object",
                {
                  "path": "string"
                }
              ]
            },
            "defaults": null,
            "outputs": {
              "value": {
                "arn": "arn:aws:s3:::ma-election-deployment",
                "name": "ma-election-deployment"
              },
              "type": [
                "object",
                {
                  "arn": "string",
                  "name": "string"
                }
              ]
            },
            "workspace": null
          },
          "sensitive_attributes": []
        }
      ]
    },
    {
      "mode": "data",
      "type": "terraform_remote_state",
      "name": "vpc",
      "provider": "provider[\"terraform.io/builtin/terraform\"]",
      "instances": [
        {
          "schema_version": 0,
          "attributes": {
            "backend": "local",
            "config": {
              "value": {
                "path": "../vpc/terraform.tfstate"
              },
              "type": [
                "object",
                {
                  "path": "string"
                }
              ]
            },
            "defaults": null,
            "outputs": {
              "value": {
                "database_security_group_id": "sg-043bb8c6cf9ef3da2",
                "database_subnet_group": "primary-services-vpc",
                "database_subnet_group_ids": [
                  "subnet-0d271a50098790f54",
                  "subnet-01bfa9ce1534d7314"
                ],
                "default_security_group_id": "sg-043bb8c6cf9ef3da2",
                "vpc_private_subnets": [
                  "subnet-05a6378a057a3b2be",
                  "subnet-0d21006290be8dd4c"
                ],
                "vpc_public_subnets": [
                  "subnet-0a769394130bab160",
                  "subnet-083af7dac7a840a08"
                ]
              },
              "type": [
                "object",
                {
                  "database_security_group_id": "string",
                  "database_subnet_group": "string",
                  "database_subnet_group_ids": [
                    "tuple",
                    [
                      "string",
                      "string"
                    ]
                  ],
                  "default_security_group_id": "string",
                  "vpc_private_subnets": [
                    "tuple",
                    [
                      "string",
                      "string"
                    ]
                  ],
                  "vpc_public_subnets": [
                    "tuple",
                    [
                      "string",
                      "string"
                    ]
                  ]
                }
              ]
            },
            "workspace": null
          },
          "sensitive_attributes": []
        }
      ]
    },
    {
      "module": "module.node-api",
      "mode": "data",
      "type": "archive_file",
      "name": "node_api_source",
      "provider": "provider[\"registry.terraform.io/hashicorp/archive\"]",
      "instances": [
        {
          "schema_version": 0,
          "attributes": {
            "exclude_symlink_directories": null,
            "excludes": null,
            "id": "16ed5e9413fd303a6f571ace99e964e2c4dbad57",
            "output_base64sha256": "kmcS5v0yDVAy5G5ry/ngh5+5EEKdNaGX9jp9JDxerT8=",
            "output_base64sha512": "m9dquEB44FIqXU5LaLrz8L+94US+41+LuMhbftfrXL/uWm1xcMIsz6vgN1m7N4H33S7I0ickaFZpm8mSaJeiwQ==",
            "output_file_mode": null,
            "output_md5": "3cc1f4658a963792493c914226af8419",
            "output_path": "./build/lambdas/node_api.zip",
            "output_sha": "16ed5e9413fd303a6f571ace99e964e2c4dbad57",
            "output_sha256": "926712e6fd320d5032e46e6bcbf9e0879fb910429d35a197f63a7d243c5ead3f",
            "output_sha512": "9bd76ab84078e0522a5d4e4b68baf3f0bfbde144bee35f8bb8c85b7ed7eb5cbfee5a6d7170c22ccfabe03759bb3781f7dd2ec8d227246856699bc9926897a2c1",
            "output_size": 21874486,
            "source": [],
            "source_content": null,
            "source_content_filename": null,
            "source_dir": "../../../src/node-api",
            "source_file": null,
            "type": "zip"
          },
          "sensitive_attributes": []
        }
      ]
    },
    {
      "module": "module.node-api",
      "mode": "data",
      "type": "aws_cloudfront_origin_request_policy",
      "name": "all_except_host",
      "provider": "provider[\"registry.terraform.io/hashicorp/aws\"]",
      "instances": [
        {
          "schema_version": 0,
          "attributes": {
            "arn": "arn:aws:cloudfront::173549513063:origin-request-policy/59781a5b-3903-41f3-afcb-af62929ccde1",
            "comment": "Policy for custom origin with CORS",
            "cookies_config": [
              {
                "cookie_behavior": "none",
                "cookies": []
              }
            ],
            "etag": "E23ZP02F085DFQ",
            "headers_config": [
              {
                "header_behavior": "whitelist",
                "headers": [
                  {
                    "items": [
                      "origin"
                    ]
                  }
                ]
              }
            ],
            "id": "59781a5b-3903-41f3-afcb-af62929ccde1",
            "name": "Managed-CORS-CustomOrigin",
            "query_strings_config": [
              {
                "query_string_behavior": "none",
                "query_strings": []
              }
            ]
          },
          "sensitive_attributes": []
        }
      ]
    },
    {
      "module": "module.node-api",
      "mode": "data",
      "type": "aws_iam_policy_document",
      "name": "assume_role",
      "provider": "provider[\"registry.terraform.io/hashicorp/aws\"]",
      "instances": [
        {
          "schema_version": 0,
          "attributes": {
            "id": "2690255455",
            "json": "{\n  \"Version\": \"2012-10-17\",\n  \"Statement\": [\n    {\n      \"Effect\": \"Allow\",\n      \"Action\": \"sts:AssumeRole\",\n      \"Principal\": {\n        \"Service\": \"lambda.amazonaws.com\"\n      }\n    }\n  ]\n}",
            "minified_json": "{\"Version\":\"2012-10-17\",\"Statement\":[{\"Effect\":\"Allow\",\"Action\":\"sts:AssumeRole\",\"Principal\":{\"Service\":\"lambda.amazonaws.com\"}}]}",
            "override_json": null,
            "override_policy_documents": null,
            "policy_id": null,
            "source_json": null,
            "source_policy_documents": null,
            "statement": [
              {
                "actions": [
                  "sts:AssumeRole"
                ],
                "condition": [],
                "effect": "Allow",
                "not_actions": [],
                "not_principals": [],
                "not_resources": [],
                "principals": [
                  {
                    "identifiers": [
                      "lambda.amazonaws.com"
                    ],
                    "type": "Service"
                  }
                ],
                "resources": [],
                "sid": ""
              }
            ],
            "version": "2012-10-17"
          },
          "sensitive_attributes": []
        }
      ]
    },
    {
      "module": "module.node-api",
      "mode": "data",
      "type": "aws_iam_policy_document",
      "name": "ec2",
      "provider": "provider[\"registry.terraform.io/hashicorp/aws\"]",
      "instances": [
        {
          "schema_version": 0,
          "attributes": {
            "id": "1129172564",
            "json": "{\n  \"Version\": \"2012-10-17\",\n  \"Statement\": [\n    {\n      \"Effect\": \"Allow\",\n      \"Action\": [\n        \"ec2:UnassignPrivateIpAddresses\",\n        \"ec2:DescribeSubnets\",\n        \"ec2:DescribeNetworkInterfaces\",\n        \"ec2:DeleteNetworkInterface\",\n        \"ec2:CreateNetworkInterface\",\n        \"ec2:AssignPrivateIpAddresses\"\n      ],\n      \"Resource\": \"*\"\n    }\n  ]\n}",
            "minified_json": "{\"Version\":\"2012-10-17\",\"Statement\":[{\"Effect\":\"Allow\",\"Action\":[\"ec2:UnassignPrivateIpAddresses\",\"ec2:DescribeSubnets\",\"ec2:DescribeNetworkInterfaces\",\"ec2:DeleteNetworkInterface\",\"ec2:CreateNetworkInterface\",\"ec2:AssignPrivateIpAddresses\"],\"Resource\":\"*\"}]}",
            "override_json": null,
            "override_policy_documents": null,
            "policy_id": null,
            "source_json": null,
            "source_policy_documents": null,
            "statement": [
              {
                "actions": [
                  "ec2:AssignPrivateIpAddresses",
                  "ec2:CreateNetworkInterface",
                  "ec2:DeleteNetworkInterface",
                  "ec2:DescribeNetworkInterfaces",
                  "ec2:DescribeSubnets",
                  "ec2:UnassignPrivateIpAddresses"
                ],
                "condition": [],
                "effect": "Allow",
                "not_actions": [],
                "not_principals": [],
                "not_resources": [],
                "principals": [],
                "resources": [
                  "*"
                ],
                "sid": ""
              }
            ],
            "version": "2012-10-17"
          },
          "sensitive_attributes": []
        }
      ]
    },
    {
      "module": "module.node-api",
      "mode": "data",
      "type": "aws_iam_policy_document",
      "name": "lambda_logging",
      "provider": "provider[\"registry.terraform.io/hashicorp/aws\"]",
      "instances": [
        {
          "schema_version": 0,
          "attributes": {
            "id": "16712114",
            "json": "{\n  \"Version\": \"2012-10-17\",\n  \"Statement\": [\n    {\n      \"Effect\": \"Allow\",\n      \"Action\": [\n        \"logs:PutLogEvents\",\n        \"logs:CreateLogStream\",\n        \"logs:CreateLogGroup\"\n      ],\n      \"Resource\": \"arn:aws:logs:*:*:*\"\n    }\n  ]\n}",
            "minified_json": "{\"Version\":\"2012-10-17\",\"Statement\":[{\"Effect\":\"Allow\",\"Action\":[\"logs:PutLogEvents\",\"logs:CreateLogStream\",\"logs:CreateLogGroup\"],\"Resource\":\"arn:aws:logs:*:*:*\"}]}",
            "override_json": null,
            "override_policy_documents": null,
            "policy_id": null,
            "source_json": null,
            "source_policy_documents": null,
            "statement": [
              {
                "actions": [
                  "logs:CreateLogGroup",
                  "logs:CreateLogStream",
                  "logs:PutLogEvents"
                ],
                "condition": [],
                "effect": "Allow",
                "not_actions": [],
                "not_principals": [],
                "not_resources": [],
                "principals": [],
                "resources": [
                  "arn:aws:logs:*:*:*"
                ],
                "sid": ""
              }
            ],
            "version": "2012-10-17"
          },
          "sensitive_attributes": []
        }
      ]
    },
    {
      "module": "module.node-api",
      "mode": "data",
      "type": "aws_iam_policy_document",
      "name": "lambda_secrets",
      "provider": "provider[\"registry.terraform.io/hashicorp/aws\"]",
      "instances": [
        {
          "schema_version": 0,
          "attributes": {
            "id": "2856285183",
            "json": "{\n  \"Version\": \"2012-10-17\",\n  \"Statement\": [\n    {\n      \"Effect\": \"Allow\",\n      \"Action\": \"secretsmanager:*\",\n      \"Resource\": \"*\"\n    }\n  ]\n}",
            "minified_json": "{\"Version\":\"2012-10-17\",\"Statement\":[{\"Effect\":\"Allow\",\"Action\":\"secretsmanager:*\",\"Resource\":\"*\"}]}",
            "override_json": null,
            "override_policy_documents": null,
            "policy_id": null,
            "source_json": null,
            "source_policy_documents": null,
            "statement": [
              {
                "actions": [
                  "secretsmanager:*"
                ],
                "condition": [],
                "effect": "Allow",
                "not_actions": [],
                "not_principals": [],
                "not_resources": [],
                "principals": [],
                "resources": [
                  "*"
                ],
                "sid": ""
              }
            ],
            "version": "2012-10-17"
          },
          "sensitive_attributes": []
        }
      ]
    },
    {
      "module": "module.node-api",
      "mode": "data",
      "type": "aws_iam_policy_document",
      "name": "rds",
      "provider": "provider[\"registry.terraform.io/hashicorp/aws\"]",
      "instances": [
        {
          "schema_version": 0,
          "attributes": {
            "id": "1910694912",
            "json": "{\n  \"Version\": \"2012-10-17\",\n  \"Statement\": [\n    {\n      \"Effect\": \"Allow\",\n      \"Action\": \"rds-db:connect\",\n      \"Resource\": \"*\"\n    }\n  ]\n}",
            "minified_json": "{\"Version\":\"2012-10-17\",\"Statement\":[{\"Effect\":\"Allow\",\"Action\":\"rds-db:connect\",\"Resource\":\"*\"}]}",
            "override_json": null,
            "override_policy_documents": null,
            "policy_id": null,
            "source_json": null,
            "source_policy_documents": null,
            "statement": [
              {
                "actions": [
                  "rds-db:connect"
                ],
                "condition": [],
                "effect": "Allow",
                "not_actions": [],
                "not_principals": [],
                "not_resources": [],
                "principals": [],
                "resources": [
                  "*"
                ],
                "sid": ""
              }
            ],
            "version": "2012-10-17"
          },
          "sensitive_attributes": []
        }
      ]
    },
    {
      "module": "module.node-api",
      "mode": "managed",
      "type": "aws_api_gateway_deployment",
      "name": "node_api",
      "provider": "provider[\"registry.terraform.io/hashicorp/aws\"]",
      "instances": [
        {
          "schema_version": 0,
          "attributes": {
            "canary_settings": [],
            "created_date": "2025-06-03T04:21:56Z",
            "description": "",
            "execution_arn": "arn:aws:execute-api:us-east-2:173549513063:sbimtwz3og/",
            "id": "6063j9",
            "invoke_url": "https://sbimtwz3og.execute-api.us-east-2.amazonaws.com/",
            "rest_api_id": "sbimtwz3og",
            "stage_description": null,
            "stage_name": null,
            "triggers": null,
            "variables": null
          },
          "sensitive_attributes": [],
          "private": "bnVsbA==",
          "dependencies": [
            "data.terraform_remote_state.deployment",
            "data.terraform_remote_state.vpc",
            "module.node-api.aws_api_gateway_integration.node_api",
            "module.node-api.aws_api_gateway_integration.options",
            "module.node-api.aws_api_gateway_method.proxy",
            "module.node-api.aws_api_gateway_resource.proxy",
            "module.node-api.aws_api_gateway_rest_api.node_api",
            "module.node-api.aws_cloudwatch_log_group.node_api",
            "module.node-api.aws_iam_policy.node_api_ec2",
            "module.node-api.aws_iam_policy.node_api_logging",
            "module.node-api.aws_iam_policy.node_api_rds",
            "module.node-api.aws_iam_policy.node_api_secrets",
            "module.node-api.aws_iam_role.iam_for_node_api",
            "module.node-api.aws_iam_role_policy_attachment.lambda_vpc_access_execution",
            "module.node-api.aws_iam_role_policy_attachment.node_api_ec2",
            "module.node-api.aws_iam_role_policy_attachment.node_api_logging",
            "module.node-api.aws_iam_role_policy_attachment.node_api_rds",
            "module.node-api.aws_iam_role_policy_attachment.node_api_secrets",
            "module.node-api.aws_lambda_function.node_api",
            "module.node-api.aws_s3_object.file_upload",
            "module.node-api.data.archive_file.node_api_source",
            "module.node-api.data.aws_iam_policy_document.assume_role",
            "module.node-api.data.aws_iam_policy_document.ec2",
            "module.node-api.data.aws_iam_policy_document.lambda_logging",
            "module.node-api.data.aws_iam_policy_document.lambda_secrets",
            "module.node-api.data.aws_iam_policy_document.rds"
          ]
        }
      ]
    },
    {
      "module": "module.node-api",
      "mode": "managed",
      "type": "aws_api_gateway_integration",
      "name": "node_api",
      "provider": "provider[\"registry.terraform.io/hashicorp/aws\"]",
      "instances": [
        {
          "schema_version": 0,
          "attributes": {
            "cache_key_parameters": [],
            "cache_namespace": "rf27ay",
            "connection_id": "",
            "connection_type": "INTERNET",
            "content_handling": "",
            "credentials": "",
            "http_method": "ANY",
            "id": "agi-sbimtwz3og-rf27ay-ANY",
            "integration_http_method": "POST",
            "passthrough_behavior": "WHEN_NO_MATCH",
            "request_parameters": {},
            "request_templates": {},
            "resource_id": "rf27ay",
            "rest_api_id": "sbimtwz3og",
            "timeout_milliseconds": 29000,
            "tls_config": [],
            "type": "AWS_PROXY",
            "uri": "arn:aws:apigateway:us-east-2:lambda:path/2015-03-31/functions/arn:aws:lambda:us-east-2:173549513063:function:node_api/invocations"
          },
          "sensitive_attributes": [],
          "private": "bnVsbA==",
          "dependencies": [
            "data.terraform_remote_state.deployment",
            "data.terraform_remote_state.vpc",
            "module.node-api.aws_api_gateway_method.proxy",
            "module.node-api.aws_api_gateway_resource.proxy",
            "module.node-api.aws_api_gateway_rest_api.node_api",
            "module.node-api.aws_cloudwatch_log_group.node_api",
            "module.node-api.aws_iam_policy.node_api_ec2",
            "module.node-api.aws_iam_policy.node_api_logging",
            "module.node-api.aws_iam_policy.node_api_rds",
            "module.node-api.aws_iam_policy.node_api_secrets",
            "module.node-api.aws_iam_role.iam_for_node_api",
            "module.node-api.aws_iam_role_policy_attachment.lambda_vpc_access_execution",
            "module.node-api.aws_iam_role_policy_attachment.node_api_ec2",
            "module.node-api.aws_iam_role_policy_attachment.node_api_logging",
            "module.node-api.aws_iam_role_policy_attachment.node_api_rds",
            "module.node-api.aws_iam_role_policy_attachment.node_api_secrets",
            "module.node-api.aws_lambda_function.node_api",
            "module.node-api.aws_s3_object.file_upload",
            "module.node-api.data.archive_file.node_api_source",
            "module.node-api.data.aws_iam_policy_document.assume_role",
            "module.node-api.data.aws_iam_policy_document.ec2",
            "module.node-api.data.aws_iam_policy_document.lambda_logging",
            "module.node-api.data.aws_iam_policy_document.lambda_secrets",
            "module.node-api.data.aws_iam_policy_document.rds"
          ]
        }
      ]
    },
    {
      "module": "module.node-api",
      "mode": "managed",
      "type": "aws_api_gateway_integration",
      "name": "options",
      "provider": "provider[\"registry.terraform.io/hashicorp/aws\"]",
      "instances": [
        {
          "schema_version": 0,
          "attributes": {
            "cache_key_parameters": [],
            "cache_namespace": "rf27ay",
            "connection_id": "",
            "connection_type": "INTERNET",
            "content_handling": "",
            "credentials": "",
            "http_method": "OPTIONS",
            "id": "agi-sbimtwz3og-rf27ay-OPTIONS",
            "integration_http_method": "",
            "passthrough_behavior": "WHEN_NO_MATCH",
            "request_parameters": {},
            "request_templates": {
              "application/json": "{statusCode: 200}"
            },
            "resource_id": "rf27ay",
            "rest_api_id": "sbimtwz3og",
            "timeout_milliseconds": 29000,
            "tls_config": [],
            "type": "MOCK",
            "uri": ""
          },
          "sensitive_attributes": [],
          "private": "bnVsbA==",
          "dependencies": [
            "module.node-api.aws_api_gateway_resource.proxy",
            "module.node-api.aws_api_gateway_rest_api.node_api"
          ]
        }
      ]
    },
    {
      "module": "module.node-api",
      "mode": "managed",
      "type": "aws_api_gateway_integration_response",
      "name": "options",
      "provider": "provider[\"registry.terraform.io/hashicorp/aws\"]",
      "instances": [
        {
          "schema_version": 0,
          "attributes": {
            "content_handling": "",
            "http_method": "OPTIONS",
            "id": "agir-sbimtwz3og-rf27ay-OPTIONS-200",
            "resource_id": "rf27ay",
            "response_parameters": {
              "method.response.header.Access-Control-Allow-Credentials": "'true'",
              "method.response.header.Access-Control-Allow-Headers": "'Content-Type,X-Amz-Date,Authorization,X-Api-Key,X-Amz-Security-Token'",
              "method.response.header.Access-Control-Allow-Methods": "'POST,OPTIONS'",
              "method.response.header.Access-Control-Allow-Origin": "'*'"
            },
            "response_templates": {},
            "rest_api_id": "sbimtwz3og",
            "selection_pattern": "",
            "status_code": "200"
          },
          "sensitive_attributes": [],
          "private": "bnVsbA==",
          "dependencies": [
            "module.node-api.aws_api_gateway_integration.options",
            "module.node-api.aws_api_gateway_resource.proxy",
            "module.node-api.aws_api_gateway_rest_api.node_api"
          ]
        }
      ]
    },
    {
      "module": "module.node-api",
      "mode": "managed",
      "type": "aws_api_gateway_method",
      "name": "options",
      "provider": "provider[\"registry.terraform.io/hashicorp/aws\"]",
      "instances": [
        {
          "schema_version": 0,
          "attributes": {
            "api_key_required": false,
            "authorization": "NONE",
            "authorization_scopes": [],
            "authorizer_id": "",
            "http_method": "OPTIONS",
            "id": "agm-sbimtwz3og-rf27ay-OPTIONS",
            "operation_name": "",
            "request_models": {},
            "request_parameters": {},
            "request_validator_id": "",
            "resource_id": "rf27ay",
            "rest_api_id": "sbimtwz3og"
          },
          "sensitive_attributes": [],
          "private": "bnVsbA==",
          "dependencies": [
            "module.node-api.aws_api_gateway_resource.proxy",
            "module.node-api.aws_api_gateway_rest_api.node_api"
          ]
        }
      ]
    },
    {
      "module": "module.node-api",
      "mode": "managed",
      "type": "aws_api_gateway_method",
      "name": "proxy",
      "provider": "provider[\"registry.terraform.io/hashicorp/aws\"]",
      "instances": [
        {
          "schema_version": 0,
          "attributes": {
            "api_key_required": false,
            "authorization": "NONE",
            "authorization_scopes": [],
            "authorizer_id": "",
            "http_method": "ANY",
            "id": "agm-sbimtwz3og-rf27ay-ANY",
            "operation_name": "",
            "request_models": {},
            "request_parameters": {},
            "request_validator_id": "",
            "resource_id": "rf27ay",
            "rest_api_id": "sbimtwz3og"
          },
          "sensitive_attributes": [],
          "private": "bnVsbA==",
          "dependencies": [
            "module.node-api.aws_api_gateway_resource.proxy",
            "module.node-api.aws_api_gateway_rest_api.node_api"
          ]
        }
      ]
    },
    {
      "module": "module.node-api",
      "mode": "managed",
      "type": "aws_api_gateway_method_response",
      "name": "options",
      "provider": "provider[\"registry.terraform.io/hashicorp/aws\"]",
      "instances": [
        {
          "schema_version": 0,
          "attributes": {
            "http_method": "OPTIONS",
            "id": "agmr-sbimtwz3og-rf27ay-OPTIONS-200",
            "resource_id": "rf27ay",
            "response_models": {
              "application/json": "Empty"
            },
            "response_parameters": {
              "method.response.header.Access-Control-Allow-Credentials": true,
              "method.response.header.Access-Control-Allow-Headers": true,
              "method.response.header.Access-Control-Allow-Methods": true,
              "method.response.header.Access-Control-Allow-Origin": true
            },
            "rest_api_id": "sbimtwz3og",
            "status_code": "200"
          },
          "sensitive_attributes": [],
          "private": "bnVsbA==",
          "dependencies": [
            "module.node-api.aws_api_gateway_method.options",
            "module.node-api.aws_api_gateway_resource.proxy",
            "module.node-api.aws_api_gateway_rest_api.node_api"
          ]
        }
      ]
    },
    {
      "module": "module.node-api",
      "mode": "managed",
      "type": "aws_api_gateway_resource",
      "name": "proxy",
      "provider": "provider[\"registry.terraform.io/hashicorp/aws\"]",
      "instances": [
        {
          "schema_version": 0,
          "attributes": {
            "id": "rf27ay",
            "parent_id": "er7laglgug",
            "path": "/{proxy+}",
            "path_part": "{proxy+}",
            "rest_api_id": "sbimtwz3og"
          },
          "sensitive_attributes": [],
          "private": "bnVsbA==",
          "dependencies": [
            "module.node-api.aws_api_gateway_rest_api.node_api"
          ]
        }
      ]
    },
    {
      "module": "module.node-api",
      "mode": "managed",
      "type": "aws_api_gateway_rest_api",
      "name": "node_api",
      "provider": "provider[\"registry.terraform.io/hashicorp/aws\"]",
      "instances": [
        {
          "schema_version": 0,
          "attributes": {
            "api_key_source": "HEADER",
            "arn": "arn:aws:apigateway:us-east-2::/restapis/sbimtwz3og",
            "binary_media_types": [],
            "body": null,
            "created_date": "2025-06-03T03:49:45Z",
            "description": "This is the Node API",
            "disable_execute_api_endpoint": false,
            "endpoint_configuration": [
              {
                "ip_address_type": "ipv4",
                "types": [
                  "EDGE"
                ],
                "vpc_endpoint_ids": []
              }
            ],
            "execution_arn": "arn:aws:execute-api:us-east-2:173549513063:sbimtwz3og",
            "fail_on_warnings": null,
            "id": "sbimtwz3og",
            "minimum_compression_size": "",
            "name": "Node API",
            "parameters": null,
            "policy": "",
            "put_rest_api_mode": null,
            "root_resource_id": "er7laglgug",
            "tags": {},
            "tags_all": {}
          },
          "sensitive_attributes": [],
          "private": "bnVsbA=="
        }
      ]
    },
    {
      "module": "module.node-api",
      "mode": "managed",
      "type": "aws_api_gateway_stage",
      "name": "node_api",
      "provider": "provider[\"registry.terraform.io/hashicorp/aws\"]",
      "instances": [
        {
          "schema_version": 0,
          "attributes": {
            "access_log_settings": [],
            "arn": "arn:aws:apigateway:us-east-2::/restapis/sbimtwz3og/stages/dev",
            "cache_cluster_enabled": false,
            "cache_cluster_size": "",
            "canary_settings": [],
            "client_certificate_id": "",
            "deployment_id": "6063j9",
            "description": "",
            "documentation_version": "",
            "execution_arn": "arn:aws:execute-api:us-east-2:173549513063:sbimtwz3og/dev",
            "id": "ags-sbimtwz3og-dev",
            "invoke_url": "https://sbimtwz3og.execute-api.us-east-2.amazonaws.com/dev",
            "rest_api_id": "sbimtwz3og",
            "stage_name": "dev",
            "tags": {},
            "tags_all": {},
            "variables": {},
            "web_acl_arn": "",
            "xray_tracing_enabled": false
          },
          "sensitive_attributes": [],
          "private": "bnVsbA==",
          "dependencies": [
            "data.terraform_remote_state.deployment",
            "data.terraform_remote_state.vpc",
            "module.node-api.aws_api_gateway_deployment.node_api",
            "module.node-api.aws_api_gateway_integration.node_api",
            "module.node-api.aws_api_gateway_integration.options",
            "module.node-api.aws_api_gateway_method.proxy",
            "module.node-api.aws_api_gateway_resource.proxy",
            "module.node-api.aws_api_gateway_rest_api.node_api",
            "module.node-api.aws_cloudwatch_log_group.node_api",
            "module.node-api.aws_iam_policy.node_api_ec2",
            "module.node-api.aws_iam_policy.node_api_logging",
            "module.node-api.aws_iam_policy.node_api_rds",
            "module.node-api.aws_iam_policy.node_api_secrets",
            "module.node-api.aws_iam_role.iam_for_node_api",
            "module.node-api.aws_iam_role_policy_attachment.lambda_vpc_access_execution",
            "module.node-api.aws_iam_role_policy_attachment.node_api_ec2",
            "module.node-api.aws_iam_role_policy_attachment.node_api_logging",
            "module.node-api.aws_iam_role_policy_attachment.node_api_rds",
            "module.node-api.aws_iam_role_policy_attachment.node_api_secrets",
            "module.node-api.aws_lambda_function.node_api",
            "module.node-api.aws_s3_object.file_upload",
            "module.node-api.data.archive_file.node_api_source",
            "module.node-api.data.aws_iam_policy_document.assume_role",
            "module.node-api.data.aws_iam_policy_document.ec2",
            "module.node-api.data.aws_iam_policy_document.lambda_logging",
            "module.node-api.data.aws_iam_policy_document.lambda_secrets",
            "module.node-api.data.aws_iam_policy_document.rds"
          ]
        }
      ]
    },
    {
      "module": "module.node-api",
      "mode": "managed",
      "type": "aws_cloudfront_cache_policy",
      "name": "api_cache_policy",
      "provider": "provider[\"registry.terraform.io/hashicorp/aws\"]",
      "instances": [
        {
          "schema_version": 0,
          "attributes": {
            "arn": "arn:aws:cloudfront::173549513063:cache-policy/c627b9b6-3fac-427d-b11f-e04c1c16f10b",
            "comment": "",
            "default_ttl": 1,
            "etag": "ETVPDKIKX0DER",
            "id": "c627b9b6-3fac-427d-b11f-e04c1c16f10b",
            "max_ttl": 1,
            "min_ttl": 1,
            "name": "api-cache-policy",
            "parameters_in_cache_key_and_forwarded_to_origin": [
              {
                "cookies_config": [
                  {
                    "cookie_behavior": "all",
                    "cookies": []
                  }
                ],
                "enable_accept_encoding_brotli": false,
                "enable_accept_encoding_gzip": false,
                "headers_config": [
                  {
                    "header_behavior": "whitelist",
                    "headers": [
                      {
                        "items": [
                          "Authorization"
                        ]
                      }
                    ]
                  }
                ],
                "query_strings_config": [
                  {
                    "query_string_behavior": "all",
                    "query_strings": []
                  }
                ]
              }
            ]
          },
          "sensitive_attributes": [],
          "private": "bnVsbA=="
        }
      ]
    },
    {
      "module": "module.node-api",
      "mode": "managed",
      "type": "aws_cloudfront_distribution",
      "name": "api_gateway",
      "provider": "provider[\"registry.terraform.io/hashicorp/aws\"]",
      "instances": [
        {
          "schema_version": 1,
          "attributes": {
            "aliases": [
              "api.deadlykitten.com",
              "api.mademocracy.com"
            ],
            "arn": "arn:aws:cloudfront::173549513063:distribution/EPVKLEOBW135I",
            "caller_reference": "terraform-20250604124948437800000001",
            "comment": null,
            "continuous_deployment_policy_id": "",
            "custom_error_response": [],
            "default_cache_behavior": [
              {
                "allowed_methods": [
                  "DELETE",
                  "GET",
                  "HEAD",
                  "OPTIONS",
                  "PATCH",
                  "POST",
                  "PUT"
                ],
                "cache_policy_id": "c627b9b6-3fac-427d-b11f-e04c1c16f10b",
                "cached_methods": [
                  "GET",
                  "HEAD"
                ],
                "compress": true,
                "default_ttl": 0,
                "field_level_encryption_id": "",
                "forwarded_values": [],
                "function_association": [],
                "grpc_config": [
                  {
                    "enabled": false
                  }
                ],
                "lambda_function_association": [],
                "max_ttl": 0,
                "min_ttl": 0,
                "origin_request_policy_id": "59781a5b-3903-41f3-afcb-af62929ccde1",
                "realtime_log_config_arn": "",
                "response_headers_policy_id": "7defd16a-f241-4e07-a869-1f5a38f7924b",
                "smooth_streaming": false,
                "target_origin_id": "node_api",
                "trusted_key_groups": [],
                "trusted_signers": [],
                "viewer_protocol_policy": "https-only"
              }
            ],
            "default_root_object": "",
            "domain_name": "d1c7id2x1cyk9d.cloudfront.net",
            "enabled": true,
            "etag": "E3E0F60ZS95DS5",
            "hosted_zone_id": "Z2FDTNDATAQYW2",
            "http_version": "http2",
            "id": "EPVKLEOBW135I",
            "in_progress_validation_batches": 0,
            "is_ipv6_enabled": false,
            "last_modified_time": "2025-11-03 03:46:08.114 +0000 UTC",
            "logging_config": [],
            "ordered_cache_behavior": [],
            "origin": [
              {
                "connection_attempts": 3,
                "connection_timeout": 10,
                "custom_header": [],
                "custom_origin_config": [
                  {
                    "http_port": 80,
                    "https_port": 443,
                    "origin_keepalive_timeout": 5,
                    "origin_protocol_policy": "https-only",
                    "origin_read_timeout": 30,
                    "origin_ssl_protocols": [
                      "TLSv1.2"
                    ]
                  }
                ],
                "domain_name": "sbimtwz3og.execute-api.us-east-2.amazonaws.com",
                "origin_access_control_id": "",
                "origin_id": "node_api",
                "origin_path": "/dev",
                "origin_shield": [],
                "s3_origin_config": [],
                "vpc_origin_config": []
              }
            ],
            "origin_group": [],
            "price_class": "PriceClass_100",
            "restrictions": [
              {
                "geo_restriction": [
                  {
                    "locations": [],
                    "restriction_type": "none"
                  }
                ]
              }
            ],
            "retain_on_delete": false,
            "staging": false,
            "status": "Deployed",
            "tags": {},
            "tags_all": {},
            "trusted_key_groups": [
              {
                "enabled": false,
                "items": []
              }
            ],
            "trusted_signers": [
              {
                "enabled": false,
                "items": []
              }
            ],
            "viewer_certificate": [
              {
                "acm_certificate_arn": "arn:aws:acm:us-east-1:173549513063:certificate/8b19d368-ceb4-47b8-b6a7-a9da903dec22",
                "cloudfront_default_certificate": false,
                "iam_certificate_id": "",
                "minimum_protocol_version": "TLSv1.2_2021",
                "ssl_support_method": "sni-only"
              }
            ],
            "wait_for_deployment": true,
            "web_acl_id": ""
          },
          "sensitive_attributes": [],
          "private": "eyJzY2hlbWFfdmVyc2lvbiI6IjEifQ==",
          "dependencies": [
            "data.terraform_remote_state.deployment",
            "data.terraform_remote_state.vpc",
            "module.node-api.aws_api_gateway_deployment.node_api",
            "module.node-api.aws_api_gateway_integration.node_api",
            "module.node-api.aws_api_gateway_integration.options",
            "module.node-api.aws_api_gateway_method.proxy",
            "module.node-api.aws_api_gateway_resource.proxy",
            "module.node-api.aws_api_gateway_rest_api.node_api",
            "module.node-api.aws_api_gateway_stage.node_api",
            "module.node-api.aws_cloudfront_cache_policy.api_cache_policy",
            "module.node-api.aws_cloudfront_response_headers_policy.allow_cors_with_credentials",
            "module.node-api.aws_cloudwatch_log_group.node_api",
            "module.node-api.aws_iam_policy.node_api_ec2",
            "module.node-api.aws_iam_policy.node_api_logging",
            "module.node-api.aws_iam_policy.node_api_rds",
            "module.node-api.aws_iam_policy.node_api_secrets",
            "module.node-api.aws_iam_role.iam_for_node_api",
            "module.node-api.aws_iam_role_policy_attachment.lambda_vpc_access_execution",
            "module.node-api.aws_iam_role_policy_attachment.node_api_ec2",
            "module.node-api.aws_iam_role_policy_attachment.node_api_logging",
            "module.node-api.aws_iam_role_policy_attachment.node_api_rds",
            "module.node-api.aws_iam_role_policy_attachment.node_api_secrets",
            "module.node-api.aws_lambda_function.node_api",
            "module.node-api.aws_s3_object.file_upload",
            "module.node-api.data.archive_file.node_api_source",
            "module.node-api.data.aws_cloudfront_origin_request_policy.all_except_host",
            "module.node-api.data.aws_iam_policy_document.assume_role",
            "module.node-api.data.aws_iam_policy_document.ec2",
            "module.node-api.data.aws_iam_policy_document.lambda_logging",
            "module.node-api.data.aws_iam_policy_document.lambda_secrets",
            "module.node-api.data.aws_iam_policy_document.rds"
          ]
        }
      ]
    },
    {
      "module": "module.node-api",
      "mode": "managed",
      "type": "aws_cloudfront_response_headers_policy",
      "name": "allow_cors_with_credentials",
      "provider": "provider[\"registry.terraform.io/hashicorp/aws\"]",
      "instances": [
        {
          "schema_version": 0,
          "attributes": {
            "arn": "arn:aws:cloudfront::173549513063:response-headers-policy/7defd16a-f241-4e07-a869-1f5a38f7924b",
            "comment": "",
            "cors_config": [
              {
                "access_control_allow_credentials": true,
                "access_control_allow_headers": [
                  {
                    "items": [
                      "Access-Control-Allow-Origin",
                      "Authorization",
                      "Content-Type"
                    ]
                  }
                ],
                "access_control_allow_methods": [
                  {
                    "items": [
                      "DELETE",
                      "GET",
                      "HEAD",
                      "OPTIONS",
                      "PATCH",
                      "POST",
                      "PUT"
                    ]
                  }
                ],
                "access_control_allow_origins": [
                  {
                    "items": [
                      "admin.deadlykitten.com",
                      "admin.mademocracy.com",
                      "deadlykitten.com",
                      "mademocracy.com"
                    ]
                  }
                ],
                "access_control_expose_headers": [
                  {
                    "items": [
                      "Access-Control-Allow-Origin",
                      "Authorization",
                      "Content-Type"
                    ]
                  }
                ],
                "access_control_max_age_sec": 0,
                "origin_override": true
              }
            ],
            "custom_headers_config": [],
            "etag": "E1F83G8C2ARO7P",
            "id": "7defd16a-f241-4e07-a869-1f5a38f7924b",
            "name": "allow-cors-with-credentials",
            "remove_headers_config": [],
            "security_headers_config": [],
            "server_timing_headers_config": []
          },
          "sensitive_attributes": [],
          "private": "bnVsbA=="
        }
      ]
    },
    {
      "module": "module.node-api",
      "mode": "managed",
      "type": "aws_cloudwatch_log_group",
      "name": "node_api",
      "provider": "provider[\"registry.terraform.io/hashicorp/aws\"]",
      "instances": [
        {
          "schema_version": 0,
          "attributes": {
            "arn": "arn:aws:logs:us-east-2:173549513063:log-group:/aws/lambda/node_api",
            "id": "/aws/lambda/node_api",
            "kms_key_id": "",
            "log_group_class": "STANDARD",
            "name": "/aws/lambda/node_api",
            "name_prefix": "",
            "retention_in_days": 365,
            "skip_destroy": false,
            "tags": {},
            "tags_all": {}
          },
          "sensitive_attributes": [],
          "private": "bnVsbA=="
        }
      ]
    },
    {
      "module": "module.node-api",
      "mode": "managed",
      "type": "aws_iam_policy",
      "name": "node_api_ec2",
      "provider": "provider[\"registry.terraform.io/hashicorp/aws\"]",
      "instances": [
        {
          "schema_version": 0,
          "attributes": {
            "arn": "arn:aws:iam::173549513063:policy/node_api_ec2",
            "attachment_count": 1,
            "description": "IAM policy for ec2 from a lambda",
            "id": "arn:aws:iam::173549513063:policy/node_api_ec2",
            "name": "node_api_ec2",
            "name_prefix": "",
            "path": "/",
            "policy": "{\"Statement\":[{\"Action\":[\"ec2:UnassignPrivateIpAddresses\",\"ec2:DescribeSubnets\",\"ec2:DescribeNetworkInterfaces\",\"ec2:DeleteNetworkInterface\",\"ec2:CreateNetworkInterface\",\"ec2:AssignPrivateIpAddresses\"],\"Effect\":\"Allow\",\"Resource\":\"*\"}],\"Version\":\"2012-10-17\"}",
            "policy_id": "ANPASQ2C3NFTV3GXWKVPG",
            "tags": {},
            "tags_all": {}
          },
          "sensitive_attributes": [],
          "private": "bnVsbA==",
          "dependencies": [
            "module.node-api.data.aws_iam_policy_document.ec2"
          ]
        }
      ]
    },
    {
      "module": "module.node-api",
      "mode": "managed",
      "type": "aws_iam_policy",
      "name": "node_api_logging",
      "provider": "provider[\"registry.terraform.io/hashicorp/aws\"]",
      "instances": [
        {
          "schema_version": 0,
          "attributes": {
            "arn": "arn:aws:iam::173549513063:policy/node_api_logs",
            "attachment_count": 1,
            "description": "IAM policy for logging from a lambda",
            "id": "arn:aws:iam::173549513063:policy/node_api_logs",
            "name": "node_api_logs",
            "name_prefix": "",
            "path": "/",
            "policy": "{\"Statement\":[{\"Action\":[\"logs:PutLogEvents\",\"logs:CreateLogStream\",\"logs:CreateLogGroup\"],\"Effect\":\"Allow\",\"Resource\":\"arn:aws:logs:*:*:*\"}],\"Version\":\"2012-10-17\"}",
            "policy_id": "ANPASQ2C3NFTZCID53LOU",
            "tags": {},
            "tags_all": {}
          },
          "sensitive_attributes": [],
          "private": "bnVsbA==",
          "dependencies": [
            "module.node-api.data.aws_iam_policy_document.lambda_logging"
          ]
        }
      ]
    },
    {
      "module": "module.node-api",
      "mode": "managed",
      "type": "aws_iam_policy",
      "name": "node_api_rds",
      "provider": "provider[\"registry.terraform.io/hashicorp/aws\"]",
      "instances": [
        {
          "schema_version": 0,
          "attributes": {
            "arn": "arn:aws:iam::173549513063:policy/node_api_rds",
            "attachment_count": 1,
            "description": "IAM policy for rds from a lambda",
            "id": "arn:aws:iam::173549513063:policy/node_api_rds",
            "name": "node_api_rds",
            "name_prefix": "",
            "path": "/",
            "policy": "{\"Statement\":[{\"Action\":\"rds-db:connect\",\"Effect\":\"Allow\",\"Resource\":\"*\"}],\"Version\":\"2012-10-17\"}",
            "policy_id": "ANPASQ2C3NFTVOWU6YPKV",
            "tags": {},
            "tags_all": {}
          },
          "sensitive_attributes": [],
          "private": "bnVsbA==",
          "dependencies": [
            "module.node-api.data.aws_iam_policy_document.rds"
          ]
        }
      ]
    },
    {
      "module": "module.node-api",
      "mode": "managed",
      "type": "aws_iam_policy",
      "name": "node_api_secrets",
      "provider": "provider[\"registry.terraform.io/hashicorp/aws\"]",
      "instances": [
        {
          "schema_version": 0,
          "attributes": {
            "arn": "arn:aws:iam::173549513063:policy/node_api_secrets",
            "attachment_count": 1,
            "description": "IAM policy for secrets from a lambda",
            "id": "arn:aws:iam::173549513063:policy/node_api_secrets",
            "name": "node_api_secrets",
            "name_prefix": "",
            "path": "/",
            "policy": "{\"Statement\":[{\"Action\":\"secretsmanager:*\",\"Effect\":\"Allow\",\"Resource\":\"*\"}],\"Version\":\"2012-10-17\"}",
            "policy_id": "ANPASQ2C3NFT4ZBPTREJP",
            "tags": {},
            "tags_all": {}
          },
          "sensitive_attributes": [],
          "private": "bnVsbA==",
          "dependencies": [
            "module.node-api.data.aws_iam_policy_document.lambda_secrets"
          ]
        }
      ]
    },
    {
      "module": "module.node-api",
      "mode": "managed",
      "type": "aws_iam_role",
      "name": "iam_for_node_api",
      "provider": "provider[\"registry.terraform.io/hashicorp/aws\"]",
      "instances": [
        {
          "schema_version": 0,
          "attributes": {
            "arn": "arn:aws:iam::173549513063:role/iam_for_node_api",
            "assume_role_policy": "{\"Statement\":[{\"Action\":\"sts:AssumeRole\",\"Effect\":\"Allow\",\"Principal\":{\"Service\":\"lambda.amazonaws.com\"}}],\"Version\":\"2012-10-17\"}",
            "create_date": "2025-06-03T03:49:45Z",
            "description": "",
            "force_detach_policies": false,
            "id": "iam_for_node_api",
            "inline_policy": [],
            "managed_policy_arns": [
              "arn:aws:iam::173549513063:policy/node_api_ec2",
              "arn:aws:iam::173549513063:policy/node_api_logs",
              "arn:aws:iam::173549513063:policy/node_api_rds",
              "arn:aws:iam::173549513063:policy/node_api_secrets",
              "arn:aws:iam::aws:policy/service-role/AWSLambdaVPCAccessExecutionRole"
            ],
            "max_session_duration": 3600,
            "name": "iam_for_node_api",
            "name_prefix": "",
            "path": "/",
            "permissions_boundary": "",
            "tags": {},
            "tags_all": {},
            "unique_id": "AROASQ2C3NFTQA4J3V6ZW"
          },
          "sensitive_attributes": [],
          "private": "bnVsbA==",
          "dependencies": [
            "module.node-api.data.aws_iam_policy_document.assume_role"
          ]
        }
      ]
    },
    {
      "module": "module.node-api",
      "mode": "managed",
      "type": "aws_iam_role_policy_attachment",
      "name": "lambda_vpc_access_execution",
      "provider": "provider[\"registry.terraform.io/hashicorp/aws\"]",
      "instances": [
        {
          "schema_version": 0,
          "attributes": {
            "id": "iam_for_node_api-20250603034945690900000003",
            "policy_arn": "arn:aws:iam::aws:policy/service-role/AWSLambdaVPCAccessExecutionRole",
            "role": "iam_for_node_api"
          },
          "sensitive_attributes": [],
          "private": "bnVsbA==",
          "dependencies": [
            "module.node-api.aws_iam_role.iam_for_node_api",
            "module.node-api.data.aws_iam_policy_document.assume_role"
          ]
        }
      ]
    },
    {
      "module": "module.node-api",
      "mode": "managed",
      "type": "aws_iam_role_policy_attachment",
      "name": "node_api_ec2",
      "provider": "provider[\"registry.terraform.io/hashicorp/aws\"]",
      "instances": [
        {
          "schema_version": 0,
          "attributes": {
            "id": "iam_for_node_api-20250603151256252700000001",
            "policy_arn": "arn:aws:iam::173549513063:policy/node_api_ec2",
            "role": "iam_for_node_api"
          },
          "sensitive_attributes": [],
          "private": "bnVsbA==",
          "dependencies": [
            "module.node-api.aws_iam_policy.node_api_ec2",
            "module.node-api.aws_iam_role.iam_for_node_api",
            "module.node-api.data.aws_iam_policy_document.assume_role",
            "module.node-api.data.aws_iam_policy_document.ec2"
          ]
        }
      ]
    },
    {
      "module": "module.node-api",
      "mode": "managed",
      "type": "aws_iam_role_policy_attachment",
      "name": "node_api_logging",
      "provider": "provider[\"registry.terraform.io/hashicorp/aws\"]",
      "instances": [
        {
          "schema_version": 0,
          "attributes": {
            "id": "iam_for_node_api-20250603034945680100000002",
            "policy_arn": "arn:aws:iam::173549513063:policy/node_api_logs",
            "role": "iam_for_node_api"
          },
          "sensitive_attributes": [],
          "private": "bnVsbA==",
          "dependencies": [
            "module.node-api.aws_iam_policy.node_api_logging",
            "module.node-api.aws_iam_role.iam_for_node_api",
            "module.node-api.data.aws_iam_policy_document.assume_role",
            "module.node-api.data.aws_iam_policy_document.lambda_logging"
          ]
        }
      ]
    },
    {
      "module": "module.node-api",
      "mode": "managed",
      "type": "aws_iam_role_policy_attachment",
      "name": "node_api_rds",
      "provider": "provider[\"registry.terraform.io/hashicorp/aws\"]",
      "instances": [
        {
          "schema_version": 0,
          "attributes": {
            "id": "iam_for_node_api-20250603151256267900000003",
            "policy_arn": "arn:aws:iam::173549513063:policy/node_api_rds",
            "role": "iam_for_node_api"
          },
          "sensitive_attributes": [],
          "private": "bnVsbA==",
          "dependencies": [
            "module.node-api.aws_iam_policy.node_api_rds",
            "module.node-api.aws_iam_role.iam_for_node_api",
            "module.node-api.data.aws_iam_policy_document.assume_role",
            "module.node-api.data.aws_iam_policy_document.rds"
          ]
        }
      ]
    },
    {
      "module": "module.node-api",
      "mode": "managed",
      "type": "aws_iam_role_policy_attachment",
      "name": "node_api_secrets",
      "provider": "provider[\"registry.terraform.io/hashicorp/aws\"]",
      "instances": [
        {
          "schema_version": 0,
          "attributes": {
            "id": "iam_for_node_api-20250603151256260900000002",
            "policy_arn": "arn:aws:iam::173549513063:policy/node_api_secrets",
            "role": "iam_for_node_api"
          },
          "sensitive_attributes": [],
          "private": "bnVsbA==",
          "dependencies": [
            "module.node-api.aws_iam_policy.node_api_secrets",
            "module.node-api.aws_iam_role.iam_for_node_api",
            "module.node-api.data.aws_iam_policy_document.assume_role",
            "module.node-api.data.aws_iam_policy_document.lambda_secrets"
          ]
        }
      ]
    },
    {
      "module": "module.node-api",
      "mode": "managed",
      "type": "aws_lambda_function",
      "name": "node_api",
      "provider": "provider[\"registry.terraform.io/hashicorp/aws\"]",
      "instances": [
        {
          "schema_version": 0,
          "attributes": {
            "architectures": [
              "x86_64"
            ],
            "arn": "arn:aws:lambda:us-east-2:173549513063:function:node_api",
            "code_sha256": "kmcS5v0yDVAy5G5ry/ngh5+5EEKdNaGX9jp9JDxerT8=",
            "code_signing_config_arn": "",
            "dead_letter_config": [],
            "description": "",
            "environment": [
              {
                "variables": {
                  "DBSecret": "DevDBCredentials",
                  "SERVER_JWT": "true",
                  "SERVER_JWT_SECRET": "REPLACE_THIS",
                  "SERVER_JWT_TIMEOUT": "604800"
                }
              }
            ],
            "ephemeral_storage": [
              {
                "size": 512
              }
            ],
            "file_system_config": [],
            "filename": null,
            "function_name": "node_api",
            "handler": "src/index.handler",
            "id": "node_api",
            "image_config": [],
            "image_uri": "",
            "invoke_arn": "arn:aws:apigateway:us-east-2:lambda:path/2015-03-31/functions/arn:aws:lambda:us-east-2:173549513063:function:node_api/invocations",
            "kms_key_arn": "",
            "last_modified": "2026-01-21T23:39:46.000+0000",
            "layers": [],
            "logging_config": [
              {
                "application_log_level": "",
                "log_format": "Text",
                "log_group": "/aws/lambda/node_api",
                "system_log_level": ""
              }
            ],
            "memory_size": 1024,
            "package_type": "Zip",
            "publish": true,
            "qualified_arn": "arn:aws:lambda:us-east-2:173549513063:function:node_api:83",
            "qualified_invoke_arn": "arn:aws:apigateway:us-east-2:lambda:path/2015-03-31/functions/arn:aws:lambda:us-east-2:173549513063:function:node_api:83/invocations",
            "replace_security_groups_on_destroy": null,
            "replacement_security_group_ids": null,
            "reserved_concurrent_executions": -1,
            "role": "arn:aws:iam::173549513063:role/iam_for_node_api",
            "runtime": "nodejs20.x",
            "s3_bucket": "ma-election-deployment",
            "s3_key": "node_api_source.zip",
            "s3_object_version": null,
            "signing_job_arn": "",
            "signing_profile_version_arn": "",
            "skip_destroy": false,
            "snap_start": [],
            "source_code_hash": "3cc1f4658a963792493c914226af8419",
            "source_code_size": 21874486,
            "tags": {},
            "tags_all": {},
            "timeout": 10,
            "timeouts": null,
            "tracing_config": [
              {
                "mode": "PassThrough"
              }
            ],
            "version": "83",
            "vpc_config": [
              {
                "ipv6_allowed_for_dual_stack": false,
                "security_group_ids": [
                  "sg-043bb8c6cf9ef3da2"
                ],
                "subnet_ids": [
                  "subnet-05a6378a057a3b2be",
                  "subnet-0d21006290be8dd4c"
                ],
                "vpc_id": "vpc-0daec2237ef237f90"
              }
            ]
          },
          "sensitive_attributes": [],
          "private": "eyJlMmJmYjczMC1lY2FhLTExZTYtOGY4OC0zNDM2M2JjN2M0YzAiOnsiY3JlYXRlIjo2MDAwMDAwMDAwMDAsImRlbGV0ZSI6NjAwMDAwMDAwMDAwLCJ1cGRhdGUiOjYwMDAwMDAwMDAwMH19",
          "dependencies": [
            "data.terraform_remote_state.deployment",
            "data.terraform_remote_state.vpc",
            "module.node-api.aws_cloudwatch_log_group.node_api",
            "module.node-api.aws_iam_policy.node_api_ec2",
            "module.node-api.aws_iam_policy.node_api_logging",
            "module.node-api.aws_iam_policy.node_api_rds",
            "module.node-api.aws_iam_policy.node_api_secrets",
            "module.node-api.aws_iam_role.iam_for_node_api",
            "module.node-api.aws_iam_role_policy_attachment.lambda_vpc_access_execution",
            "module.node-api.aws_iam_role_policy_attachment.node_api_ec2",
            "module.node-api.aws_iam_role_policy_attachment.node_api_logging",
            "module.node-api.aws_iam_role_policy_attachment.node_api_rds",
            "module.node-api.aws_iam_role_policy_attachment.node_api_secrets",
            "module.node-api.aws_s3_object.file_upload",
            "module.node-api.data.archive_file.node_api_source",
            "module.node-api.data.aws_iam_policy_document.assume_role",
            "module.node-api.data.aws_iam_policy_document.ec2",
            "module.node-api.data.aws_iam_policy_document.lambda_logging",
            "module.node-api.data.aws_iam_policy_document.lambda_secrets",
            "module.node-api.data.aws_iam_policy_document.rds"
          ]
        }
      ]
    },
    {
      "module": "module.node-api",
      "mode": "managed",
      "type": "aws_lambda_permission",
      "name": "apigw",
      "provider": "provider[\"registry.terraform.io/hashicorp/aws\"]",
      "instances": [
        {
          "schema_version": 0,
          "attributes": {
            "action": "lambda:InvokeFunction",
            "event_source_token": null,
            "function_name": "node_api",
            "function_url_auth_type": null,
            "id": "AllowAPIGatewayInvoke",
            "principal": "apigateway.amazonaws.com",
            "principal_org_id": null,
            "qualifier": "",
            "source_account": null,
            "source_arn": "arn:aws:execute-api:us-east-2:173549513063:sbimtwz3og/*/*",
            "statement_id": "AllowAPIGatewayInvoke",
            "statement_id_prefix": ""
          },
          "sensitive_attributes": [],
          "private": "bnVsbA==",
          "dependencies": [
            "data.terraform_remote_state.deployment",
            "data.terraform_remote_state.vpc",
            "module.node-api.aws_api_gateway_rest_api.node_api",
            "module.node-api.aws_cloudwatch_log_group.node_api",
            "module.node-api.aws_iam_policy.node_api_ec2",
            "module.node-api.aws_iam_policy.node_api_logging",
            "module.node-api.aws_iam_policy.node_api_rds",
            "module.node-api.aws_iam_policy.node_api_secrets",
            "module.node-api.aws_iam_role.iam_for_node_api",
            "module.node-api.aws_iam_role_policy_attachment.lambda_vpc_access_execution",
            "module.node-api.aws_iam_role_policy_attachment.node_api_ec2",
            "module.node-api.aws_iam_role_policy_attachment.node_api_logging",
            "module.node-api.aws_iam_role_policy_attachment.node_api_rds",
            "module.node-api.aws_iam_role_policy_attachment.node_api_secrets",
            "module.node-api.aws_lambda_function.node_api",
            "module.node-api.aws_s3_object.file_upload",
            "module.node-api.data.archive_file.node_api_source",
            "module.node-api.data.aws_iam_policy_document.assume_role",
            "module.node-api.data.aws_iam_policy_document.ec2",
            "module.node-api.data.aws_iam_policy_document.lambda_logging",
            "module.node-api.data.aws_iam_policy_document.lambda_secrets",
            "module.node-api.data.aws_iam_policy_document.rds"
          ]
        }
      ]
    },
    {
      "module": "module.node-api",
      "mode": "managed",
      "type": "aws_s3_object",
      "name": "file_upload",
      "provider": "provider[\"registry.terraform.io/hashicorp/aws\"]",
      "instances": [
        {
          "schema_version": 0,
          "attributes": {
            "acl": null,
            "arn": "arn:aws:s3:::ma-election-deployment/node_api_source.zip",
            "bucket": "ma-election-deployment",
            "bucket_key_enabled": false,
            "cache_control": "",
            "checksum_algorithm": null,
            "checksum_crc32": "",
            "checksum_crc32c": "",
            "checksum_crc64nvme": "",
            "checksum_sha1": "",
            "checksum_sha256": "",
            "content": null,
            "content_base64": null,
            "content_disposition": "",
            "content_encoding": "",
            "content_language": "",
            "content_type": "binary/octet-stream",
            "etag": "543f278c18465c34decbfa4d92ef9513-5",
            "force_destroy": false,
            "id": "node_api_source.zip",
            "key": "node_api_source.zip",
            "kms_key_id": null,
            "metadata": {},
            "object_lock_legal_hold_status": "",
            "object_lock_mode": "",
            "object_lock_retain_until_date": "",
            "override_provider": [],
            "server_side_encryption": "AES256",
            "source": "./build/lambdas/node_api.zip",
            "source_hash": null,
            "storage_class": "STANDARD",
            "tags": {},
            "tags_all": {},
            "version_id": "",
            "website_redirect": ""
          },
          "sensitive_attributes": [],
          "private": "bnVsbA==",
          "dependencies": [
            "data.terraform_remote_state.deployment",
            "module.node-api.data.archive_file.node_api_source"
          ]
        }
      ]
    }
  ],
  "check_results": null
}
