{
  "version": 4,
  "terraform_version": "1.11.0",
  "serial": 79,
  "lineage": "42bbc0fc-32fa-efdd-d8f2-de26da0027cb",
  "outputs": {},
  "resources": [
    {
      "module": "module.api",
      "mode": "data",
      "type": "archive_file",
      "name": "public_api_source",
      "provider": "provider[\"registry.terraform.io/hashicorp/archive\"]",
      "instances": [
        {
          "schema_version": 0,
          "attributes": {
            "exclude_symlink_directories": null,
            "excludes": null,
            "id": "a5199cfb9aa46b547dca2b858c5bb66862be9de1",
            "output_base64sha256": "P0t330did96Ktx5deHSaQkw1DY8pWe8NGF+op5jLvJM=",
            "output_base64sha512": "hgtaEHSefxLUcn1WexpqkTaUROIECAJJGg8RdRIxb37YO6Jl88W8C38QMV3weeoAecaSICx/0mrL1WoEXp8VXg==",
            "output_file_mode": null,
            "output_md5": "58e534bbabfe4c87c0205c67e9ec5494",
            "output_path": "./build/lambdas/public_api.zip",
            "output_sha": "a5199cfb9aa46b547dca2b858c5bb66862be9de1",
            "output_sha256": "3f4b77df476277de8ab71e5d78749a424c350d8f2959ef0d185fa8a798cbbc93",
            "output_sha512": "860b5a10749e7f12d4727d567b1a6a91369444e2040802491a0f117512316f7ed83ba265f3c5bc0b7f10315df079ea0079c692202c7fd26acbd56a045e9f155e",
            "output_size": 366,
            "source": [],
            "source_content": null,
            "source_content_filename": null,
            "source_dir": "../../modules/lambdas/api/src",
            "source_file": null,
            "type": "zip"
          },
          "sensitive_attributes": []
        }
      ]
    },
    {
      "module": "module.api",
      "mode": "data",
      "type": "aws_iam_policy_document",
      "name": "assume_role",
      "provider": "provider[\"registry.terraform.io/hashicorp/aws\"]",
      "instances": [
        {
          "schema_version": 0,
          "attributes": {
            "id": "2690255455",
            "json": "{\n  \"Version\": \"2012-10-17\",\n  \"Statement\": [\n    {\n      \"Effect\": \"Allow\",\n      \"Action\": \"sts:AssumeRole\",\n      \"Principal\": {\n        \"Service\": \"lambda.amazonaws.com\"\n      }\n    }\n  ]\n}",
            "minified_json": "{\"Version\":\"2012-10-17\",\"Statement\":[{\"Effect\":\"Allow\",\"Action\":\"sts:AssumeRole\",\"Principal\":{\"Service\":\"lambda.amazonaws.com\"}}]}",
            "override_json": null,
            "override_policy_documents": null,
            "policy_id": null,
            "source_json": null,
            "source_policy_documents": null,
            "statement": [
              {
                "actions": [
                  "sts:AssumeRole"
                ],
                "condition": [],
                "effect": "Allow",
                "not_actions": [],
                "not_principals": [],
                "not_resources": [],
                "principals": [
                  {
                    "identifiers": [
                      "lambda.amazonaws.com"
                    ],
                    "type": "Service"
                  }
                ],
                "resources": [],
                "sid": ""
              }
            ],
            "version": "2012-10-17"
          },
          "sensitive_attributes": []
        }
      ]
    },
    {
      "module": "module.api",
      "mode": "data",
      "type": "aws_iam_policy_document",
      "name": "lambda_logging",
      "provider": "provider[\"registry.terraform.io/hashicorp/aws\"]",
      "instances": [
        {
          "schema_version": 0,
          "attributes": {
            "id": "16712114",
            "json": "{\n  \"Version\": \"2012-10-17\",\n  \"Statement\": [\n    {\n      \"Effect\": \"Allow\",\n      \"Action\": [\n        \"logs:PutLogEvents\",\n        \"logs:CreateLogStream\",\n        \"logs:CreateLogGroup\"\n      ],\n      \"Resource\": \"arn:aws:logs:*:*:*\"\n    }\n  ]\n}",
            "minified_json": "{\"Version\":\"2012-10-17\",\"Statement\":[{\"Effect\":\"Allow\",\"Action\":[\"logs:PutLogEvents\",\"logs:CreateLogStream\",\"logs:CreateLogGroup\"],\"Resource\":\"arn:aws:logs:*:*:*\"}]}",
            "override_json": null,
            "override_policy_documents": null,
            "policy_id": null,
            "source_json": null,
            "source_policy_documents": null,
            "statement": [
              {
                "actions": [
                  "logs:CreateLogGroup",
                  "logs:CreateLogStream",
                  "logs:PutLogEvents"
                ],
                "condition": [],
                "effect": "Allow",
                "not_actions": [],
                "not_principals": [],
                "not_resources": [],
                "principals": [],
                "resources": [
                  "arn:aws:logs:*:*:*"
                ],
                "sid": ""
              }
            ],
            "version": "2012-10-17"
          },
          "sensitive_attributes": []
        }
      ]
    },
    {
      "module": "module.api",
      "mode": "managed",
      "type": "aws_api_gateway_deployment",
      "name": "public_api",
      "provider": "provider[\"registry.terraform.io/hashicorp/aws\"]",
      "instances": [
        {
          "schema_version": 0,
          "attributes": {
            "canary_settings": [],
            "created_date": "2025-03-10T12:44:51Z",
            "description": "",
            "execution_arn": "arn:aws:execute-api:us-east-2:173549513063:psazw7kxoa/",
            "id": "7hnar1",
            "invoke_url": "https://psazw7kxoa.execute-api.us-east-2.amazonaws.com/",
            "rest_api_id": "psazw7kxoa",
            "stage_description": null,
            "stage_name": null,
            "triggers": null,
            "variables": null
          },
          "sensitive_attributes": [],
          "private": "bnVsbA==",
          "dependencies": [
            "module.api.aws_api_gateway_integration.public_api",
            "module.api.aws_api_gateway_integration.public_api_root",
            "module.api.aws_api_gateway_method.proxy",
            "module.api.aws_api_gateway_method.proxy_root",
            "module.api.aws_api_gateway_resource.proxy",
            "module.api.aws_api_gateway_rest_api.public_api",
            "module.api.aws_cloudwatch_log_group.public_api",
            "module.api.aws_iam_policy.public_api_logging",
            "module.api.aws_iam_role.iam_for_public_api",
            "module.api.aws_iam_role_policy_attachment.lambda_vpc_access_execution",
            "module.api.aws_iam_role_policy_attachment.public_api_logging",
            "module.api.aws_lambda_function.public_api",
            "module.api.aws_s3_object.file_upload",
            "module.api.data.archive_file.public_api_source",
            "module.api.data.aws_iam_policy_document.assume_role",
            "module.api.data.aws_iam_policy_document.lambda_logging",
            "module.deploy_bucket.aws_s3_bucket.deploy_bucket",
            "module.vpc.module.vpc.aws_subnet.private",
            "module.vpc.module.vpc.aws_vpc.this",
            "module.vpc.module.vpc.aws_vpc_ipv4_cidr_block_association.this"
          ]
        }
      ]
    },
    {
      "module": "module.api",
      "mode": "managed",
      "type": "aws_api_gateway_integration",
      "name": "public_api",
      "provider": "provider[\"registry.terraform.io/hashicorp/aws\"]",
      "instances": [
        {
          "schema_version": 0,
          "attributes": {
            "cache_key_parameters": [],
            "cache_namespace": "sxfpqd",
            "connection_id": "",
            "connection_type": "INTERNET",
            "content_handling": "",
            "credentials": "",
            "http_method": "ANY",
            "id": "agi-psazw7kxoa-sxfpqd-ANY",
            "integration_http_method": "POST",
            "passthrough_behavior": "WHEN_NO_MATCH",
            "request_parameters": {},
            "request_templates": {},
            "resource_id": "sxfpqd",
            "rest_api_id": "psazw7kxoa",
            "timeout_milliseconds": 29000,
            "tls_config": [],
            "type": "AWS_PROXY",
            "uri": "arn:aws:apigateway:us-east-2:lambda:path/2015-03-31/functions/arn:aws:lambda:us-east-2:173549513063:function:public_api/invocations"
          },
          "sensitive_attributes": [],
          "private": "bnVsbA==",
          "dependencies": [
            "module.api.aws_api_gateway_method.proxy",
            "module.api.aws_api_gateway_resource.proxy",
            "module.api.aws_api_gateway_rest_api.public_api",
            "module.api.aws_cloudwatch_log_group.public_api",
            "module.api.aws_iam_policy.public_api_logging",
            "module.api.aws_iam_role.iam_for_public_api",
            "module.api.aws_iam_role_policy_attachment.lambda_vpc_access_execution",
            "module.api.aws_iam_role_policy_attachment.public_api_logging",
            "module.api.aws_lambda_function.public_api",
            "module.api.aws_s3_object.file_upload",
            "module.api.data.archive_file.public_api_source",
            "module.api.data.aws_iam_policy_document.assume_role",
            "module.api.data.aws_iam_policy_document.lambda_logging",
            "module.deploy_bucket.aws_s3_bucket.deploy_bucket",
            "module.vpc.module.vpc.aws_subnet.private",
            "module.vpc.module.vpc.aws_vpc.this",
            "module.vpc.module.vpc.aws_vpc_ipv4_cidr_block_association.this"
          ]
        }
      ]
    },
    {
      "module": "module.api",
      "mode": "managed",
      "type": "aws_api_gateway_integration",
      "name": "public_api_root",
      "provider": "provider[\"registry.terraform.io/hashicorp/aws\"]",
      "instances": [
        {
          "schema_version": 0,
          "attributes": {
            "cache_key_parameters": [],
            "cache_namespace": "6p1856nh79",
            "connection_id": "",
            "connection_type": "INTERNET",
            "content_handling": "",
            "credentials": "",
            "http_method": "ANY",
            "id": "agi-psazw7kxoa-6p1856nh79-ANY",
            "integration_http_method": "POST",
            "passthrough_behavior": "WHEN_NO_MATCH",
            "request_parameters": {},
            "request_templates": {},
            "resource_id": "6p1856nh79",
            "rest_api_id": "psazw7kxoa",
            "timeout_milliseconds": 29000,
            "tls_config": [],
            "type": "AWS_PROXY",
            "uri": "arn:aws:apigateway:us-east-2:lambda:path/2015-03-31/functions/arn:aws:lambda:us-east-2:173549513063:function:public_api/invocations"
          },
          "sensitive_attributes": [],
          "private": "bnVsbA==",
          "dependencies": [
            "module.api.aws_api_gateway_method.proxy_root",
            "module.api.aws_api_gateway_rest_api.public_api",
            "module.api.aws_cloudwatch_log_group.public_api",
            "module.api.aws_iam_policy.public_api_logging",
            "module.api.aws_iam_role.iam_for_public_api",
            "module.api.aws_iam_role_policy_attachment.lambda_vpc_access_execution",
            "module.api.aws_iam_role_policy_attachment.public_api_logging",
            "module.api.aws_lambda_function.public_api",
            "module.api.aws_s3_object.file_upload",
            "module.api.data.archive_file.public_api_source",
            "module.api.data.aws_iam_policy_document.assume_role",
            "module.api.data.aws_iam_policy_document.lambda_logging",
            "module.deploy_bucket.aws_s3_bucket.deploy_bucket",
            "module.vpc.module.vpc.aws_subnet.private",
            "module.vpc.module.vpc.aws_vpc.this",
            "module.vpc.module.vpc.aws_vpc_ipv4_cidr_block_association.this"
          ]
        }
      ]
    },
    {
      "module": "module.api",
      "mode": "managed",
      "type": "aws_api_gateway_method",
      "name": "proxy",
      "provider": "provider[\"registry.terraform.io/hashicorp/aws\"]",
      "instances": [
        {
          "schema_version": 0,
          "attributes": {
            "api_key_required": false,
            "authorization": "NONE",
            "authorization_scopes": [],
            "authorizer_id": "",
            "http_method": "ANY",
            "id": "agm-psazw7kxoa-sxfpqd-ANY",
            "operation_name": "",
            "request_models": {},
            "request_parameters": {},
            "request_validator_id": "",
            "resource_id": "sxfpqd",
            "rest_api_id": "psazw7kxoa"
          },
          "sensitive_attributes": [],
          "private": "bnVsbA==",
          "dependencies": [
            "module.api.aws_api_gateway_resource.proxy",
            "module.api.aws_api_gateway_rest_api.public_api"
          ]
        }
      ]
    },
    {
      "module": "module.api",
      "mode": "managed",
      "type": "aws_api_gateway_method",
      "name": "proxy_root",
      "provider": "provider[\"registry.terraform.io/hashicorp/aws\"]",
      "instances": [
        {
          "schema_version": 0,
          "attributes": {
            "api_key_required": false,
            "authorization": "NONE",
            "authorization_scopes": [],
            "authorizer_id": "",
            "http_method": "ANY",
            "id": "agm-psazw7kxoa-6p1856nh79-ANY",
            "operation_name": "",
            "request_models": {},
            "request_parameters": {},
            "request_validator_id": "",
            "resource_id": "6p1856nh79",
            "rest_api_id": "psazw7kxoa"
          },
          "sensitive_attributes": [],
          "private": "bnVsbA==",
          "dependencies": [
            "module.api.aws_api_gateway_rest_api.public_api"
          ]
        }
      ]
    },
    {
      "module": "module.api",
      "mode": "managed",
      "type": "aws_api_gateway_resource",
      "name": "proxy",
      "provider": "provider[\"registry.terraform.io/hashicorp/aws\"]",
      "instances": [
        {
          "schema_version": 0,
          "attributes": {
            "id": "sxfpqd",
            "parent_id": "6p1856nh79",
            "path": "/{proxy+}",
            "path_part": "{proxy+}",
            "rest_api_id": "psazw7kxoa"
          },
          "sensitive_attributes": [],
          "private": "bnVsbA==",
          "dependencies": [
            "module.api.aws_api_gateway_rest_api.public_api"
          ]
        }
      ]
    },
    {
      "module": "module.api",
      "mode": "managed",
      "type": "aws_api_gateway_rest_api",
      "name": "public_api",
      "provider": "provider[\"registry.terraform.io/hashicorp/aws\"]",
      "instances": [
        {
          "schema_version": 0,
          "attributes": {
            "api_key_source": "HEADER",
            "arn": "arn:aws:apigateway:us-east-2::/restapis/psazw7kxoa",
            "binary_media_types": [],
            "body": null,
            "created_date": "2025-03-10T12:42:30Z",
            "description": "This is the Public API",
            "disable_execute_api_endpoint": false,
            "endpoint_configuration": [
              {
                "types": [
                  "EDGE"
                ],
                "vpc_endpoint_ids": []
              }
            ],
            "execution_arn": "arn:aws:execute-api:us-east-2:173549513063:psazw7kxoa",
            "fail_on_warnings": null,
            "id": "psazw7kxoa",
            "minimum_compression_size": "",
            "name": "Public API",
            "parameters": null,
            "policy": "",
            "put_rest_api_mode": null,
            "root_resource_id": "6p1856nh79",
            "tags": {},
            "tags_all": {}
          },
          "sensitive_attributes": [],
          "private": "bnVsbA=="
        }
      ]
    },
    {
      "module": "module.api",
      "mode": "managed",
      "type": "aws_api_gateway_stage",
      "name": "public_api",
      "provider": "provider[\"registry.terraform.io/hashicorp/aws\"]",
      "instances": [
        {
          "schema_version": 0,
          "attributes": {
            "access_log_settings": [],
            "arn": "arn:aws:apigateway:us-east-2::/restapis/psazw7kxoa/stages/dev",
            "cache_cluster_enabled": false,
            "cache_cluster_size": "",
            "canary_settings": [],
            "client_certificate_id": "",
            "deployment_id": "7hnar1",
            "description": "",
            "documentation_version": "",
            "execution_arn": "arn:aws:execute-api:us-east-2:173549513063:psazw7kxoa/dev",
            "id": "ags-psazw7kxoa-dev",
            "invoke_url": "https://psazw7kxoa.execute-api.us-east-2.amazonaws.com/dev",
            "rest_api_id": "psazw7kxoa",
            "stage_name": "dev",
            "tags": {},
            "tags_all": {},
            "variables": {},
            "web_acl_arn": "",
            "xray_tracing_enabled": false
          },
          "sensitive_attributes": [],
          "private": "bnVsbA==",
          "dependencies": [
            "module.api.aws_api_gateway_deployment.public_api",
            "module.api.aws_api_gateway_integration.public_api",
            "module.api.aws_api_gateway_integration.public_api_root",
            "module.api.aws_api_gateway_method.proxy",
            "module.api.aws_api_gateway_method.proxy_root",
            "module.api.aws_api_gateway_resource.proxy",
            "module.api.aws_api_gateway_rest_api.public_api",
            "module.api.aws_cloudwatch_log_group.public_api",
            "module.api.aws_iam_policy.public_api_logging",
            "module.api.aws_iam_role.iam_for_public_api",
            "module.api.aws_iam_role_policy_attachment.lambda_vpc_access_execution",
            "module.api.aws_iam_role_policy_attachment.public_api_logging",
            "module.api.aws_lambda_function.public_api",
            "module.api.aws_s3_object.file_upload",
            "module.api.data.archive_file.public_api_source",
            "module.api.data.aws_iam_policy_document.assume_role",
            "module.api.data.aws_iam_policy_document.lambda_logging",
            "module.deploy_bucket.aws_s3_bucket.deploy_bucket",
            "module.vpc.module.vpc.aws_subnet.private",
            "module.vpc.module.vpc.aws_vpc.this",
            "module.vpc.module.vpc.aws_vpc_ipv4_cidr_block_association.this"
          ]
        }
      ]
    },
    {
      "module": "module.api",
      "mode": "managed",
      "type": "aws_cloudwatch_log_group",
      "name": "public_api",
      "provider": "provider[\"registry.terraform.io/hashicorp/aws\"]",
      "instances": [
        {
          "schema_version": 0,
          "attributes": {
            "arn": "arn:aws:logs:us-east-2:173549513063:log-group:/aws/lambda/public_api",
            "id": "/aws/lambda/public_api",
            "kms_key_id": "",
            "log_group_class": "STANDARD",
            "name": "/aws/lambda/public_api",
            "name_prefix": "",
            "retention_in_days": 365,
            "skip_destroy": false,
            "tags": {},
            "tags_all": {}
          },
          "sensitive_attributes": [],
          "private": "bnVsbA=="
        }
      ]
    },
    {
      "module": "module.api",
      "mode": "managed",
      "type": "aws_iam_policy",
      "name": "public_api_logging",
      "provider": "provider[\"registry.terraform.io/hashicorp/aws\"]",
      "instances": [
        {
          "schema_version": 0,
          "attributes": {
            "arn": "arn:aws:iam::173549513063:policy/public_api_logs",
            "attachment_count": 1,
            "description": "IAM policy for logging from a lambda",
            "id": "arn:aws:iam::173549513063:policy/public_api_logs",
            "name": "public_api_logs",
            "name_prefix": "",
            "path": "/",
            "policy": "{\"Statement\":[{\"Action\":[\"logs:PutLogEvents\",\"logs:CreateLogStream\",\"logs:CreateLogGroup\"],\"Effect\":\"Allow\",\"Resource\":\"arn:aws:logs:*:*:*\"}],\"Version\":\"2012-10-17\"}",
            "policy_id": "ANPASQ2C3NFT5ZKNFW3HI",
            "tags": {},
            "tags_all": {}
          },
          "sensitive_attributes": [],
          "private": "bnVsbA==",
          "dependencies": [
            "module.api.data.aws_iam_policy_document.lambda_logging"
          ]
        }
      ]
    },
    {
      "module": "module.api",
      "mode": "managed",
      "type": "aws_iam_role",
      "name": "iam_for_public_api",
      "provider": "provider[\"registry.terraform.io/hashicorp/aws\"]",
      "instances": [
        {
          "schema_version": 0,
          "attributes": {
            "arn": "arn:aws:iam::173549513063:role/iam_for_public_api",
            "assume_role_policy": "{\"Statement\":[{\"Action\":\"sts:AssumeRole\",\"Effect\":\"Allow\",\"Principal\":{\"Service\":\"lambda.amazonaws.com\"}}],\"Version\":\"2012-10-17\"}",
            "create_date": "2025-03-10T12:42:30Z",
            "description": "",
            "force_detach_policies": false,
            "id": "iam_for_public_api",
            "inline_policy": [],
            "managed_policy_arns": [
              "arn:aws:iam::173549513063:policy/public_api_logs",
              "arn:aws:iam::aws:policy/service-role/AWSLambdaVPCAccessExecutionRole"
            ],
            "max_session_duration": 3600,
            "name": "iam_for_public_api",
            "name_prefix": "",
            "path": "/",
            "permissions_boundary": "",
            "tags": {},
            "tags_all": {},
            "unique_id": "AROASQ2C3NFT4MXKPLCLA"
          },
          "sensitive_attributes": [],
          "private": "bnVsbA==",
          "dependencies": [
            "module.api.data.aws_iam_policy_document.assume_role"
          ]
        }
      ]
    },
    {
      "module": "module.api",
      "mode": "managed",
      "type": "aws_iam_role_policy_attachment",
      "name": "lambda_vpc_access_execution",
      "provider": "provider[\"registry.terraform.io/hashicorp/aws\"]",
      "instances": [
        {
          "schema_version": 0,
          "attributes": {
            "id": "iam_for_public_api-20250310124231916700000002",
            "policy_arn": "arn:aws:iam::aws:policy/service-role/AWSLambdaVPCAccessExecutionRole",
            "role": "iam_for_public_api"
          },
          "sensitive_attributes": [],
          "private": "bnVsbA==",
          "dependencies": [
            "module.api.aws_iam_role.iam_for_public_api",
            "module.api.data.aws_iam_policy_document.assume_role"
          ]
        }
      ]
    },
    {
      "module": "module.api",
      "mode": "managed",
      "type": "aws_iam_role_policy_attachment",
      "name": "public_api_logging",
      "provider": "provider[\"registry.terraform.io/hashicorp/aws\"]",
      "instances": [
        {
          "schema_version": 0,
          "attributes": {
            "id": "iam_for_public_api-20250310124231875000000001",
            "policy_arn": "arn:aws:iam::173549513063:policy/public_api_logs",
            "role": "iam_for_public_api"
          },
          "sensitive_attributes": [],
          "private": "bnVsbA==",
          "dependencies": [
            "module.api.aws_iam_policy.public_api_logging",
            "module.api.aws_iam_role.iam_for_public_api",
            "module.api.data.aws_iam_policy_document.assume_role",
            "module.api.data.aws_iam_policy_document.lambda_logging"
          ]
        }
      ]
    },
    {
      "module": "module.api",
      "mode": "managed",
      "type": "aws_lambda_function",
      "name": "public_api",
      "provider": "provider[\"registry.terraform.io/hashicorp/aws\"]",
      "instances": [
        {
          "schema_version": 0,
          "attributes": {
            "architectures": [
              "x86_64"
            ],
            "arn": "arn:aws:lambda:us-east-2:173549513063:function:public_api",
            "code_sha256": "P0t330did96Ktx5deHSaQkw1DY8pWe8NGF+op5jLvJM=",
            "code_signing_config_arn": "",
            "dead_letter_config": [],
            "description": "",
            "environment": [],
            "ephemeral_storage": [
              {
                "size": 512
              }
            ],
            "file_system_config": [],
            "filename": null,
            "function_name": "public_api",
            "handler": "public_api.handler",
            "id": "public_api",
            "image_config": [],
            "image_uri": "",
            "invoke_arn": "arn:aws:apigateway:us-east-2:lambda:path/2015-03-31/functions/arn:aws:lambda:us-east-2:173549513063:function:public_api/invocations",
            "kms_key_arn": "",
            "last_modified": "2025-03-10T13:49:38.000+0000",
            "layers": [],
            "logging_config": [
              {
                "application_log_level": "",
                "log_format": "Text",
                "log_group": "/aws/lambda/public_api",
                "system_log_level": ""
              }
            ],
            "memory_size": 128,
            "package_type": "Zip",
            "publish": true,
            "qualified_arn": "arn:aws:lambda:us-east-2:173549513063:function:public_api:4",
            "qualified_invoke_arn": "arn:aws:apigateway:us-east-2:lambda:path/2015-03-31/functions/arn:aws:lambda:us-east-2:173549513063:function:public_api:4/invocations",
            "replace_security_groups_on_destroy": null,
            "replacement_security_group_ids": null,
            "reserved_concurrent_executions": -1,
            "role": "arn:aws:iam::173549513063:role/iam_for_public_api",
            "runtime": "nodejs20.x",
            "s3_bucket": "ma-election-services-deployments",
            "s3_key": "api_source.zip",
            "s3_object_version": null,
            "signing_job_arn": "",
            "signing_profile_version_arn": "",
            "skip_destroy": false,
            "snap_start": [],
            "source_code_hash": "58e534bbabfe4c87c0205c67e9ec5494",
            "source_code_size": 366,
            "tags": {},
            "tags_all": {},
            "timeout": 3,
            "timeouts": null,
            "tracing_config": [
              {
                "mode": "PassThrough"
              }
            ],
            "version": "4",
            "vpc_config": [
              {
                "ipv6_allowed_for_dual_stack": false,
                "security_group_ids": [
                  "sg-0fde84c1322fa863e"
                ],
                "subnet_ids": [
                  "subnet-09b80b48d3a153f97",
                  "subnet-0cc4ef07611dfb125"
                ],
                "vpc_id": "vpc-0bdfc1ec3ce3d5dfd"
              }
            ]
          },
          "sensitive_attributes": [],
          "private": "eyJlMmJmYjczMC1lY2FhLTExZTYtOGY4OC0zNDM2M2JjN2M0YzAiOnsiY3JlYXRlIjo2MDAwMDAwMDAwMDAsImRlbGV0ZSI6NjAwMDAwMDAwMDAwLCJ1cGRhdGUiOjYwMDAwMDAwMDAwMH19",
          "dependencies": [
            "module.api.aws_cloudwatch_log_group.public_api",
            "module.api.aws_iam_policy.public_api_logging",
            "module.api.aws_iam_role.iam_for_public_api",
            "module.api.aws_iam_role_policy_attachment.lambda_vpc_access_execution",
            "module.api.aws_iam_role_policy_attachment.public_api_logging",
            "module.api.aws_s3_object.file_upload",
            "module.api.data.archive_file.public_api_source",
            "module.api.data.aws_iam_policy_document.assume_role",
            "module.api.data.aws_iam_policy_document.lambda_logging",
            "module.deploy_bucket.aws_s3_bucket.deploy_bucket",
            "module.vpc.module.vpc.aws_subnet.private",
            "module.vpc.module.vpc.aws_vpc.this",
            "module.vpc.module.vpc.aws_vpc_ipv4_cidr_block_association.this"
          ]
        }
      ]
    },
    {
      "module": "module.api",
      "mode": "managed",
      "type": "aws_lambda_permission",
      "name": "apigw",
      "provider": "provider[\"registry.terraform.io/hashicorp/aws\"]",
      "instances": [
        {
          "schema_version": 0,
          "attributes": {
            "action": "lambda:InvokeFunction",
            "event_source_token": null,
            "function_name": "public_api",
            "function_url_auth_type": null,
            "id": "AllowAPIGatewayInvoke",
            "principal": "apigateway.amazonaws.com",
            "principal_org_id": null,
            "qualifier": "",
            "source_account": null,
            "source_arn": "arn:aws:execute-api:us-east-2:173549513063:psazw7kxoa/*/*",
            "statement_id": "AllowAPIGatewayInvoke",
            "statement_id_prefix": ""
          },
          "sensitive_attributes": [],
          "private": "bnVsbA==",
          "dependencies": [
            "module.api.aws_api_gateway_rest_api.public_api",
            "module.api.aws_cloudwatch_log_group.public_api",
            "module.api.aws_iam_policy.public_api_logging",
            "module.api.aws_iam_role.iam_for_public_api",
            "module.api.aws_iam_role_policy_attachment.lambda_vpc_access_execution",
            "module.api.aws_iam_role_policy_attachment.public_api_logging",
            "module.api.aws_lambda_function.public_api",
            "module.api.aws_s3_object.file_upload",
            "module.api.data.archive_file.public_api_source",
            "module.api.data.aws_iam_policy_document.assume_role",
            "module.api.data.aws_iam_policy_document.lambda_logging",
            "module.deploy_bucket.aws_s3_bucket.deploy_bucket",
            "module.vpc.module.vpc.aws_subnet.private",
            "module.vpc.module.vpc.aws_vpc.this",
            "module.vpc.module.vpc.aws_vpc_ipv4_cidr_block_association.this"
          ]
        }
      ]
    },
    {
      "module": "module.api",
      "mode": "managed",
      "type": "aws_s3_object",
      "name": "file_upload",
      "provider": "provider[\"registry.terraform.io/hashicorp/aws\"]",
      "instances": [
        {
          "schema_version": 0,
          "attributes": {
            "acl": null,
            "arn": "arn:aws:s3:::ma-election-services-deployments/api_source.zip",
            "bucket": "ma-election-services-deployments",
            "bucket_key_enabled": false,
            "cache_control": "",
            "checksum_algorithm": null,
            "checksum_crc32": "",
            "checksum_crc32c": "",
            "checksum_crc64nvme": "",
            "checksum_sha1": "",
            "checksum_sha256": "",
            "content": null,
            "content_base64": null,
            "content_disposition": "",
            "content_encoding": "",
            "content_language": "",
            "content_type": "application/octet-stream",
            "etag": "58e534bbabfe4c87c0205c67e9ec5494",
            "force_destroy": false,
            "id": "api_source.zip",
            "key": "api_source.zip",
            "kms_key_id": null,
            "metadata": {},
            "object_lock_legal_hold_status": "",
            "object_lock_mode": "",
            "object_lock_retain_until_date": "",
            "override_provider": [],
            "server_side_encryption": "AES256",
            "source": "./build/lambdas/public_api.zip",
            "source_hash": null,
            "storage_class": "STANDARD",
            "tags": {},
            "tags_all": {},
            "version_id": "",
            "website_redirect": ""
          },
          "sensitive_attributes": [],
          "private": "bnVsbA==",
          "dependencies": [
            "module.api.data.archive_file.public_api_source",
            "module.deploy_bucket.aws_s3_bucket.deploy_bucket"
          ]
        }
      ]
    },
    {
      "module": "module.deploy_bucket",
      "mode": "managed",
      "type": "aws_s3_bucket",
      "name": "deploy_bucket",
      "provider": "provider[\"registry.terraform.io/hashicorp/aws\"]",
      "instances": [
        {
          "schema_version": 0,
          "attributes": {
            "acceleration_status": "",
            "acl": null,
            "arn": "arn:aws:s3:::ma-election-services-deployments",
            "bucket": "ma-election-services-deployments",
            "bucket_domain_name": "ma-election-services-deployments.s3.amazonaws.com",
            "bucket_prefix": "",
            "bucket_regional_domain_name": "ma-election-services-deployments.s3.us-east-2.amazonaws.com",
            "cors_rule": [],
            "force_destroy": false,
            "grant": [
              {
                "id": "afffe4e3048df09d5db21a5cc48efddcaef09f655ba175a331bc00e49d053006",
                "permissions": [
                  "FULL_CONTROL"
                ],
                "type": "CanonicalUser",
                "uri": ""
              }
            ],
            "hosted_zone_id": "Z2O1EMRO9K5GLX",
            "id": "ma-election-services-deployments",
            "lifecycle_rule": [],
            "logging": [],
            "object_lock_configuration": [],
            "object_lock_enabled": false,
            "policy": "",
            "region": "us-east-2",
            "replication_configuration": [],
            "request_payer": "BucketOwner",
            "server_side_encryption_configuration": [
              {
                "rule": [
                  {
                    "apply_server_side_encryption_by_default": [
                      {
                        "kms_master_key_id": "",
                        "sse_algorithm": "AES256"
                      }
                    ],
                    "bucket_key_enabled": false
                  }
                ]
              }
            ],
            "tags": {},
            "tags_all": {},
            "timeouts": null,
            "versioning": [
              {
                "enabled": false,
                "mfa_delete": false
              }
            ],
            "website": [],
            "website_domain": null,
            "website_endpoint": null
          },
          "sensitive_attributes": [],
          "private": "eyJlMmJmYjczMC1lY2FhLTExZTYtOGY4OC0zNDM2M2JjN2M0YzAiOnsiY3JlYXRlIjoxMjAwMDAwMDAwMDAwLCJkZWxldGUiOjM2MDAwMDAwMDAwMDAsInJlYWQiOjEyMDAwMDAwMDAwMDAsInVwZGF0ZSI6MTIwMDAwMDAwMDAwMH19"
        }
      ]
    },
    {
      "module": "module.deploy_bucket",
      "mode": "managed",
      "type": "aws_s3_bucket_ownership_controls",
      "name": "deploy_bucket",
      "provider": "provider[\"registry.terraform.io/hashicorp/aws\"]",
      "instances": [
        {
          "schema_version": 0,
          "attributes": {
            "bucket": "ma-election-services-deployments",
            "id": "ma-election-services-deployments",
            "rule": [
              {
                "object_ownership": "BucketOwnerPreferred"
              }
            ]
          },
          "sensitive_attributes": [],
          "private": "bnVsbA==",
          "dependencies": [
            "module.deploy_bucket.aws_s3_bucket.deploy_bucket"
          ]
        }
      ]
    },
    {
      "module": "module.rds",
      "mode": "managed",
      "type": "aws_db_instance",
      "name": "ma_elections_db",
      "provider": "provider[\"registry.terraform.io/hashicorp/aws\"]",
      "instances": [
        {
          "schema_version": 2,
          "attributes": {
            "address": "ma-elections-postgres-db.czyciks8cmhz.us-east-2.rds.amazonaws.com",
            "allocated_storage": 20,
            "allow_major_version_upgrade": null,
            "apply_immediately": true,
            "arn": "arn:aws:rds:us-east-2:173549513063:db:ma-elections-postgres-db",
            "auto_minor_version_upgrade": true,
            "availability_zone": "us-east-2b",
            "backup_retention_period": 0,
            "backup_target": "region",
            "backup_window": "07:02-07:32",
            "blue_green_update": [],
            "ca_cert_identifier": "rds-ca-rsa2048-g1",
            "character_set_name": "",
            "copy_tags_to_snapshot": false,
            "custom_iam_instance_profile": "",
            "customer_owned_ip_enabled": false,
            "db_name": "",
            "db_subnet_group_name": "primary-services-vpc",
            "dedicated_log_volume": false,
            "delete_automated_backups": true,
            "deletion_protection": false,
            "domain": "",
            "domain_auth_secret_arn": "",
            "domain_dns_ips": [],
            "domain_fqdn": "",
            "domain_iam_role_name": "",
            "domain_ou": "",
            "enabled_cloudwatch_logs_exports": [],
            "endpoint": "ma-elections-postgres-db.czyciks8cmhz.us-east-2.rds.amazonaws.com:5432",
            "engine": "postgres",
            "engine_lifecycle_support": "open-source-rds-extended-support",
            "engine_version": "16.8",
            "engine_version_actual": "16.8",
            "final_snapshot_identifier": null,
            "hosted_zone_id": "Z2XHWR1WZ565X2",
            "iam_database_authentication_enabled": false,
            "id": "db-KQHHWWKSD47HXIBQFBE3OZVSZI",
            "identifier": "ma-elections-postgres-db",
            "identifier_prefix": "",
            "instance_class": "db.t4g.micro",
            "iops": 0,
            "kms_key_id": "",
            "latest_restorable_time": "",
            "license_model": "postgresql-license",
            "listener_endpoint": [],
            "maintenance_window": "sun:04:14-sun:04:44",
            "manage_master_user_password": null,
            "master_user_secret": [],
            "master_user_secret_kms_key_id": null,
            "max_allocated_storage": 0,
            "monitoring_interval": 0,
            "monitoring_role_arn": "",
            "multi_az": false,
            "nchar_character_set_name": "",
            "network_type": "IPV4",
            "option_group_name": "default:postgres-16",
            "parameter_group_name": "default.postgres16",
            "password": "xzy.dqj0TDM6vzh8bpt",
            "password_wo": null,
            "password_wo_version": null,
            "performance_insights_enabled": false,
            "performance_insights_kms_key_id": "",
            "performance_insights_retention_period": 0,
            "port": 5432,
            "publicly_accessible": true,
            "replica_mode": "",
            "replicas": [],
            "replicate_source_db": "",
            "resource_id": "db-KQHHWWKSD47HXIBQFBE3OZVSZI",
            "restore_to_point_in_time": [],
            "s3_import": [],
            "skip_final_snapshot": true,
            "snapshot_identifier": null,
            "status": "available",
            "storage_encrypted": false,
            "storage_throughput": 0,
            "storage_type": "gp2",
            "tags": {},
            "tags_all": {},
            "timeouts": null,
            "timezone": "",
            "upgrade_storage_config": null,
            "username": "postgres",
            "vpc_security_group_ids": [
              "sg-0fde84c1322fa863e"
            ]
          },
          "sensitive_attributes": [
            [
              {
                "type": "get_attr",
                "value": "password"
              }
            ],
            [
              {
                "type": "get_attr",
                "value": "password_wo"
              }
            ],
            [
              {
                "type": "get_attr",
                "value": "username"
              }
            ]
          ],
          "private": "eyJlMmJmYjczMC1lY2FhLTExZTYtOGY4OC0zNDM2M2JjN2M0YzAiOnsiY3JlYXRlIjozMDAwMDAwMDAwMDAwLCJkZWxldGUiOjM2MDAwMDAwMDAwMDAsInVwZGF0ZSI6NDgwMDAwMDAwMDAwMH0sInNjaGVtYV92ZXJzaW9uIjoiMiJ9",
          "dependencies": [
            "module.vpc.module.vpc.aws_db_subnet_group.database",
            "module.vpc.module.vpc.aws_subnet.database",
            "module.vpc.module.vpc.aws_vpc.this",
            "module.vpc.module.vpc.aws_vpc_ipv4_cidr_block_association.this"
          ]
        }
      ]
    },
    {
      "module": "module.vpc.module.vpc",
      "mode": "managed",
      "type": "aws_db_subnet_group",
      "name": "database",
      "provider": "provider[\"registry.terraform.io/hashicorp/aws\"]",
      "instances": [
        {
          "index_key": 0,
          "schema_version": 0,
          "attributes": {
            "arn": "arn:aws:rds:us-east-2:173549513063:subgrp:primary-services-vpc",
            "description": "Database subnet group for primary-services-vpc",
            "id": "primary-services-vpc",
            "name": "primary-services-vpc",
            "name_prefix": "",
            "subnet_ids": [
              "subnet-05f1f35dc9c2ce775",
              "subnet-0afc997a510ba63a8"
            ],
            "supported_network_types": [
              "IPV4"
            ],
            "tags": {
              "Environment": "dev",
              "Name": "primary-services-vpc",
              "Terraform": "true"
            },
            "tags_all": {
              "Environment": "dev",
              "Name": "primary-services-vpc",
              "Terraform": "true"
            },
            "vpc_id": "vpc-0bdfc1ec3ce3d5dfd"
          },
          "sensitive_attributes": [],
          "private": "bnVsbA==",
          "dependencies": [
            "module.vpc.module.vpc.aws_subnet.database",
            "module.vpc.module.vpc.aws_vpc.this",
            "module.vpc.module.vpc.aws_vpc_ipv4_cidr_block_association.this"
          ]
        }
      ]
    },
    {
      "module": "module.vpc.module.vpc",
      "mode": "managed",
      "type": "aws_default_network_acl",
      "name": "this",
      "provider": "provider[\"registry.terraform.io/hashicorp/aws\"]",
      "instances": [
        {
          "index_key": 0,
          "schema_version": 0,
          "attributes": {
            "arn": "arn:aws:ec2:us-east-2:173549513063:network-acl/acl-0edbb1eff1867136b",
            "default_network_acl_id": "acl-0edbb1eff1867136b",
            "egress": [
              {
                "action": "allow",
                "cidr_block": "",
                "from_port": 0,
                "icmp_code": 0,
                "icmp_type": 0,
                "ipv6_cidr_block": "::/0",
                "protocol": "-1",
                "rule_no": 101,
                "to_port": 0
              },
              {
                "action": "allow",
                "cidr_block": "0.0.0.0/0",
                "from_port": 0,
                "icmp_code": 0,
                "icmp_type": 0,
                "ipv6_cidr_block": "",
                "protocol": "-1",
                "rule_no": 100,
                "to_port": 0
              }
            ],
            "id": "acl-0edbb1eff1867136b",
            "ingress": [
              {
                "action": "allow",
                "cidr_block": "",
                "from_port": 0,
                "icmp_code": 0,
                "icmp_type": 0,
                "ipv6_cidr_block": "::/0",
                "protocol": "-1",
                "rule_no": 101,
                "to_port": 0
              },
              {
                "action": "allow",
                "cidr_block": "0.0.0.0/0",
                "from_port": 0,
                "icmp_code": 0,
                "icmp_type": 0,
                "ipv6_cidr_block": "",
                "protocol": "-1",
                "rule_no": 100,
                "to_port": 0
              }
            ],
            "owner_id": "173549513063",
            "subnet_ids": [
              "subnet-05f1f35dc9c2ce775",
              "subnet-09b80b48d3a153f97",
              "subnet-0afc997a510ba63a8",
              "subnet-0c197032cda2c04a7",
              "subnet-0cc4ef07611dfb125",
              "subnet-0fec0e9eda4d586d4"
            ],
            "tags": {
              "Environment": "dev",
              "Name": "primary-services-vpc-default",
              "Terraform": "true"
            },
            "tags_all": {
              "Environment": "dev",
              "Name": "primary-services-vpc-default",
              "Terraform": "true"
            },
            "vpc_id": "vpc-0bdfc1ec3ce3d5dfd"
          },
          "sensitive_attributes": [],
          "private": "bnVsbA==",
          "dependencies": [
            "module.vpc.module.vpc.aws_vpc.this"
          ]
        }
      ]
    },
    {
      "module": "module.vpc.module.vpc",
      "mode": "managed",
      "type": "aws_default_route_table",
      "name": "default",
      "provider": "provider[\"registry.terraform.io/hashicorp/aws\"]",
      "instances": [
        {
          "index_key": 0,
          "schema_version": 0,
          "attributes": {
            "arn": "arn:aws:ec2:us-east-2:173549513063:route-table/rtb-07c7d21344d8e2261",
            "default_route_table_id": "rtb-07c7d21344d8e2261",
            "id": "rtb-07c7d21344d8e2261",
            "owner_id": "173549513063",
            "propagating_vgws": [],
            "route": [],
            "tags": {
              "Environment": "dev",
              "Name": "primary-services-vpc-default",
              "Terraform": "true"
            },
            "tags_all": {
              "Environment": "dev",
              "Name": "primary-services-vpc-default",
              "Terraform": "true"
            },
            "timeouts": {
              "create": "5m",
              "update": "5m"
            },
            "vpc_id": "vpc-0bdfc1ec3ce3d5dfd"
          },
          "sensitive_attributes": [],
          "private": "eyJlMmJmYjczMC1lY2FhLTExZTYtOGY4OC0zNDM2M2JjN2M0YzAiOnsiY3JlYXRlIjozMDAwMDAwMDAwMDAsInVwZGF0ZSI6MzAwMDAwMDAwMDAwfX0=",
          "dependencies": [
            "module.vpc.module.vpc.aws_vpc.this"
          ]
        }
      ]
    },
    {
      "module": "module.vpc.module.vpc",
      "mode": "managed",
      "type": "aws_default_security_group",
      "name": "this",
      "provider": "provider[\"registry.terraform.io/hashicorp/aws\"]",
      "instances": [
        {
          "index_key": 0,
          "schema_version": 1,
          "attributes": {
            "arn": "arn:aws:ec2:us-east-2:173549513063:security-group/sg-0fde84c1322fa863e",
            "description": "default VPC security group",
            "egress": [],
            "id": "sg-0fde84c1322fa863e",
            "ingress": [],
            "name": "default",
            "name_prefix": "",
            "owner_id": "173549513063",
            "revoke_rules_on_delete": false,
            "tags": {
              "Environment": "dev",
              "Name": "primary-services-vpc-default",
              "Terraform": "true"
            },
            "tags_all": {
              "Environment": "dev",
              "Name": "primary-services-vpc-default",
              "Terraform": "true"
            },
            "vpc_id": "vpc-0bdfc1ec3ce3d5dfd"
          },
          "sensitive_attributes": [],
          "private": "eyJzY2hlbWFfdmVyc2lvbiI6IjEifQ==",
          "dependencies": [
            "module.vpc.module.vpc.aws_vpc.this"
          ]
        }
      ]
    },
    {
      "module": "module.vpc.module.vpc",
      "mode": "managed",
      "type": "aws_eip",
      "name": "nat",
      "provider": "provider[\"registry.terraform.io/hashicorp/aws\"]",
      "instances": [
        {
          "index_key": 0,
          "schema_version": 0,
          "attributes": {
            "address": null,
            "allocation_id": "eipalloc-02f32d6c91b3fdc19",
            "arn": "arn:aws:ec2:us-east-2:173549513063:elastic-ip/eipalloc-02f32d6c91b3fdc19",
            "associate_with_private_ip": null,
            "association_id": "eipassoc-034c72fe62a7f025f",
            "carrier_ip": "",
            "customer_owned_ip": "",
            "customer_owned_ipv4_pool": "",
            "domain": "vpc",
            "id": "eipalloc-02f32d6c91b3fdc19",
            "instance": "",
            "ipam_pool_id": null,
            "network_border_group": "us-east-2",
            "network_interface": "eni-002d8e1cd68a1fb51",
            "private_dns": "ip-10-0-101-110.us-east-2.compute.internal",
            "private_ip": "10.0.101.110",
            "ptr_record": "",
            "public_dns": "ec2-3-17-192-249.us-east-2.compute.amazonaws.com",
            "public_ip": "3.17.192.249",
            "public_ipv4_pool": "amazon",
            "tags": {
              "Environment": "dev",
              "Name": "primary-services-vpc-us-east-2a",
              "Terraform": "true"
            },
            "tags_all": {
              "Environment": "dev",
              "Name": "primary-services-vpc-us-east-2a",
              "Terraform": "true"
            },
            "timeouts": null,
            "vpc": true
          },
          "sensitive_attributes": [],
          "private": "eyJlMmJmYjczMC1lY2FhLTExZTYtOGY4OC0zNDM2M2JjN2M0YzAiOnsiZGVsZXRlIjoxODAwMDAwMDAwMDAsInJlYWQiOjkwMDAwMDAwMDAwMCwidXBkYXRlIjozMDAwMDAwMDAwMDB9fQ==",
          "dependencies": [
            "module.vpc.module.vpc.aws_internet_gateway.this",
            "module.vpc.module.vpc.aws_vpc.this",
            "module.vpc.module.vpc.aws_vpc_ipv4_cidr_block_association.this"
          ]
        },
        {
          "index_key": 1,
          "schema_version": 0,
          "attributes": {
            "address": null,
            "allocation_id": "eipalloc-02d787f71789188e5",
            "arn": "arn:aws:ec2:us-east-2:173549513063:elastic-ip/eipalloc-02d787f71789188e5",
            "associate_with_private_ip": null,
            "association_id": "eipassoc-0210b7ac83cf294f8",
            "carrier_ip": "",
            "customer_owned_ip": "",
            "customer_owned_ipv4_pool": "",
            "domain": "vpc",
            "id": "eipalloc-02d787f71789188e5",
            "instance": "",
            "ipam_pool_id": null,
            "network_border_group": "us-east-2",
            "network_interface": "eni-0885fcef8b4427ea7",
            "private_dns": "ip-10-0-102-91.us-east-2.compute.internal",
            "private_ip": "10.0.102.91",
            "ptr_record": "",
            "public_dns": "ec2-3-128-74-102.us-east-2.compute.amazonaws.com",
            "public_ip": "3.128.74.102",
            "public_ipv4_pool": "amazon",
            "tags": {
              "Environment": "dev",
              "Name": "primary-services-vpc-us-east-2b",
              "Terraform": "true"
            },
            "tags_all": {
              "Environment": "dev",
              "Name": "primary-services-vpc-us-east-2b",
              "Terraform": "true"
            },
            "timeouts": null,
            "vpc": true
          },
          "sensitive_attributes": [],
          "private": "eyJlMmJmYjczMC1lY2FhLTExZTYtOGY4OC0zNDM2M2JjN2M0YzAiOnsiZGVsZXRlIjoxODAwMDAwMDAwMDAsInJlYWQiOjkwMDAwMDAwMDAwMCwidXBkYXRlIjozMDAwMDAwMDAwMDB9fQ==",
          "dependencies": [
            "module.vpc.module.vpc.aws_internet_gateway.this",
            "module.vpc.module.vpc.aws_vpc.this",
            "module.vpc.module.vpc.aws_vpc_ipv4_cidr_block_association.this"
          ]
        }
      ]
    },
    {
      "module": "module.vpc.module.vpc",
      "mode": "managed",
      "type": "aws_internet_gateway",
      "name": "this",
      "provider": "provider[\"registry.terraform.io/hashicorp/aws\"]",
      "instances": [
        {
          "index_key": 0,
          "schema_version": 0,
          "attributes": {
            "arn": "arn:aws:ec2:us-east-2:173549513063:internet-gateway/igw-02c6fd2080a4b0794",
            "id": "igw-02c6fd2080a4b0794",
            "owner_id": "173549513063",
            "tags": {
              "Environment": "dev",
              "Name": "primary-services-vpc",
              "Terraform": "true"
            },
            "tags_all": {
              "Environment": "dev",
              "Name": "primary-services-vpc",
              "Terraform": "true"
            },
            "timeouts": null,
            "vpc_id": "vpc-0bdfc1ec3ce3d5dfd"
          },
          "sensitive_attributes": [],
          "private": "eyJlMmJmYjczMC1lY2FhLTExZTYtOGY4OC0zNDM2M2JjN2M0YzAiOnsiY3JlYXRlIjoxMjAwMDAwMDAwMDAwLCJkZWxldGUiOjEyMDAwMDAwMDAwMDAsInVwZGF0ZSI6MTIwMDAwMDAwMDAwMH19",
          "dependencies": [
            "module.vpc.module.vpc.aws_vpc.this",
            "module.vpc.module.vpc.aws_vpc_ipv4_cidr_block_association.this"
          ]
        }
      ]
    },
    {
      "module": "module.vpc.module.vpc",
      "mode": "managed",
      "type": "aws_nat_gateway",
      "name": "this",
      "provider": "provider[\"registry.terraform.io/hashicorp/aws\"]",
      "instances": [
        {
          "index_key": 0,
          "schema_version": 0,
          "attributes": {
            "allocation_id": "eipalloc-02f32d6c91b3fdc19",
            "association_id": "eipassoc-034c72fe62a7f025f",
            "connectivity_type": "public",
            "id": "nat-051ab1735caab1de4",
            "network_interface_id": "eni-002d8e1cd68a1fb51",
            "private_ip": "10.0.101.110",
            "public_ip": "3.17.192.249",
            "secondary_allocation_ids": [],
            "secondary_private_ip_address_count": 0,
            "secondary_private_ip_addresses": [],
            "subnet_id": "subnet-0fec0e9eda4d586d4",
            "tags": {
              "Environment": "dev",
              "Name": "primary-services-vpc-us-east-2a",
              "Terraform": "true"
            },
            "tags_all": {
              "Environment": "dev",
              "Name": "primary-services-vpc-us-east-2a",
              "Terraform": "true"
            },
            "timeouts": null
          },
          "sensitive_attributes": [],
          "private": "eyJlMmJmYjczMC1lY2FhLTExZTYtOGY4OC0zNDM2M2JjN2M0YzAiOnsiY3JlYXRlIjo2MDAwMDAwMDAwMDAsImRlbGV0ZSI6MTgwMDAwMDAwMDAwMCwidXBkYXRlIjo2MDAwMDAwMDAwMDB9fQ==",
          "dependencies": [
            "module.vpc.module.vpc.aws_eip.nat",
            "module.vpc.module.vpc.aws_internet_gateway.this",
            "module.vpc.module.vpc.aws_subnet.public",
            "module.vpc.module.vpc.aws_vpc.this",
            "module.vpc.module.vpc.aws_vpc_ipv4_cidr_block_association.this"
          ]
        },
        {
          "index_key": 1,
          "schema_version": 0,
          "attributes": {
            "allocation_id": "eipalloc-02d787f71789188e5",
            "association_id": "eipassoc-0210b7ac83cf294f8",
            "connectivity_type": "public",
            "id": "nat-08109a2328ac7303e",
            "network_interface_id": "eni-0885fcef8b4427ea7",
            "private_ip": "10.0.102.91",
            "public_ip": "3.128.74.102",
            "secondary_allocation_ids": [],
            "secondary_private_ip_address_count": 0,
            "secondary_private_ip_addresses": [],
            "subnet_id": "subnet-0c197032cda2c04a7",
            "tags": {
              "Environment": "dev",
              "Name": "primary-services-vpc-us-east-2b",
              "Terraform": "true"
            },
            "tags_all": {
              "Environment": "dev",
              "Name": "primary-services-vpc-us-east-2b",
              "Terraform": "true"
            },
            "timeouts": null
          },
          "sensitive_attributes": [],
          "private": "eyJlMmJmYjczMC1lY2FhLTExZTYtOGY4OC0zNDM2M2JjN2M0YzAiOnsiY3JlYXRlIjo2MDAwMDAwMDAwMDAsImRlbGV0ZSI6MTgwMDAwMDAwMDAwMCwidXBkYXRlIjo2MDAwMDAwMDAwMDB9fQ==",
          "dependencies": [
            "module.vpc.module.vpc.aws_eip.nat",
            "module.vpc.module.vpc.aws_internet_gateway.this",
            "module.vpc.module.vpc.aws_subnet.public",
            "module.vpc.module.vpc.aws_vpc.this",
            "module.vpc.module.vpc.aws_vpc_ipv4_cidr_block_association.this"
          ]
        }
      ]
    },
    {
      "module": "module.vpc.module.vpc",
      "mode": "managed",
      "type": "aws_route",
      "name": "database_internet_gateway",
      "provider": "provider[\"registry.terraform.io/hashicorp/aws\"]",
      "instances": [
        {
          "index_key": 0,
          "schema_version": 0,
          "attributes": {
            "carrier_gateway_id": "",
            "core_network_arn": "",
            "destination_cidr_block": "0.0.0.0/0",
            "destination_ipv6_cidr_block": "",
            "destination_prefix_list_id": "",
            "egress_only_gateway_id": "",
            "gateway_id": "igw-02c6fd2080a4b0794",
            "id": "r-rtb-001bafd7289a114b71080289494",
            "instance_id": "",
            "instance_owner_id": "",
            "local_gateway_id": "",
            "nat_gateway_id": "",
            "network_interface_id": "",
            "origin": "CreateRoute",
            "route_table_id": "rtb-001bafd7289a114b7",
            "state": "active",
            "timeouts": {
              "create": "5m",
              "delete": null,
              "update": null
            },
            "transit_gateway_id": "",
            "vpc_endpoint_id": "",
            "vpc_peering_connection_id": ""
          },
          "sensitive_attributes": [],
          "private": "eyJlMmJmYjczMC1lY2FhLTExZTYtOGY4OC0zNDM2M2JjN2M0YzAiOnsiY3JlYXRlIjozMDAwMDAwMDAwMDAsImRlbGV0ZSI6MzAwMDAwMDAwMDAwLCJ1cGRhdGUiOjEyMDAwMDAwMDAwMH19",
          "dependencies": [
            "module.vpc.module.vpc.aws_internet_gateway.this",
            "module.vpc.module.vpc.aws_route_table.database",
            "module.vpc.module.vpc.aws_vpc.this",
            "module.vpc.module.vpc.aws_vpc_ipv4_cidr_block_association.this"
          ]
        }
      ]
    },
    {
      "module": "module.vpc.module.vpc",
      "mode": "managed",
      "type": "aws_route",
      "name": "private_nat_gateway",
      "provider": "provider[\"registry.terraform.io/hashicorp/aws\"]",
      "instances": [
        {
          "index_key": 0,
          "schema_version": 0,
          "attributes": {
            "carrier_gateway_id": "",
            "core_network_arn": "",
            "destination_cidr_block": "0.0.0.0/0",
            "destination_ipv6_cidr_block": "",
            "destination_prefix_list_id": "",
            "egress_only_gateway_id": "",
            "gateway_id": "",
            "id": "r-rtb-0355258d0d61387d71080289494",
            "instance_id": "",
            "instance_owner_id": "",
            "local_gateway_id": "",
            "nat_gateway_id": "nat-051ab1735caab1de4",
            "network_interface_id": "",
            "origin": "CreateRoute",
            "route_table_id": "rtb-0355258d0d61387d7",
            "state": "active",
            "timeouts": {
              "create": "5m",
              "delete": null,
              "update": null
            },
            "transit_gateway_id": "",
            "vpc_endpoint_id": "",
            "vpc_peering_connection_id": ""
          },
          "sensitive_attributes": [],
          "private": "eyJlMmJmYjczMC1lY2FhLTExZTYtOGY4OC0zNDM2M2JjN2M0YzAiOnsiY3JlYXRlIjozMDAwMDAwMDAwMDAsImRlbGV0ZSI6MzAwMDAwMDAwMDAwLCJ1cGRhdGUiOjEyMDAwMDAwMDAwMH19",
          "dependencies": [
            "module.vpc.module.vpc.aws_eip.nat",
            "module.vpc.module.vpc.aws_internet_gateway.this",
            "module.vpc.module.vpc.aws_nat_gateway.this",
            "module.vpc.module.vpc.aws_route_table.private",
            "module.vpc.module.vpc.aws_subnet.public",
            "module.vpc.module.vpc.aws_vpc.this",
            "module.vpc.module.vpc.aws_vpc_ipv4_cidr_block_association.this"
          ]
        },
        {
          "index_key": 1,
          "schema_version": 0,
          "attributes": {
            "carrier_gateway_id": "",
            "core_network_arn": "",
            "destination_cidr_block": "0.0.0.0/0",
            "destination_ipv6_cidr_block": "",
            "destination_prefix_list_id": "",
            "egress_only_gateway_id": "",
            "gateway_id": "",
            "id": "r-rtb-05b1d6d8aa9f6d9bc1080289494",
            "instance_id": "",
            "instance_owner_id": "",
            "local_gateway_id": "",
            "nat_gateway_id": "nat-08109a2328ac7303e",
            "network_interface_id": "",
            "origin": "CreateRoute",
            "route_table_id": "rtb-05b1d6d8aa9f6d9bc",
            "state": "active",
            "timeouts": {
              "create": "5m",
              "delete": null,
              "update": null
            },
            "transit_gateway_id": "",
            "vpc_endpoint_id": "",
            "vpc_peering_connection_id": ""
          },
          "sensitive_attributes": [],
          "private": "eyJlMmJmYjczMC1lY2FhLTExZTYtOGY4OC0zNDM2M2JjN2M0YzAiOnsiY3JlYXRlIjozMDAwMDAwMDAwMDAsImRlbGV0ZSI6MzAwMDAwMDAwMDAwLCJ1cGRhdGUiOjEyMDAwMDAwMDAwMH19",
          "dependencies": [
            "module.vpc.module.vpc.aws_eip.nat",
            "module.vpc.module.vpc.aws_internet_gateway.this",
            "module.vpc.module.vpc.aws_nat_gateway.this",
            "module.vpc.module.vpc.aws_route_table.private",
            "module.vpc.module.vpc.aws_subnet.public",
            "module.vpc.module.vpc.aws_vpc.this",
            "module.vpc.module.vpc.aws_vpc_ipv4_cidr_block_association.this"
          ]
        }
      ]
    },
    {
      "module": "module.vpc.module.vpc",
      "mode": "managed",
      "type": "aws_route",
      "name": "public_internet_gateway",
      "provider": "provider[\"registry.terraform.io/hashicorp/aws\"]",
      "instances": [
        {
          "index_key": 0,
          "schema_version": 0,
          "attributes": {
            "carrier_gateway_id": "",
            "core_network_arn": "",
            "destination_cidr_block": "0.0.0.0/0",
            "destination_ipv6_cidr_block": "",
            "destination_prefix_list_id": "",
            "egress_only_gateway_id": "",
            "gateway_id": "igw-02c6fd2080a4b0794",
            "id": "r-rtb-07127590a1ac738611080289494",
            "instance_id": "",
            "instance_owner_id": "",
            "local_gateway_id": "",
            "nat_gateway_id": "",
            "network_interface_id": "",
            "origin": "CreateRoute",
            "route_table_id": "rtb-07127590a1ac73861",
            "state": "active",
            "timeouts": {
              "create": "5m",
              "delete": null,
              "update": null
            },
            "transit_gateway_id": "",
            "vpc_endpoint_id": "",
            "vpc_peering_connection_id": ""
          },
          "sensitive_attributes": [],
          "private": "eyJlMmJmYjczMC1lY2FhLTExZTYtOGY4OC0zNDM2M2JjN2M0YzAiOnsiY3JlYXRlIjozMDAwMDAwMDAwMDAsImRlbGV0ZSI6MzAwMDAwMDAwMDAwLCJ1cGRhdGUiOjEyMDAwMDAwMDAwMH19",
          "dependencies": [
            "module.vpc.module.vpc.aws_internet_gateway.this",
            "module.vpc.module.vpc.aws_route_table.public",
            "module.vpc.module.vpc.aws_vpc.this",
            "module.vpc.module.vpc.aws_vpc_ipv4_cidr_block_association.this"
          ]
        }
      ]
    },
    {
      "module": "module.vpc.module.vpc",
      "mode": "managed",
      "type": "aws_route_table",
      "name": "database",
      "provider": "provider[\"registry.terraform.io/hashicorp/aws\"]",
      "instances": [
        {
          "index_key": 0,
          "schema_version": 0,
          "attributes": {
            "arn": "arn:aws:ec2:us-east-2:173549513063:route-table/rtb-001bafd7289a114b7",
            "id": "rtb-001bafd7289a114b7",
            "owner_id": "173549513063",
            "propagating_vgws": [],
            "route": [
              {
                "carrier_gateway_id": "",
                "cidr_block": "0.0.0.0/0",
                "core_network_arn": "",
                "destination_prefix_list_id": "",
                "egress_only_gateway_id": "",
                "gateway_id": "igw-02c6fd2080a4b0794",
                "ipv6_cidr_block": "",
                "local_gateway_id": "",
                "nat_gateway_id": "",
                "network_interface_id": "",
                "transit_gateway_id": "",
                "vpc_endpoint_id": "",
                "vpc_peering_connection_id": ""
              }
            ],
            "tags": {
              "Environment": "dev",
              "Name": "primary-services-vpc-db",
              "Terraform": "true"
            },
            "tags_all": {
              "Environment": "dev",
              "Name": "primary-services-vpc-db",
              "Terraform": "true"
            },
            "timeouts": null,
            "vpc_id": "vpc-0bdfc1ec3ce3d5dfd"
          },
          "sensitive_attributes": [],
          "private": "eyJlMmJmYjczMC1lY2FhLTExZTYtOGY4OC0zNDM2M2JjN2M0YzAiOnsiY3JlYXRlIjozMDAwMDAwMDAwMDAsImRlbGV0ZSI6MzAwMDAwMDAwMDAwLCJ1cGRhdGUiOjEyMDAwMDAwMDAwMH19",
          "dependencies": [
            "module.vpc.module.vpc.aws_vpc.this",
            "module.vpc.module.vpc.aws_vpc_ipv4_cidr_block_association.this"
          ]
        }
      ]
    },
    {
      "module": "module.vpc.module.vpc",
      "mode": "managed",
      "type": "aws_route_table",
      "name": "private",
      "provider": "provider[\"registry.terraform.io/hashicorp/aws\"]",
      "instances": [
        {
          "index_key": 0,
          "schema_version": 0,
          "attributes": {
            "arn": "arn:aws:ec2:us-east-2:173549513063:route-table/rtb-0355258d0d61387d7",
            "id": "rtb-0355258d0d61387d7",
            "owner_id": "173549513063",
            "propagating_vgws": [],
            "route": [
              {
                "carrier_gateway_id": "",
                "cidr_block": "0.0.0.0/0",
                "core_network_arn": "",
                "destination_prefix_list_id": "",
                "egress_only_gateway_id": "",
                "gateway_id": "",
                "ipv6_cidr_block": "",
                "local_gateway_id": "",
                "nat_gateway_id": "nat-051ab1735caab1de4",
                "network_interface_id": "",
                "transit_gateway_id": "",
                "vpc_endpoint_id": "",
                "vpc_peering_connection_id": ""
              }
            ],
            "tags": {
              "Environment": "dev",
              "Name": "primary-services-vpc-private-us-east-2a",
              "Terraform": "true"
            },
            "tags_all": {
              "Environment": "dev",
              "Name": "primary-services-vpc-private-us-east-2a",
              "Terraform": "true"
            },
            "timeouts": null,
            "vpc_id": "vpc-0bdfc1ec3ce3d5dfd"
          },
          "sensitive_attributes": [],
          "private": "eyJlMmJmYjczMC1lY2FhLTExZTYtOGY4OC0zNDM2M2JjN2M0YzAiOnsiY3JlYXRlIjozMDAwMDAwMDAwMDAsImRlbGV0ZSI6MzAwMDAwMDAwMDAwLCJ1cGRhdGUiOjEyMDAwMDAwMDAwMH19",
          "dependencies": [
            "module.vpc.module.vpc.aws_vpc.this",
            "module.vpc.module.vpc.aws_vpc_ipv4_cidr_block_association.this"
          ]
        },
        {
          "index_key": 1,
          "schema_version": 0,
          "attributes": {
            "arn": "arn:aws:ec2:us-east-2:173549513063:route-table/rtb-05b1d6d8aa9f6d9bc",
            "id": "rtb-05b1d6d8aa9f6d9bc",
            "owner_id": "173549513063",
            "propagating_vgws": [],
            "route": [
              {
                "carrier_gateway_id": "",
                "cidr_block": "0.0.0.0/0",
                "core_network_arn": "",
                "destination_prefix_list_id": "",
                "egress_only_gateway_id": "",
                "gateway_id": "",
                "ipv6_cidr_block": "",
                "local_gateway_id": "",
                "nat_gateway_id": "nat-08109a2328ac7303e",
                "network_interface_id": "",
                "transit_gateway_id": "",
                "vpc_endpoint_id": "",
                "vpc_peering_connection_id": ""
              }
            ],
            "tags": {
              "Environment": "dev",
              "Name": "primary-services-vpc-private-us-east-2b",
              "Terraform": "true"
            },
            "tags_all": {
              "Environment": "dev",
              "Name": "primary-services-vpc-private-us-east-2b",
              "Terraform": "true"
            },
            "timeouts": null,
            "vpc_id": "vpc-0bdfc1ec3ce3d5dfd"
          },
          "sensitive_attributes": [],
          "private": "eyJlMmJmYjczMC1lY2FhLTExZTYtOGY4OC0zNDM2M2JjN2M0YzAiOnsiY3JlYXRlIjozMDAwMDAwMDAwMDAsImRlbGV0ZSI6MzAwMDAwMDAwMDAwLCJ1cGRhdGUiOjEyMDAwMDAwMDAwMH19",
          "dependencies": [
            "module.vpc.module.vpc.aws_vpc.this",
            "module.vpc.module.vpc.aws_vpc_ipv4_cidr_block_association.this"
          ]
        }
      ]
    },
    {
      "module": "module.vpc.module.vpc",
      "mode": "managed",
      "type": "aws_route_table",
      "name": "public",
      "provider": "provider[\"registry.terraform.io/hashicorp/aws\"]",
      "instances": [
        {
          "index_key": 0,
          "schema_version": 0,
          "attributes": {
            "arn": "arn:aws:ec2:us-east-2:173549513063:route-table/rtb-07127590a1ac73861",
            "id": "rtb-07127590a1ac73861",
            "owner_id": "173549513063",
            "propagating_vgws": [],
            "route": [
              {
                "carrier_gateway_id": "",
                "cidr_block": "0.0.0.0/0",
                "core_network_arn": "",
                "destination_prefix_list_id": "",
                "egress_only_gateway_id": "",
                "gateway_id": "igw-02c6fd2080a4b0794",
                "ipv6_cidr_block": "",
                "local_gateway_id": "",
                "nat_gateway_id": "",
                "network_interface_id": "",
                "transit_gateway_id": "",
                "vpc_endpoint_id": "",
                "vpc_peering_connection_id": ""
              }
            ],
            "tags": {
              "Environment": "dev",
              "Name": "primary-services-vpc-public",
              "Terraform": "true"
            },
            "tags_all": {
              "Environment": "dev",
              "Name": "primary-services-vpc-public",
              "Terraform": "true"
            },
            "timeouts": null,
            "vpc_id": "vpc-0bdfc1ec3ce3d5dfd"
          },
          "sensitive_attributes": [],
          "private": "eyJlMmJmYjczMC1lY2FhLTExZTYtOGY4OC0zNDM2M2JjN2M0YzAiOnsiY3JlYXRlIjozMDAwMDAwMDAwMDAsImRlbGV0ZSI6MzAwMDAwMDAwMDAwLCJ1cGRhdGUiOjEyMDAwMDAwMDAwMH19",
          "dependencies": [
            "module.vpc.module.vpc.aws_vpc.this",
            "module.vpc.module.vpc.aws_vpc_ipv4_cidr_block_association.this"
          ]
        }
      ]
    },
    {
      "module": "module.vpc.module.vpc",
      "mode": "managed",
      "type": "aws_route_table_association",
      "name": "database",
      "provider": "provider[\"registry.terraform.io/hashicorp/aws\"]",
      "instances": [
        {
          "index_key": 0,
          "schema_version": 0,
          "attributes": {
            "gateway_id": "",
            "id": "rtbassoc-044352a9a8c5bb545",
            "route_table_id": "rtb-001bafd7289a114b7",
            "subnet_id": "subnet-0afc997a510ba63a8",
            "timeouts": null
          },
          "sensitive_attributes": [],
          "private": "eyJlMmJmYjczMC1lY2FhLTExZTYtOGY4OC0zNDM2M2JjN2M0YzAiOnsiY3JlYXRlIjozMDAwMDAwMDAwMDAsImRlbGV0ZSI6MzAwMDAwMDAwMDAwLCJ1cGRhdGUiOjEyMDAwMDAwMDAwMH19",
          "dependencies": [
            "module.vpc.module.vpc.aws_route_table.database",
            "module.vpc.module.vpc.aws_route_table.private",
            "module.vpc.module.vpc.aws_subnet.database",
            "module.vpc.module.vpc.aws_vpc.this",
            "module.vpc.module.vpc.aws_vpc_ipv4_cidr_block_association.this"
          ]
        },
        {
          "index_key": 1,
          "schema_version": 0,
          "attributes": {
            "gateway_id": "",
            "id": "rtbassoc-0a94346ee0e95c739",
            "route_table_id": "rtb-001bafd7289a114b7",
            "subnet_id": "subnet-05f1f35dc9c2ce775",
            "timeouts": null
          },
          "sensitive_attributes": [],
          "private": "eyJlMmJmYjczMC1lY2FhLTExZTYtOGY4OC0zNDM2M2JjN2M0YzAiOnsiY3JlYXRlIjozMDAwMDAwMDAwMDAsImRlbGV0ZSI6MzAwMDAwMDAwMDAwLCJ1cGRhdGUiOjEyMDAwMDAwMDAwMH19",
          "dependencies": [
            "module.vpc.module.vpc.aws_route_table.database",
            "module.vpc.module.vpc.aws_route_table.private",
            "module.vpc.module.vpc.aws_subnet.database",
            "module.vpc.module.vpc.aws_vpc.this",
            "module.vpc.module.vpc.aws_vpc_ipv4_cidr_block_association.this"
          ]
        }
      ]
    },
    {
      "module": "module.vpc.module.vpc",
      "mode": "managed",
      "type": "aws_route_table_association",
      "name": "private",
      "provider": "provider[\"registry.terraform.io/hashicorp/aws\"]",
      "instances": [
        {
          "index_key": 0,
          "schema_version": 0,
          "attributes": {
            "gateway_id": "",
            "id": "rtbassoc-0b1ae905a8dee3548",
            "route_table_id": "rtb-0355258d0d61387d7",
            "subnet_id": "subnet-0cc4ef07611dfb125",
            "timeouts": null
          },
          "sensitive_attributes": [],
          "private": "eyJlMmJmYjczMC1lY2FhLTExZTYtOGY4OC0zNDM2M2JjN2M0YzAiOnsiY3JlYXRlIjozMDAwMDAwMDAwMDAsImRlbGV0ZSI6MzAwMDAwMDAwMDAwLCJ1cGRhdGUiOjEyMDAwMDAwMDAwMH19",
          "dependencies": [
            "module.vpc.module.vpc.aws_route_table.private",
            "module.vpc.module.vpc.aws_subnet.private",
            "module.vpc.module.vpc.aws_vpc.this",
            "module.vpc.module.vpc.aws_vpc_ipv4_cidr_block_association.this"
          ]
        },
        {
          "index_key": 1,
          "schema_version": 0,
          "attributes": {
            "gateway_id": "",
            "id": "rtbassoc-0e616852e78006499",
            "route_table_id": "rtb-05b1d6d8aa9f6d9bc",
            "subnet_id": "subnet-09b80b48d3a153f97",
            "timeouts": null
          },
          "sensitive_attributes": [],
          "private": "eyJlMmJmYjczMC1lY2FhLTExZTYtOGY4OC0zNDM2M2JjN2M0YzAiOnsiY3JlYXRlIjozMDAwMDAwMDAwMDAsImRlbGV0ZSI6MzAwMDAwMDAwMDAwLCJ1cGRhdGUiOjEyMDAwMDAwMDAwMH19",
          "dependencies": [
            "module.vpc.module.vpc.aws_route_table.private",
            "module.vpc.module.vpc.aws_subnet.private",
            "module.vpc.module.vpc.aws_vpc.this",
            "module.vpc.module.vpc.aws_vpc_ipv4_cidr_block_association.this"
          ]
        }
      ]
    },
    {
      "module": "module.vpc.module.vpc",
      "mode": "managed",
      "type": "aws_route_table_association",
      "name": "public",
      "provider": "provider[\"registry.terraform.io/hashicorp/aws\"]",
      "instances": [
        {
          "index_key": 0,
          "schema_version": 0,
          "attributes": {
            "gateway_id": "",
            "id": "rtbassoc-0c0fbb9dd172ef7be",
            "route_table_id": "rtb-07127590a1ac73861",
            "subnet_id": "subnet-0fec0e9eda4d586d4",
            "timeouts": null
          },
          "sensitive_attributes": [],
          "private": "eyJlMmJmYjczMC1lY2FhLTExZTYtOGY4OC0zNDM2M2JjN2M0YzAiOnsiY3JlYXRlIjozMDAwMDAwMDAwMDAsImRlbGV0ZSI6MzAwMDAwMDAwMDAwLCJ1cGRhdGUiOjEyMDAwMDAwMDAwMH19",
          "dependencies": [
            "module.vpc.module.vpc.aws_route_table.public",
            "module.vpc.module.vpc.aws_subnet.public",
            "module.vpc.module.vpc.aws_vpc.this",
            "module.vpc.module.vpc.aws_vpc_ipv4_cidr_block_association.this"
          ]
        },
        {
          "index_key": 1,
          "schema_version": 0,
          "attributes": {
            "gateway_id": "",
            "id": "rtbassoc-0dc6b572b30ce9200",
            "route_table_id": "rtb-07127590a1ac73861",
            "subnet_id": "subnet-0c197032cda2c04a7",
            "timeouts": null
          },
          "sensitive_attributes": [],
          "private": "eyJlMmJmYjczMC1lY2FhLTExZTYtOGY4OC0zNDM2M2JjN2M0YzAiOnsiY3JlYXRlIjozMDAwMDAwMDAwMDAsImRlbGV0ZSI6MzAwMDAwMDAwMDAwLCJ1cGRhdGUiOjEyMDAwMDAwMDAwMH19",
          "dependencies": [
            "module.vpc.module.vpc.aws_route_table.public",
            "module.vpc.module.vpc.aws_subnet.public",
            "module.vpc.module.vpc.aws_vpc.this",
            "module.vpc.module.vpc.aws_vpc_ipv4_cidr_block_association.this"
          ]
        }
      ]
    },
    {
      "module": "module.vpc.module.vpc",
      "mode": "managed",
      "type": "aws_subnet",
      "name": "database",
      "provider": "provider[\"registry.terraform.io/hashicorp/aws\"]",
      "instances": [
        {
          "index_key": 0,
          "schema_version": 1,
          "attributes": {
            "arn": "arn:aws:ec2:us-east-2:173549513063:subnet/subnet-0afc997a510ba63a8",
            "assign_ipv6_address_on_creation": false,
            "availability_zone": "us-east-2a",
            "availability_zone_id": "use2-az1",
            "cidr_block": "10.0.11.0/24",
            "customer_owned_ipv4_pool": "",
            "enable_dns64": false,
            "enable_lni_at_device_index": 0,
            "enable_resource_name_dns_a_record_on_launch": false,
            "enable_resource_name_dns_aaaa_record_on_launch": false,
            "id": "subnet-0afc997a510ba63a8",
            "ipv6_cidr_block": "",
            "ipv6_cidr_block_association_id": "",
            "ipv6_native": false,
            "map_customer_owned_ip_on_launch": false,
            "map_public_ip_on_launch": false,
            "outpost_arn": "",
            "owner_id": "173549513063",
            "private_dns_hostname_type_on_launch": "ip-name",
            "tags": {
              "Environment": "dev",
              "Name": "primary-services-vpc-db-us-east-2a",
              "Terraform": "true"
            },
            "tags_all": {
              "Environment": "dev",
              "Name": "primary-services-vpc-db-us-east-2a",
              "Terraform": "true"
            },
            "timeouts": null,
            "vpc_id": "vpc-0bdfc1ec3ce3d5dfd"
          },
          "sensitive_attributes": [],
          "private": "eyJlMmJmYjczMC1lY2FhLTExZTYtOGY4OC0zNDM2M2JjN2M0YzAiOnsiY3JlYXRlIjo2MDAwMDAwMDAwMDAsImRlbGV0ZSI6MTIwMDAwMDAwMDAwMH0sInNjaGVtYV92ZXJzaW9uIjoiMSJ9",
          "dependencies": [
            "module.vpc.module.vpc.aws_vpc.this",
            "module.vpc.module.vpc.aws_vpc_ipv4_cidr_block_association.this"
          ]
        },
        {
          "index_key": 1,
          "schema_version": 1,
          "attributes": {
            "arn": "arn:aws:ec2:us-east-2:173549513063:subnet/subnet-05f1f35dc9c2ce775",
            "assign_ipv6_address_on_creation": false,
            "availability_zone": "us-east-2b",
            "availability_zone_id": "use2-az2",
            "cidr_block": "10.0.12.0/24",
            "customer_owned_ipv4_pool": "",
            "enable_dns64": false,
            "enable_lni_at_device_index": 0,
            "enable_resource_name_dns_a_record_on_launch": false,
            "enable_resource_name_dns_aaaa_record_on_launch": false,
            "id": "subnet-05f1f35dc9c2ce775",
            "ipv6_cidr_block": "",
            "ipv6_cidr_block_association_id": "",
            "ipv6_native": false,
            "map_customer_owned_ip_on_launch": false,
            "map_public_ip_on_launch": false,
            "outpost_arn": "",
            "owner_id": "173549513063",
            "private_dns_hostname_type_on_launch": "ip-name",
            "tags": {
              "Environment": "dev",
              "Name": "primary-services-vpc-db-us-east-2b",
              "Terraform": "true"
            },
            "tags_all": {
              "Environment": "dev",
              "Name": "primary-services-vpc-db-us-east-2b",
              "Terraform": "true"
            },
            "timeouts": null,
            "vpc_id": "vpc-0bdfc1ec3ce3d5dfd"
          },
          "sensitive_attributes": [],
          "private": "eyJlMmJmYjczMC1lY2FhLTExZTYtOGY4OC0zNDM2M2JjN2M0YzAiOnsiY3JlYXRlIjo2MDAwMDAwMDAwMDAsImRlbGV0ZSI6MTIwMDAwMDAwMDAwMH0sInNjaGVtYV92ZXJzaW9uIjoiMSJ9",
          "dependencies": [
            "module.vpc.module.vpc.aws_vpc.this",
            "module.vpc.module.vpc.aws_vpc_ipv4_cidr_block_association.this"
          ]
        }
      ]
    },
    {
      "module": "module.vpc.module.vpc",
      "mode": "managed",
      "type": "aws_subnet",
      "name": "private",
      "provider": "provider[\"registry.terraform.io/hashicorp/aws\"]",
      "instances": [
        {
          "index_key": 0,
          "schema_version": 1,
          "attributes": {
            "arn": "arn:aws:ec2:us-east-2:173549513063:subnet/subnet-0cc4ef07611dfb125",
            "assign_ipv6_address_on_creation": false,
            "availability_zone": "us-east-2a",
            "availability_zone_id": "use2-az1",
            "cidr_block": "10.0.1.0/24",
            "customer_owned_ipv4_pool": "",
            "enable_dns64": false,
            "enable_lni_at_device_index": 0,
            "enable_resource_name_dns_a_record_on_launch": false,
            "enable_resource_name_dns_aaaa_record_on_launch": false,
            "id": "subnet-0cc4ef07611dfb125",
            "ipv6_cidr_block": "",
            "ipv6_cidr_block_association_id": "",
            "ipv6_native": false,
            "map_customer_owned_ip_on_launch": false,
            "map_public_ip_on_launch": false,
            "outpost_arn": "",
            "owner_id": "173549513063",
            "private_dns_hostname_type_on_launch": "ip-name",
            "tags": {
              "Environment": "dev",
              "Name": "primary-services-vpc-private-us-east-2a",
              "Terraform": "true"
            },
            "tags_all": {
              "Environment": "dev",
              "Name": "primary-services-vpc-private-us-east-2a",
              "Terraform": "true"
            },
            "timeouts": null,
            "vpc_id": "vpc-0bdfc1ec3ce3d5dfd"
          },
          "sensitive_attributes": [],
          "private": "eyJlMmJmYjczMC1lY2FhLTExZTYtOGY4OC0zNDM2M2JjN2M0YzAiOnsiY3JlYXRlIjo2MDAwMDAwMDAwMDAsImRlbGV0ZSI6MTIwMDAwMDAwMDAwMH0sInNjaGVtYV92ZXJzaW9uIjoiMSJ9",
          "dependencies": [
            "module.vpc.module.vpc.aws_vpc.this",
            "module.vpc.module.vpc.aws_vpc_ipv4_cidr_block_association.this"
          ]
        },
        {
          "index_key": 1,
          "schema_version": 1,
          "attributes": {
            "arn": "arn:aws:ec2:us-east-2:173549513063:subnet/subnet-09b80b48d3a153f97",
            "assign_ipv6_address_on_creation": false,
            "availability_zone": "us-east-2b",
            "availability_zone_id": "use2-az2",
            "cidr_block": "10.0.2.0/24",
            "customer_owned_ipv4_pool": "",
            "enable_dns64": false,
            "enable_lni_at_device_index": 0,
            "enable_resource_name_dns_a_record_on_launch": false,
            "enable_resource_name_dns_aaaa_record_on_launch": false,
            "id": "subnet-09b80b48d3a153f97",
            "ipv6_cidr_block": "",
            "ipv6_cidr_block_association_id": "",
            "ipv6_native": false,
            "map_customer_owned_ip_on_launch": false,
            "map_public_ip_on_launch": false,
            "outpost_arn": "",
            "owner_id": "173549513063",
            "private_dns_hostname_type_on_launch": "ip-name",
            "tags": {
              "Environment": "dev",
              "Name": "primary-services-vpc-private-us-east-2b",
              "Terraform": "true"
            },
            "tags_all": {
              "Environment": "dev",
              "Name": "primary-services-vpc-private-us-east-2b",
              "Terraform": "true"
            },
            "timeouts": null,
            "vpc_id": "vpc-0bdfc1ec3ce3d5dfd"
          },
          "sensitive_attributes": [],
          "private": "eyJlMmJmYjczMC1lY2FhLTExZTYtOGY4OC0zNDM2M2JjN2M0YzAiOnsiY3JlYXRlIjo2MDAwMDAwMDAwMDAsImRlbGV0ZSI6MTIwMDAwMDAwMDAwMH0sInNjaGVtYV92ZXJzaW9uIjoiMSJ9",
          "dependencies": [
            "module.vpc.module.vpc.aws_vpc.this",
            "module.vpc.module.vpc.aws_vpc_ipv4_cidr_block_association.this"
          ]
        }
      ]
    },
    {
      "module": "module.vpc.module.vpc",
      "mode": "managed",
      "type": "aws_subnet",
      "name": "public",
      "provider": "provider[\"registry.terraform.io/hashicorp/aws\"]",
      "instances": [
        {
          "index_key": 0,
          "schema_version": 1,
          "attributes": {
            "arn": "arn:aws:ec2:us-east-2:173549513063:subnet/subnet-0fec0e9eda4d586d4",
            "assign_ipv6_address_on_creation": false,
            "availability_zone": "us-east-2a",
            "availability_zone_id": "use2-az1",
            "cidr_block": "10.0.101.0/24",
            "customer_owned_ipv4_pool": "",
            "enable_dns64": false,
            "enable_lni_at_device_index": 0,
            "enable_resource_name_dns_a_record_on_launch": false,
            "enable_resource_name_dns_aaaa_record_on_launch": false,
            "id": "subnet-0fec0e9eda4d586d4",
            "ipv6_cidr_block": "",
            "ipv6_cidr_block_association_id": "",
            "ipv6_native": false,
            "map_customer_owned_ip_on_launch": false,
            "map_public_ip_on_launch": false,
            "outpost_arn": "",
            "owner_id": "173549513063",
            "private_dns_hostname_type_on_launch": "ip-name",
            "tags": {
              "Environment": "dev",
              "Name": "primary-services-vpc-public-us-east-2a",
              "Terraform": "true"
            },
            "tags_all": {
              "Environment": "dev",
              "Name": "primary-services-vpc-public-us-east-2a",
              "Terraform": "true"
            },
            "timeouts": null,
            "vpc_id": "vpc-0bdfc1ec3ce3d5dfd"
          },
          "sensitive_attributes": [],
          "private": "eyJlMmJmYjczMC1lY2FhLTExZTYtOGY4OC0zNDM2M2JjN2M0YzAiOnsiY3JlYXRlIjo2MDAwMDAwMDAwMDAsImRlbGV0ZSI6MTIwMDAwMDAwMDAwMH0sInNjaGVtYV92ZXJzaW9uIjoiMSJ9",
          "dependencies": [
            "module.vpc.module.vpc.aws_vpc.this",
            "module.vpc.module.vpc.aws_vpc_ipv4_cidr_block_association.this"
          ]
        },
        {
          "index_key": 1,
          "schema_version": 1,
          "attributes": {
            "arn": "arn:aws:ec2:us-east-2:173549513063:subnet/subnet-0c197032cda2c04a7",
            "assign_ipv6_address_on_creation": false,
            "availability_zone": "us-east-2b",
            "availability_zone_id": "use2-az2",
            "cidr_block": "10.0.102.0/24",
            "customer_owned_ipv4_pool": "",
            "enable_dns64": false,
            "enable_lni_at_device_index": 0,
            "enable_resource_name_dns_a_record_on_launch": false,
            "enable_resource_name_dns_aaaa_record_on_launch": false,
            "id": "subnet-0c197032cda2c04a7",
            "ipv6_cidr_block": "",
            "ipv6_cidr_block_association_id": "",
            "ipv6_native": false,
            "map_customer_owned_ip_on_launch": false,
            "map_public_ip_on_launch": false,
            "outpost_arn": "",
            "owner_id": "173549513063",
            "private_dns_hostname_type_on_launch": "ip-name",
            "tags": {
              "Environment": "dev",
              "Name": "primary-services-vpc-public-us-east-2b",
              "Terraform": "true"
            },
            "tags_all": {
              "Environment": "dev",
              "Name": "primary-services-vpc-public-us-east-2b",
              "Terraform": "true"
            },
            "timeouts": null,
            "vpc_id": "vpc-0bdfc1ec3ce3d5dfd"
          },
          "sensitive_attributes": [],
          "private": "eyJlMmJmYjczMC1lY2FhLTExZTYtOGY4OC0zNDM2M2JjN2M0YzAiOnsiY3JlYXRlIjo2MDAwMDAwMDAwMDAsImRlbGV0ZSI6MTIwMDAwMDAwMDAwMH0sInNjaGVtYV92ZXJzaW9uIjoiMSJ9",
          "dependencies": [
            "module.vpc.module.vpc.aws_vpc.this",
            "module.vpc.module.vpc.aws_vpc_ipv4_cidr_block_association.this"
          ]
        }
      ]
    },
    {
      "module": "module.vpc.module.vpc",
      "mode": "managed",
      "type": "aws_vpc",
      "name": "this",
      "provider": "provider[\"registry.terraform.io/hashicorp/aws\"]",
      "instances": [
        {
          "index_key": 0,
          "schema_version": 1,
          "attributes": {
            "arn": "arn:aws:ec2:us-east-2:173549513063:vpc/vpc-0bdfc1ec3ce3d5dfd",
            "assign_generated_ipv6_cidr_block": false,
            "cidr_block": "10.0.0.0/16",
            "default_network_acl_id": "acl-0edbb1eff1867136b",
            "default_route_table_id": "rtb-07c7d21344d8e2261",
            "default_security_group_id": "sg-0fde84c1322fa863e",
            "dhcp_options_id": "dopt-0c95dc50aafcf8a05",
            "enable_dns_hostnames": true,
            "enable_dns_support": true,
            "enable_network_address_usage_metrics": false,
            "id": "vpc-0bdfc1ec3ce3d5dfd",
            "instance_tenancy": "default",
            "ipv4_ipam_pool_id": null,
            "ipv4_netmask_length": null,
            "ipv6_association_id": "",
            "ipv6_cidr_block": "",
            "ipv6_cidr_block_network_border_group": "",
            "ipv6_ipam_pool_id": "",
            "ipv6_netmask_length": 0,
            "main_route_table_id": "rtb-07c7d21344d8e2261",
            "owner_id": "173549513063",
            "tags": {
              "Environment": "dev",
              "Name": "primary-services-vpc",
              "Terraform": "true"
            },
            "tags_all": {
              "Environment": "dev",
              "Name": "primary-services-vpc",
              "Terraform": "true"
            }
          },
          "sensitive_attributes": [],
          "private": "eyJzY2hlbWFfdmVyc2lvbiI6IjEifQ=="
        }
      ]
    }
  ],
  "check_results": null
}
